
Microsoft Visual Studio Solution File, Format Version 12.00
# Visual Studio 14
VisualStudioVersion = 14.0.25420.1
MinimumVisualStudioVersion = 10.0.40219.1
Project("{FAE04EC0-301F-11D3-BF4B-00C04F79EFBC}") = "BlurImageEffect.Droid", "BlurImageEffect\BlurImageEffect.Droid\BlurImageEffect.Droid.csproj", "{9075B969-BE33-4FEC-9000-375985CF9850}"
EndProject
Project("{FAE04EC0-301F-11D3-BF4B-00C04F79EFBC}") = "BlurImageEffect.iOS", "BlurImageEffect\BlurImageEffect.iOS\BlurImageEffect.iOS.csproj", "{60ED9698-CE36-4ECC-9651-EE317CA48643}"
EndProject
Project("{FAE04EC0-301F-11D3-BF4B-00C04F79EFBC}") = "BlurImageEffect", "BlurImageEffect\BlurImageEffect\BlurImageEffect.csproj", "{3FA0DED5-C607-4F06-A04B-A51AC42A265E}"
EndProject
Global
	GlobalSection(SolutionConfigurationPlatforms) = preSolution
		Ad-Hoc|Any CPU = Ad-Hoc|Any CPU
		Ad-Hoc|ARM = Ad-Hoc|ARM
		Ad-Hoc|iPhone = Ad-Hoc|iPhone
		Ad-Hoc|iPhoneSimulator = Ad-Hoc|iPhoneSimulator
		Ad-Hoc|x64 = Ad-Hoc|x64
		Ad-Hoc|x86 = Ad-Hoc|x86
		AppStore|Any CPU = AppStore|Any CPU
		AppStore|ARM = AppStore|ARM
		AppStore|iPhone = AppStore|iPhone
		AppStore|iPhoneSimulator = AppStore|iPhoneSimulator
		AppStore|x64 = AppStore|x64
		AppStore|x86 = AppStore|x86
		Debug|Any CPU = Debug|Any CPU
		Debug|ARM = Debug|ARM
		Debug|iPhone = Debug|iPhone
		Debug|iPhoneSimulator = Debug|iPhoneSimulator
		Debug|x64 = Debug|x64
		Debug|x86 = Debug|x86
		Release|Any CPU = Release|Any CPU
		Release|ARM = Release|ARM
		Release|iPhone = Release|iPhone
		Release|iPhoneSimulator = Release|iPhoneSimulator
		Release|x64 = Release|x64
		Release|x86 = Release|x86
	EndGlobalSection
	GlobalSection(ProjectConfigurationPlatforms) = postSolution
		{9075B969-BE33-4FEC-9000-375985CF9850}.Ad-Hoc|Any CPU.ActiveCfg = Release|Any CPU
		{9075B969-BE33-4FEC-9000-375985CF9850}.Ad-Hoc|Any CPU.Build.0 = Release|Any CPU
		{9075B969-BE33-4FEC-9000-375985CF9850}.Ad-Hoc|Any CPU.Deploy.0 = Release|Any CPU
		{9075B969-BE33-4FEC-9000-375985CF9850}.Ad-Hoc|ARM.ActiveCfg = Release|Any CPU
		{9075B969-BE33-4FEC-9000-375985CF9850}.Ad-Hoc|ARM.Build.0 = Release|Any CPU
		{9075B969-BE33-4FEC-9000-375985CF9850}.Ad-Hoc|ARM.Deploy.0 = Release|Any CPU
		{9075B969-BE33-4FEC-9000-375985CF9850}.Ad-Hoc|iPhone.ActiveCfg = Release|Any CPU
		{9075B969-BE33-4FEC-9000-375985CF9850}.Ad-Hoc|iPhone.Build.0 = Release|Any CPU
		{9075B969-BE33-4FEC-9000-375985CF9850}.Ad-Hoc|iPhone.Deploy.0 = Release|Any CPU
		{9075B969-BE33-4FEC-9000-375985CF9850}.Ad-Hoc|iPhoneSimulator.ActiveCfg = Release|Any CPU
		{9075B969-BE33-4FEC-9000-375985CF9850}.Ad-Hoc|iPhoneSimulator.Build.0 = Release|Any CPU
		{9075B969-BE33-4FEC-9000-375985CF9850}.Ad-Hoc|iPhoneSimulator.Deploy.0 = Release|Any CPU
		{9075B969-BE33-4FEC-9000-375985CF9850}.Ad-Hoc|x64.ActiveCfg = Release|Any CPU
		{9075B969-BE33-4FEC-9000-375985CF9850}.Ad-Hoc|x64.Build.0 = Release|Any CPU
		{9075B969-BE33-4FEC-9000-375985CF9850}.Ad-Hoc|x64.Deploy.0 = Release|Any CPU
		{9075B969-BE33-4FEC-9000-375985CF9850}.Ad-Hoc|x86.ActiveCfg = Release|Any CPU
		{9075B969-BE33-4FEC-9000-375985CF9850}.Ad-Hoc|x86.Build.0 = Release|Any CPU
		{9075B969-BE33-4FEC-9000-375985CF9850}.Ad-Hoc|x86.Deploy.0 = Release|Any CPU
		{9075B969-BE33-4FEC-9000-375985CF9850}.AppStore|Any CPU.ActiveCfg = Release|Any CPU
		{9075B969-BE33-4FEC-9000-375985CF9850}.AppStore|Any CPU.Build.0 = Release|Any CPU
		{9075B969-BE33-4FEC-9000-375985CF9850}.AppStore|Any CPU.Deploy.0 = Release|Any CPU
		{9075B969-BE33-4FEC-9000-375985CF9850}.AppStore|ARM.ActiveCfg = Release|Any CPU
		{9075B969-BE33-4FEC-9000-375985CF9850}.AppStore|ARM.Build.0 = Release|Any CPU
		{9075B969-BE33-4FEC-9000-375985CF9850}.AppStore|ARM.Deploy.0 = Release|Any CPU
		{9075B969-BE33-4FEC-9000-375985CF9850}.AppStore|iPhone.ActiveCfg = Release|Any CPU
		{9075B969-BE33-4FEC-9000-375985CF9850}.AppStore|iPhone.Build.0 = Release|Any CPU
		{9075B969-BE33-4FEC-9000-375985CF9850}.AppStore|iPhone.Deploy.0 = Release|Any CPU
		{9075B969-BE33-4FEC-9000-375985CF9850}.AppStore|iPhoneSimulator.ActiveCfg = Release|Any CPU
		{9075B969-BE33-4FEC-9000-375985CF9850}.AppStore|iPhoneSimulator.Build.0 = Release|Any CPU
		{9075B969-BE33-4FEC-9000-375985CF9850}.AppStore|iPhoneSimulator.Deploy.0 = Release|Any CPU
		{9075B969-BE33-4FEC-9000-375985CF9850}.AppStore|x64.ActiveCfg = Release|Any CPU
		{9075B969-BE33-4FEC-9000-375985CF9850}.AppStore|x64.Build.0 = Release|Any CPU
		{9075B969-BE33-4FEC-9000-375985CF9850}.AppStore|x64.Deploy.0 = Release|Any CPU
		{9075B969-BE33-4FEC-9000-375985CF9850}.AppStore|x86.ActiveCfg = Release|Any CPU
		{9075B969-BE33-4FEC-9000-375985CF9850}.AppStore|x86.Build.0 = Release|Any CPU
		{9075B969-BE33-4FEC-9000-375985CF9850}.AppStore|x86.Deploy.0 = Release|Any CPU
		{9075B969-BE33-4FEC-9000-375985CF9850}.Debug|Any CPU.ActiveCfg = Debug|Any CPU
		{9075B969-BE33-4FEC-9000-375985CF9850}.Debug|Any CPU.Build.0 = Debug|Any CPU
		{9075B969-BE33-4FEC-9000-375985CF9850}.Debug|Any CPU.Deploy.0 = Debug|Any CPU
		{9075B969-BE33-4FEC-9000-375985CF9850}.Debug|ARM.ActiveCfg = Debug|Any CPU
		{9075B969-BE33-4FEC-9000-375985CF9850}.Debug|ARM.Build.0 = Debug|Any CPU
		{9075B969-BE33-4FEC-9000-375985CF9850}.Debug|ARM.Deploy.0 = Debug|Any CPU
		{9075B969-BE33-4FEC-9000-375985CF9850}.Debug|iPhone.ActiveCfg = Debug|Any CPU
		{9075B969-BE33-4FEC-9000-375985CF9850}.Debug|iPhone.Build.0 = Debug|Any CPU
		{9075B969-BE33-4FEC-9000-375985CF9850}.Debug|iPhone.Deploy.0 = Debug|Any CPU
		{9075B969-BE33-4FEC-9000-375985CF9850}.Debug|iPhoneSimulator.ActiveCfg = Debug|Any CPU
		{9075B969-BE33-4FEC-9000-375985CF9850}.Debug|iPhoneSimulator.Build.0 = Debug|Any CPU
		{9075B969-BE33-4FEC-9000-375985CF9850}.Debug|iPhoneSimulator.Deploy.0 = Debug|Any CPU
		{9075B969-BE33-4FEC-9000-375985CF9850}.Debug|x64.ActiveCfg = Debug|Any CPU
		{9075B969-BE33-4FEC-9000-375985CF9850}.Debug|x64.Build.0 = Debug|Any CPU
		{9075B969-BE33-4FEC-9000-375985CF9850}.Debug|x64.Deploy.0 = Debug|Any CPU
		{9075B969-BE33-4FEC-9000-375985CF9850}.Debug|x86.ActiveCfg = Debug|Any CPU
		{9075B969-BE33-4FEC-9000-375985CF9850}.Debug|x86.Build.0 = Debug|Any CPU
		{9075B969-BE33-4FEC-9000-375985CF9850}.Debug|x86.Deploy.0 = Debug|Any CPU
		{9075B969-BE33-4FEC-9000-375985CF9850}.Release|Any CPU.ActiveCfg = Release|Any CPU
		{9075B969-BE33-4FEC-9000-375985CF9850}.Release|Any CPU.Build.0 = Release|Any CPU
		{9075B969-BE33-4FEC-9000-375985CF9850}.Release|Any CPU.Deploy.0 = Release|Any CPU
		{9075B969-BE33-4FEC-9000-375985CF9850}.Release|ARM.ActiveCfg = Release|Any CPU
		{9075B969-BE33-4FEC-9000-375985CF9850}.Release|ARM.Build.0 = Release|Any CPU
		{9075B969-BE33-4FEC-9000-375985CF9850}.Release|ARM.Deploy.0 = Release|Any CPU
		{9075B969-BE33-4FEC-9000-375985CF9850}.Release|iPhone.ActiveCfg = Release|Any CPU
		{9075B969-BE33-4FEC-9000-375985CF9850}.Release|iPhone.Build.0 = Release|Any CPU
		{9075B969-BE33-4FEC-9000-375985CF9850}.Release|iPhone.Deploy.0 = Release|Any CPU
		{9075B969-BE33-4FEC-9000-375985CF9850}.Release|iPhoneSimulator.ActiveCfg = Release|Any CPU
		{9075B969-BE33-4FEC-9000-375985CF9850}.Release|iPhoneSimulator.Build.0 = Release|Any CPU
		{9075B969-BE33-4FEC-9000-375985CF9850}.Release|iPhoneSimulator.Deploy.0 = Release|Any CPU
		{9075B969-BE33-4FEC-9000-375985CF9850}.Release|x64.ActiveCfg = Release|Any CPU
		{9075B969-BE33-4FEC-9000-375985CF9850}.Release|x64.Build.0 = Release|Any CPU
		{9075B969-BE33-4FEC-9000-375985CF9850}.Release|x64.Deploy.0 = Release|Any CPU
		{9075B969-BE33-4FEC-9000-375985CF9850}.Release|x86.ActiveCfg = Release|Any CPU
		{9075B969-BE33-4FEC-9000-375985CF9850}.Release|x86.Build.0 = Release|Any CPU
		{9075B969-BE33-4FEC-9000-375985CF9850}.Release|x86.Deploy.0 = Release|Any CPU
		{60ED9698-CE36-4ECC-9651-EE317CA48643}.Ad-Hoc|Any CPU.ActiveCfg = Ad-Hoc|iPhone
		{60ED9698-CE36-4ECC-9651-EE317CA48643}.Ad-Hoc|ARM.ActiveCfg = Ad-Hoc|iPhone
		{60ED9698-CE36-4ECC-9651-EE317CA48643}.Ad-Hoc|iPhone.ActiveCfg = Ad-Hoc|iPhone
		{60ED9698-CE36-4ECC-9651-EE317CA48643}.Ad-Hoc|iPhone.Build.0 = Ad-Hoc|iPhone
		{60ED9698-CE36-4ECC-9651-EE317CA48643}.Ad-Hoc|iPhoneSimulator.ActiveCfg = Ad-Hoc|iPhoneSimulator
		{60ED9698-CE36-4ECC-9651-EE317CA48643}.Ad-Hoc|iPhoneSimulator.Build.0 = Ad-Hoc|iPhoneSimulator
		{60ED9698-CE36-4ECC-9651-EE317CA48643}.Ad-Hoc|x64.ActiveCfg = Ad-Hoc|iPhone
		{60ED9698-CE36-4ECC-9651-EE317CA48643}.Ad-Hoc|x86.ActiveCfg = Ad-Hoc|iPhone
		{60ED9698-CE36-4ECC-9651-EE317CA48643}.AppStore|Any CPU.ActiveCfg = AppStore|iPhone
		{60ED9698-CE36-4ECC-9651-EE317CA48643}.AppStore|ARM.ActiveCfg = AppStore|iPhone
		{60ED9698-CE36-4ECC-9651-EE317CA48643}.AppStore|iPhone.ActiveCfg = AppStore|iPhone
		{60ED9698-CE36-4ECC-9651-EE317CA48643}.AppStore|iPhone.Build.0 = AppStore|iPhone
		{60ED9698-CE36-4ECC-9651-EE317CA48643}.AppStore|iPhoneSimulator.ActiveCfg = AppStore|iPhoneSimulator
		{60ED9698-CE36-4ECC-9651-EE317CA48643}.AppStore|iPhoneSimulator.Build.0 = AppStore|iPhoneSimulator
		{60ED9698-CE36-4ECC-9651-EE317CA48643}.AppStore|x64.ActiveCfg = AppStore|iPhone
		{60ED9698-CE36-4ECC-9651-EE317CA48643}.AppStore|x86.ActiveCfg = AppStore|iPhone
		{60ED9698-CE36-4ECC-9651-EE317CA48643}.Debug|Any CPU.ActiveCfg = Debug|iPhone
		{60ED9698-CE36-4ECC-9651-EE317CA48643}.Debug|Any CPU.Build.0 = Debug|iPhone
		{60ED9698-CE36-4ECC-9651-EE317CA48643}.Debug|ARM.ActiveCfg = Debug|iPhone
		{60ED9698-CE36-4ECC-9651-EE317CA48643}.Debug|iPhone.ActiveCfg = Debug|iPhone
		{60ED9698-CE36-4ECC-9651-EE317CA48643}.Debug|iPhone.Build.0 = Debug|iPhone
		{60ED9698-CE36-4ECC-9651-EE317CA48643}.Debug|iPhoneSimulator.ActiveCfg = Debug|iPhoneSimulator
		{60ED9698-CE36-4ECC-9651-EE317CA48643}.Debug|iPhoneSimulator.Build.0 = Debug|iPhoneSimulator
		{60ED9698-CE36-4ECC-9651-EE317CA48643}.Debug|x64.ActiveCfg = Debug|iPhone
		{60ED9698-CE36-4ECC-9651-EE317CA48643}.Debug|x86.ActiveCfg = Debug|iPhone
		{60ED9698-CE36-4ECC-9651-EE317CA48643}.Release|Any CPU.ActiveCfg = Release|iPhone
		{60ED9698-CE36-4ECC-9651-EE317CA48643}.Release|ARM.ActiveCfg = Release|iPhone
		{60ED9698-CE36-4ECC-9651-EE317CA48643}.Release|iPhone.ActiveCfg = Release|iPhone
		{60ED9698-CE36-4ECC-9651-EE317CA48643}.Release|iPhone.Build.0 = Release|iPhone
		{60ED9698-CE36-4ECC-9651-EE317CA48643}.Release|iPhoneSimulator.ActiveCfg = Release|iPhoneSimulator
		{60ED9698-CE36-4ECC-9651-EE317CA48643}.Release|iPhoneSimulator.Build.0 = Release|iPhoneSimulator
		{60ED9698-CE36-4ECC-9651-EE317CA48643}.Release|x64.ActiveCfg = Release|iPhone
		{60ED9698-CE36-4ECC-9651-EE317CA48643}.Release|x86.ActiveCfg = Release|iPhone
		{3FA0DED5-C607-4F06-A04B-A51AC42A265E}.Ad-Hoc|Any CPU.ActiveCfg = Release|Any CPU
		{3FA0DED5-C607-4F06-A04B-A51AC42A265E}.Ad-Hoc|Any CPU.Build.0 = Release|Any CPU
		{3FA0DED5-C607-4F06-A04B-A51AC42A265E}.Ad-Hoc|ARM.ActiveCfg = Release|Any CPU
		{3FA0DED5-C607-4F06-A04B-A51AC42A265E}.Ad-Hoc|ARM.Build.0 = Release|Any CPU
		{3FA0DED5-C607-4F06-A04B-A51AC42A265E}.Ad-Hoc|iPhone.ActiveCfg = Release|Any CPU
		{3FA0DED5-C607-4F06-A04B-A51AC42A265E}.Ad-Hoc|iPhone.Build.0 = Release|Any CPU
		{3FA0DED5-C607-4F06-A04B-A51AC42A265E}.Ad-Hoc|iPhoneSimulator.ActiveCfg = Release|Any CPU
		{3FA0DED5-C607-4F06-A04B-A51AC42A265E}.Ad-Hoc|iPhoneSimulator.Build.0 = Release|Any CPU
		{3FA0DED5-C607-4F06-A04B-A51AC42A265E}.Ad-Hoc|x64.ActiveCfg = Release|Any CPU
		{3FA0DED5-C607-4F06-A04B-A51AC42A265E}.Ad-Hoc|x64.Build.0 = Release|Any CPU
		{3FA0DED5-C607-4F06-A04B-A51AC42A265E}.Ad-Hoc|x86.ActiveCfg = Release|Any CPU
		{3FA0DED5-C607-4F06-A04B-A51AC42A265E}.Ad-Hoc|x86.Build.0 = Release|Any CPU
		{3FA0DED5-C607-4F06-A04B-A51AC42A265E}.AppStore|Any CPU.ActiveCfg = Release|Any CPU
		{3FA0DED5-C607-4F06-A04B-A51AC42A265E}.AppStore|Any CPU.Build.0 = Release|Any CPU
		{3FA0DED5-C607-4F06-A04B-A51AC42A265E}.AppStore|ARM.ActiveCfg = Release|Any CPU
		{3FA0DED5-C607-4F06-A04B-A51AC42A265E}.AppStore|ARM.Build.0 = Release|Any CPU
		{3FA0DED5-C607-4F06-A04B-A51AC42A265E}.AppStore|iPhone.ActiveCfg = Release|Any CPU
		{3FA0DED5-C607-4F06-A04B-A51AC42A265E}.AppStore|iPhone.Build.0 = Release|Any CPU
		{3FA0DED5-C607-4F06-A04B-A51AC42A265E}.AppStore|iPhoneSimulator.ActiveCfg = Release|Any CPU
		{3FA0DED5-C607-4F06-A04B-A51AC42A265E}.AppStore|iPhoneSimulator.Build.0 = Release|Any CPU
		{3FA0DED5-C607-4F06-A04B-A51AC42A265E}.AppStore|x64.ActiveCfg = Release|Any CPU
		{3FA0DED5-C607-4F06-A04B-A51AC42A265E}.AppStore|x64.Build.0 = Release|Any CPU
		{3FA0DED5-C607-4F06-A04B-A51AC42A265E}.AppStore|x86.ActiveCfg = Release|Any CPU
		{3FA0DED5-C607-4F06-A04B-A51AC42A265E}.AppStore|x86.Build.0 = Release|Any CPU
		{3FA0DED5-C607-4F06-A04B-A51AC42A265E}.Debug|Any CPU.ActiveCfg = Debug|Any CPU
		{3FA0DED5-C607-4F06-A04B-A51AC42A265E}.Debug|Any CPU.Build.0 = Debug|Any CPU
		{3FA0DED5-C607-4F06-A04B-A51AC42A265E}.Debug|ARM.ActiveCfg = Debug|Any CPU
		{3FA0DED5-C607-4F06-A04B-A51AC42A265E}.Debug|ARM.Build.0 = Debug|Any CPU
		{3FA0DED5-C607-4F06-A04B-A51AC42A265E}.Debug|iPhone.ActiveCfg = Debug|Any CPU
		{3FA0DED5-C607-4F06-A04B-A51AC42A265E}.Debug|iPhone.Build.0 = Debug|Any CPU
		{3FA0DED5-C607-4F06-A04B-A51AC42A265E}.Debug|iPhoneSimulator.ActiveCfg = Debug|Any CPU
		{3FA0DED5-C607-4F06-A04B-A51AC42A265E}.Debug|iPhoneSimulator.Build.0 = Debug|Any CPU
		{3FA0DED5-C607-4F06-A04B-A51AC42A265E}.Debug|x64.ActiveCfg = Debug|Any CPU
		{3FA0DED5-C607-4F06-A04B-A51AC42A265E}.Debug|x64.Build.0 = Debug|Any CPU
		{3FA0DED5-C607-4F06-A04B-A51AC42A265E}.Debug|x86.ActiveCfg = Debug|Any CPU
		{3FA0DED5-C607-4F06-A04B-A51AC42A265E}.Debug|x86.Build.0 = Debug|Any CPU
		{3FA0DED5-C607-4F06-A04B-A51AC42A265E}.Release|Any CPU.ActiveCfg = Release|Any CPU
		{3FA0DED5-C607-4F06-A04B-A51AC42A265E}.Release|Any CPU.Build.0 = Release|Any CPU
		{3FA0DED5-C607-4F06-A04B-A51AC42A265E}.Release|ARM.ActiveCfg = Release|Any CPU
		{3FA0DED5-C607-4F06-A04B-A51AC42A265E}.Release|ARM.Build.0 = Release|Any CPU
		{3FA0DED5-C607-4F06-A04B-A51AC42A265E}.Release|iPhone.ActiveCfg = Release|Any CPU
		{3FA0DED5-C607-4F06-A04B-A51AC42A265E}.Release|iPhone.Build.0 = Release|Any CPU
		{3FA0DED5-C607-4F06-A04B-A51AC42A265E}.Release|iPhoneSimulator.ActiveCfg = Release|Any CPU
		{3FA0DED5-C607-4F06-A04B-A51AC42A265E}.Release|iPhoneSimulator.Build.0 = Release|Any CPU
		{3FA0DED5-C607-4F06-A04B-A51AC42A265E}.Release|x64.ActiveCfg = Release|Any CPU
		{3FA0DED5-C607-4F06-A04B-A51AC42A265E}.Release|x64.Build.0 = Release|Any CPU
		{3FA0DED5-C607-4F06-A04B-A51AC42A265E}.Release|x86.ActiveCfg = Release|Any CPU
		{3FA0DED5-C607-4F06-A04B-A51AC42A265E}.Release|x86.Build.0 = Release|Any CPU
	EndGlobalSection
	GlobalSection(SolutionProperties) = preSolution
		HideSolutionNode = FALSE
	EndGlobalSection
EndGlobal
