
Microsoft Visual Studio Solution File, Format Version 12.00
# Visual Studio 14
VisualStudioVersion = 14.0.25420.1
MinimumVisualStudioVersion = 10.0.40219.1
Project("{FAE04EC0-301F-11D3-BF4B-00C04F79EFBC}") = "XamarinFormsLocalization.Android", "XamarinFormsLocalization\XamarinFormsLocalization.Android\XamarinFormsLocalization.Android.csproj", "{0020F5AB-76DF-45A5-BBFF-3AECED63321C}"
EndProject
Project("{FAE04EC0-301F-11D3-BF4B-00C04F79EFBC}") = "XamarinFormsLocalization", "XamarinFormsLocalization\XamarinFormsLocalization\XamarinFormsLocalization.csproj", "{B7776F92-7C66-4EC3-89FD-DF55C614D2A3}"
EndProject
Project("{FAE04EC0-301F-11D3-BF4B-00C04F79EFBC}") = "XamarinFormsLocalization.UWP", "XamarinFormsLocalization\XamarinFormsLocalization.UWP\XamarinFormsLocalization.UWP.csproj", "{35477AAF-FB4B-4360-A2C2-F98ACD6180CB}"
EndProject
Project("{FAE04EC0-301F-11D3-BF4B-00C04F79EFBC}") = "XamarinFormsLocalization.iOS", "XamarinFormsLocalization\XamarinFormsLocalization.iOS\XamarinFormsLocalization.iOS.csproj", "{4FFD38DC-C856-4762-8CFA-CAA8A4CE348A}"
EndProject
Global
	GlobalSection(SolutionConfigurationPlatforms) = preSolution
		Ad-Hoc|Any CPU = Ad-Hoc|Any CPU
		Ad-Hoc|ARM = Ad-Hoc|ARM
		Ad-Hoc|iPhone = Ad-Hoc|iPhone
		Ad-Hoc|iPhoneSimulator = Ad-Hoc|iPhoneSimulator
		Ad-Hoc|x64 = Ad-Hoc|x64
		Ad-Hoc|x86 = Ad-Hoc|x86
		AppStore|Any CPU = AppStore|Any CPU
		AppStore|ARM = AppStore|ARM
		AppStore|iPhone = AppStore|iPhone
		AppStore|iPhoneSimulator = AppStore|iPhoneSimulator
		AppStore|x64 = AppStore|x64
		AppStore|x86 = AppStore|x86
		Debug|Any CPU = Debug|Any CPU
		Debug|ARM = Debug|ARM
		Debug|iPhone = Debug|iPhone
		Debug|iPhoneSimulator = Debug|iPhoneSimulator
		Debug|x64 = Debug|x64
		Debug|x86 = Debug|x86
		Release|Any CPU = Release|Any CPU
		Release|ARM = Release|ARM
		Release|iPhone = Release|iPhone
		Release|iPhoneSimulator = Release|iPhoneSimulator
		Release|x64 = Release|x64
		Release|x86 = Release|x86
	EndGlobalSection
	GlobalSection(ProjectConfigurationPlatforms) = postSolution
		{0020F5AB-76DF-45A5-BBFF-3AECED63321C}.Ad-Hoc|Any CPU.ActiveCfg = Release|Any CPU
		{0020F5AB-76DF-45A5-BBFF-3AECED63321C}.Ad-Hoc|Any CPU.Build.0 = Release|Any CPU
		{0020F5AB-76DF-45A5-BBFF-3AECED63321C}.Ad-Hoc|Any CPU.Deploy.0 = Release|Any CPU
		{0020F5AB-76DF-45A5-BBFF-3AECED63321C}.Ad-Hoc|ARM.ActiveCfg = Release|Any CPU
		{0020F5AB-76DF-45A5-BBFF-3AECED63321C}.Ad-Hoc|ARM.Build.0 = Release|Any CPU
		{0020F5AB-76DF-45A5-BBFF-3AECED63321C}.Ad-Hoc|ARM.Deploy.0 = Release|Any CPU
		{0020F5AB-76DF-45A5-BBFF-3AECED63321C}.Ad-Hoc|iPhone.ActiveCfg = Release|Any CPU
		{0020F5AB-76DF-45A5-BBFF-3AECED63321C}.Ad-Hoc|iPhone.Build.0 = Release|Any CPU
		{0020F5AB-76DF-45A5-BBFF-3AECED63321C}.Ad-Hoc|iPhone.Deploy.0 = Release|Any CPU
		{0020F5AB-76DF-45A5-BBFF-3AECED63321C}.Ad-Hoc|iPhoneSimulator.ActiveCfg = Release|Any CPU
		{0020F5AB-76DF-45A5-BBFF-3AECED63321C}.Ad-Hoc|iPhoneSimulator.Build.0 = Release|Any CPU
		{0020F5AB-76DF-45A5-BBFF-3AECED63321C}.Ad-Hoc|iPhoneSimulator.Deploy.0 = Release|Any CPU
		{0020F5AB-76DF-45A5-BBFF-3AECED63321C}.Ad-Hoc|x64.ActiveCfg = Release|Any CPU
		{0020F5AB-76DF-45A5-BBFF-3AECED63321C}.Ad-Hoc|x64.Build.0 = Release|Any CPU
		{0020F5AB-76DF-45A5-BBFF-3AECED63321C}.Ad-Hoc|x64.Deploy.0 = Release|Any CPU
		{0020F5AB-76DF-45A5-BBFF-3AECED63321C}.Ad-Hoc|x86.ActiveCfg = Release|Any CPU
		{0020F5AB-76DF-45A5-BBFF-3AECED63321C}.Ad-Hoc|x86.Build.0 = Release|Any CPU
		{0020F5AB-76DF-45A5-BBFF-3AECED63321C}.Ad-Hoc|x86.Deploy.0 = Release|Any CPU
		{0020F5AB-76DF-45A5-BBFF-3AECED63321C}.AppStore|Any CPU.ActiveCfg = Release|Any CPU
		{0020F5AB-76DF-45A5-BBFF-3AECED63321C}.AppStore|Any CPU.Build.0 = Release|Any CPU
		{0020F5AB-76DF-45A5-BBFF-3AECED63321C}.AppStore|Any CPU.Deploy.0 = Release|Any CPU
		{0020F5AB-76DF-45A5-BBFF-3AECED63321C}.AppStore|ARM.ActiveCfg = Release|Any CPU
		{0020F5AB-76DF-45A5-BBFF-3AECED63321C}.AppStore|ARM.Build.0 = Release|Any CPU
		{0020F5AB-76DF-45A5-BBFF-3AECED63321C}.AppStore|ARM.Deploy.0 = Release|Any CPU
		{0020F5AB-76DF-45A5-BBFF-3AECED63321C}.AppStore|iPhone.ActiveCfg = Release|Any CPU
		{0020F5AB-76DF-45A5-BBFF-3AECED63321C}.AppStore|iPhone.Build.0 = Release|Any CPU
		{0020F5AB-76DF-45A5-BBFF-3AECED63321C}.AppStore|iPhone.Deploy.0 = Release|Any CPU
		{0020F5AB-76DF-45A5-BBFF-3AECED63321C}.AppStore|iPhoneSimulator.ActiveCfg = Release|Any CPU
		{0020F5AB-76DF-45A5-BBFF-3AECED63321C}.AppStore|iPhoneSimulator.Build.0 = Release|Any CPU
		{0020F5AB-76DF-45A5-BBFF-3AECED63321C}.AppStore|iPhoneSimulator.Deploy.0 = Release|Any CPU
		{0020F5AB-76DF-45A5-BBFF-3AECED63321C}.AppStore|x64.ActiveCfg = Release|Any CPU
		{0020F5AB-76DF-45A5-BBFF-3AECED63321C}.AppStore|x64.Build.0 = Release|Any CPU
		{0020F5AB-76DF-45A5-BBFF-3AECED63321C}.AppStore|x64.Deploy.0 = Release|Any CPU
		{0020F5AB-76DF-45A5-BBFF-3AECED63321C}.AppStore|x86.ActiveCfg = Release|Any CPU
		{0020F5AB-76DF-45A5-BBFF-3AECED63321C}.AppStore|x86.Build.0 = Release|Any CPU
		{0020F5AB-76DF-45A5-BBFF-3AECED63321C}.AppStore|x86.Deploy.0 = Release|Any CPU
		{0020F5AB-76DF-45A5-BBFF-3AECED63321C}.Debug|Any CPU.ActiveCfg = Debug|Any CPU
		{0020F5AB-76DF-45A5-BBFF-3AECED63321C}.Debug|Any CPU.Build.0 = Debug|Any CPU
		{0020F5AB-76DF-45A5-BBFF-3AECED63321C}.Debug|Any CPU.Deploy.0 = Debug|Any CPU
		{0020F5AB-76DF-45A5-BBFF-3AECED63321C}.Debug|ARM.ActiveCfg = Debug|Any CPU
		{0020F5AB-76DF-45A5-BBFF-3AECED63321C}.Debug|ARM.Build.0 = Debug|Any CPU
		{0020F5AB-76DF-45A5-BBFF-3AECED63321C}.Debug|ARM.Deploy.0 = Debug|Any CPU
		{0020F5AB-76DF-45A5-BBFF-3AECED63321C}.Debug|iPhone.ActiveCfg = Debug|Any CPU
		{0020F5AB-76DF-45A5-BBFF-3AECED63321C}.Debug|iPhone.Build.0 = Debug|Any CPU
		{0020F5AB-76DF-45A5-BBFF-3AECED63321C}.Debug|iPhone.Deploy.0 = Debug|Any CPU
		{0020F5AB-76DF-45A5-BBFF-3AECED63321C}.Debug|iPhoneSimulator.ActiveCfg = Debug|Any CPU
		{0020F5AB-76DF-45A5-BBFF-3AECED63321C}.Debug|iPhoneSimulator.Build.0 = Debug|Any CPU
		{0020F5AB-76DF-45A5-BBFF-3AECED63321C}.Debug|iPhoneSimulator.Deploy.0 = Debug|Any CPU
		{0020F5AB-76DF-45A5-BBFF-3AECED63321C}.Debug|x64.ActiveCfg = Debug|Any CPU
		{0020F5AB-76DF-45A5-BBFF-3AECED63321C}.Debug|x64.Build.0 = Debug|Any CPU
		{0020F5AB-76DF-45A5-BBFF-3AECED63321C}.Debug|x64.Deploy.0 = Debug|Any CPU
		{0020F5AB-76DF-45A5-BBFF-3AECED63321C}.Debug|x86.ActiveCfg = Debug|Any CPU
		{0020F5AB-76DF-45A5-BBFF-3AECED63321C}.Debug|x86.Build.0 = Debug|Any CPU
		{0020F5AB-76DF-45A5-BBFF-3AECED63321C}.Debug|x86.Deploy.0 = Debug|Any CPU
		{0020F5AB-76DF-45A5-BBFF-3AECED63321C}.Release|Any CPU.ActiveCfg = Release|Any CPU
		{0020F5AB-76DF-45A5-BBFF-3AECED63321C}.Release|Any CPU.Build.0 = Release|Any CPU
		{0020F5AB-76DF-45A5-BBFF-3AECED63321C}.Release|Any CPU.Deploy.0 = Release|Any CPU
		{0020F5AB-76DF-45A5-BBFF-3AECED63321C}.Release|ARM.ActiveCfg = Release|Any CPU
		{0020F5AB-76DF-45A5-BBFF-3AECED63321C}.Release|ARM.Build.0 = Release|Any CPU
		{0020F5AB-76DF-45A5-BBFF-3AECED63321C}.Release|ARM.Deploy.0 = Release|Any CPU
		{0020F5AB-76DF-45A5-BBFF-3AECED63321C}.Release|iPhone.ActiveCfg = Release|Any CPU
		{0020F5AB-76DF-45A5-BBFF-3AECED63321C}.Release|iPhone.Build.0 = Release|Any CPU
		{0020F5AB-76DF-45A5-BBFF-3AECED63321C}.Release|iPhone.Deploy.0 = Release|Any CPU
		{0020F5AB-76DF-45A5-BBFF-3AECED63321C}.Release|iPhoneSimulator.ActiveCfg = Release|Any CPU
		{0020F5AB-76DF-45A5-BBFF-3AECED63321C}.Release|iPhoneSimulator.Build.0 = Release|Any CPU
		{0020F5AB-76DF-45A5-BBFF-3AECED63321C}.Release|iPhoneSimulator.Deploy.0 = Release|Any CPU
		{0020F5AB-76DF-45A5-BBFF-3AECED63321C}.Release|x64.ActiveCfg = Release|Any CPU
		{0020F5AB-76DF-45A5-BBFF-3AECED63321C}.Release|x64.Build.0 = Release|Any CPU
		{0020F5AB-76DF-45A5-BBFF-3AECED63321C}.Release|x64.Deploy.0 = Release|Any CPU
		{0020F5AB-76DF-45A5-BBFF-3AECED63321C}.Release|x86.ActiveCfg = Release|Any CPU
		{0020F5AB-76DF-45A5-BBFF-3AECED63321C}.Release|x86.Build.0 = Release|Any CPU
		{0020F5AB-76DF-45A5-BBFF-3AECED63321C}.Release|x86.Deploy.0 = Release|Any CPU
		{B7776F92-7C66-4EC3-89FD-DF55C614D2A3}.Ad-Hoc|Any CPU.ActiveCfg = Release|Any CPU
		{B7776F92-7C66-4EC3-89FD-DF55C614D2A3}.Ad-Hoc|Any CPU.Build.0 = Release|Any CPU
		{B7776F92-7C66-4EC3-89FD-DF55C614D2A3}.Ad-Hoc|ARM.ActiveCfg = Release|Any CPU
		{B7776F92-7C66-4EC3-89FD-DF55C614D2A3}.Ad-Hoc|ARM.Build.0 = Release|Any CPU
		{B7776F92-7C66-4EC3-89FD-DF55C614D2A3}.Ad-Hoc|iPhone.ActiveCfg = Release|Any CPU
		{B7776F92-7C66-4EC3-89FD-DF55C614D2A3}.Ad-Hoc|iPhone.Build.0 = Release|Any CPU
		{B7776F92-7C66-4EC3-89FD-DF55C614D2A3}.Ad-Hoc|iPhoneSimulator.ActiveCfg = Release|Any CPU
		{B7776F92-7C66-4EC3-89FD-DF55C614D2A3}.Ad-Hoc|iPhoneSimulator.Build.0 = Release|Any CPU
		{B7776F92-7C66-4EC3-89FD-DF55C614D2A3}.Ad-Hoc|x64.ActiveCfg = Release|Any CPU
		{B7776F92-7C66-4EC3-89FD-DF55C614D2A3}.Ad-Hoc|x64.Build.0 = Release|Any CPU
		{B7776F92-7C66-4EC3-89FD-DF55C614D2A3}.Ad-Hoc|x86.ActiveCfg = Release|Any CPU
		{B7776F92-7C66-4EC3-89FD-DF55C614D2A3}.Ad-Hoc|x86.Build.0 = Release|Any CPU
		{B7776F92-7C66-4EC3-89FD-DF55C614D2A3}.AppStore|Any CPU.ActiveCfg = Release|Any CPU
		{B7776F92-7C66-4EC3-89FD-DF55C614D2A3}.AppStore|Any CPU.Build.0 = Release|Any CPU
		{B7776F92-7C66-4EC3-89FD-DF55C614D2A3}.AppStore|ARM.ActiveCfg = Release|Any CPU
		{B7776F92-7C66-4EC3-89FD-DF55C614D2A3}.AppStore|ARM.Build.0 = Release|Any CPU
		{B7776F92-7C66-4EC3-89FD-DF55C614D2A3}.AppStore|iPhone.ActiveCfg = Release|Any CPU
		{B7776F92-7C66-4EC3-89FD-DF55C614D2A3}.AppStore|iPhone.Build.0 = Release|Any CPU
		{B7776F92-7C66-4EC3-89FD-DF55C614D2A3}.AppStore|iPhoneSimulator.ActiveCfg = Release|Any CPU
		{B7776F92-7C66-4EC3-89FD-DF55C614D2A3}.AppStore|iPhoneSimulator.Build.0 = Release|Any CPU
		{B7776F92-7C66-4EC3-89FD-DF55C614D2A3}.AppStore|x64.ActiveCfg = Release|Any CPU
		{B7776F92-7C66-4EC3-89FD-DF55C614D2A3}.AppStore|x64.Build.0 = Release|Any CPU
		{B7776F92-7C66-4EC3-89FD-DF55C614D2A3}.AppStore|x86.ActiveCfg = Release|Any CPU
		{B7776F92-7C66-4EC3-89FD-DF55C614D2A3}.AppStore|x86.Build.0 = Release|Any CPU
		{B7776F92-7C66-4EC3-89FD-DF55C614D2A3}.Debug|Any CPU.ActiveCfg = Debug|Any CPU
		{B7776F92-7C66-4EC3-89FD-DF55C614D2A3}.Debug|Any CPU.Build.0 = Debug|Any CPU
		{B7776F92-7C66-4EC3-89FD-DF55C614D2A3}.Debug|ARM.ActiveCfg = Debug|Any CPU
		{B7776F92-7C66-4EC3-89FD-DF55C614D2A3}.Debug|ARM.Build.0 = Debug|Any CPU
		{B7776F92-7C66-4EC3-89FD-DF55C614D2A3}.Debug|iPhone.ActiveCfg = Debug|Any CPU
		{B7776F92-7C66-4EC3-89FD-DF55C614D2A3}.Debug|iPhone.Build.0 = Debug|Any CPU
		{B7776F92-7C66-4EC3-89FD-DF55C614D2A3}.Debug|iPhoneSimulator.ActiveCfg = Debug|Any CPU
		{B7776F92-7C66-4EC3-89FD-DF55C614D2A3}.Debug|iPhoneSimulator.Build.0 = Debug|Any CPU
		{B7776F92-7C66-4EC3-89FD-DF55C614D2A3}.Debug|x64.ActiveCfg = Debug|Any CPU
		{B7776F92-7C66-4EC3-89FD-DF55C614D2A3}.Debug|x64.Build.0 = Debug|Any CPU
		{B7776F92-7C66-4EC3-89FD-DF55C614D2A3}.Debug|x86.ActiveCfg = Debug|Any CPU
		{B7776F92-7C66-4EC3-89FD-DF55C614D2A3}.Debug|x86.Build.0 = Debug|Any CPU
		{B7776F92-7C66-4EC3-89FD-DF55C614D2A3}.Release|Any CPU.ActiveCfg = Release|Any CPU
		{B7776F92-7C66-4EC3-89FD-DF55C614D2A3}.Release|Any CPU.Build.0 = Release|Any CPU
		{B7776F92-7C66-4EC3-89FD-DF55C614D2A3}.Release|ARM.ActiveCfg = Release|Any CPU
		{B7776F92-7C66-4EC3-89FD-DF55C614D2A3}.Release|ARM.Build.0 = Release|Any CPU
		{B7776F92-7C66-4EC3-89FD-DF55C614D2A3}.Release|iPhone.ActiveCfg = Release|Any CPU
		{B7776F92-7C66-4EC3-89FD-DF55C614D2A3}.Release|iPhone.Build.0 = Release|Any CPU
		{B7776F92-7C66-4EC3-89FD-DF55C614D2A3}.Release|iPhoneSimulator.ActiveCfg = Release|Any CPU
		{B7776F92-7C66-4EC3-89FD-DF55C614D2A3}.Release|iPhoneSimulator.Build.0 = Release|Any CPU
		{B7776F92-7C66-4EC3-89FD-DF55C614D2A3}.Release|x64.ActiveCfg = Release|Any CPU
		{B7776F92-7C66-4EC3-89FD-DF55C614D2A3}.Release|x64.Build.0 = Release|Any CPU
		{B7776F92-7C66-4EC3-89FD-DF55C614D2A3}.Release|x86.ActiveCfg = Release|Any CPU
		{B7776F92-7C66-4EC3-89FD-DF55C614D2A3}.Release|x86.Build.0 = Release|Any CPU
		{35477AAF-FB4B-4360-A2C2-F98ACD6180CB}.Ad-Hoc|Any CPU.ActiveCfg = Release|x86
		{35477AAF-FB4B-4360-A2C2-F98ACD6180CB}.Ad-Hoc|Any CPU.Build.0 = Release|x86
		{35477AAF-FB4B-4360-A2C2-F98ACD6180CB}.Ad-Hoc|Any CPU.Deploy.0 = Release|x86
		{35477AAF-FB4B-4360-A2C2-F98ACD6180CB}.Ad-Hoc|ARM.ActiveCfg = Release|ARM
		{35477AAF-FB4B-4360-A2C2-F98ACD6180CB}.Ad-Hoc|ARM.Build.0 = Release|ARM
		{35477AAF-FB4B-4360-A2C2-F98ACD6180CB}.Ad-Hoc|ARM.Deploy.0 = Release|ARM
		{35477AAF-FB4B-4360-A2C2-F98ACD6180CB}.Ad-Hoc|iPhone.ActiveCfg = Release|x86
		{35477AAF-FB4B-4360-A2C2-F98ACD6180CB}.Ad-Hoc|iPhone.Build.0 = Release|x86
		{35477AAF-FB4B-4360-A2C2-F98ACD6180CB}.Ad-Hoc|iPhone.Deploy.0 = Release|x86
		{35477AAF-FB4B-4360-A2C2-F98ACD6180CB}.Ad-Hoc|iPhoneSimulator.ActiveCfg = Release|x86
		{35477AAF-FB4B-4360-A2C2-F98ACD6180CB}.Ad-Hoc|iPhoneSimulator.Build.0 = Release|x86
		{35477AAF-FB4B-4360-A2C2-F98ACD6180CB}.Ad-Hoc|iPhoneSimulator.Deploy.0 = Release|x86
		{35477AAF-FB4B-4360-A2C2-F98ACD6180CB}.Ad-Hoc|x64.ActiveCfg = Release|x64
		{35477AAF-FB4B-4360-A2C2-F98ACD6180CB}.Ad-Hoc|x64.Build.0 = Release|x64
		{35477AAF-FB4B-4360-A2C2-F98ACD6180CB}.Ad-Hoc|x64.Deploy.0 = Release|x64
		{35477AAF-FB4B-4360-A2C2-F98ACD6180CB}.Ad-Hoc|x86.ActiveCfg = Release|x86
		{35477AAF-FB4B-4360-A2C2-F98ACD6180CB}.Ad-Hoc|x86.Build.0 = Release|x86
		{35477AAF-FB4B-4360-A2C2-F98ACD6180CB}.Ad-Hoc|x86.Deploy.0 = Release|x86
		{35477AAF-FB4B-4360-A2C2-F98ACD6180CB}.AppStore|Any CPU.ActiveCfg = Release|x86
		{35477AAF-FB4B-4360-A2C2-F98ACD6180CB}.AppStore|Any CPU.Build.0 = Release|x86
		{35477AAF-FB4B-4360-A2C2-F98ACD6180CB}.AppStore|Any CPU.Deploy.0 = Release|x86
		{35477AAF-FB4B-4360-A2C2-F98ACD6180CB}.AppStore|ARM.ActiveCfg = Release|ARM
		{35477AAF-FB4B-4360-A2C2-F98ACD6180CB}.AppStore|ARM.Build.0 = Release|ARM
		{35477AAF-FB4B-4360-A2C2-F98ACD6180CB}.AppStore|ARM.Deploy.0 = Release|ARM
		{35477AAF-FB4B-4360-A2C2-F98ACD6180CB}.AppStore|iPhone.ActiveCfg = Release|x86
		{35477AAF-FB4B-4360-A2C2-F98ACD6180CB}.AppStore|iPhone.Build.0 = Release|x86
		{35477AAF-FB4B-4360-A2C2-F98ACD6180CB}.AppStore|iPhone.Deploy.0 = Release|x86
		{35477AAF-FB4B-4360-A2C2-F98ACD6180CB}.AppStore|iPhoneSimulator.ActiveCfg = Release|x86
		{35477AAF-FB4B-4360-A2C2-F98ACD6180CB}.AppStore|iPhoneSimulator.Build.0 = Release|x86
		{35477AAF-FB4B-4360-A2C2-F98ACD6180CB}.AppStore|iPhoneSimulator.Deploy.0 = Release|x86
		{35477AAF-FB4B-4360-A2C2-F98ACD6180CB}.AppStore|x64.ActiveCfg = Release|x64
		{35477AAF-FB4B-4360-A2C2-F98ACD6180CB}.AppStore|x64.Build.0 = Release|x64
		{35477AAF-FB4B-4360-A2C2-F98ACD6180CB}.AppStore|x64.Deploy.0 = Release|x64
		{35477AAF-FB4B-4360-A2C2-F98ACD6180CB}.AppStore|x86.ActiveCfg = Release|x86
		{35477AAF-FB4B-4360-A2C2-F98ACD6180CB}.AppStore|x86.Build.0 = Release|x86
		{35477AAF-FB4B-4360-A2C2-F98ACD6180CB}.AppStore|x86.Deploy.0 = Release|x86
		{35477AAF-FB4B-4360-A2C2-F98ACD6180CB}.Debug|Any CPU.ActiveCfg = Debug|x86
		{35477AAF-FB4B-4360-A2C2-F98ACD6180CB}.Debug|Any CPU.Build.0 = Debug|x86
		{35477AAF-FB4B-4360-A2C2-F98ACD6180CB}.Debug|Any CPU.Deploy.0 = Debug|x86
		{35477AAF-FB4B-4360-A2C2-F98ACD6180CB}.Debug|ARM.ActiveCfg = Debug|ARM
		{35477AAF-FB4B-4360-A2C2-F98ACD6180CB}.Debug|ARM.Build.0 = Debug|ARM
		{35477AAF-FB4B-4360-A2C2-F98ACD6180CB}.Debug|ARM.Deploy.0 = Debug|ARM
		{35477AAF-FB4B-4360-A2C2-F98ACD6180CB}.Debug|iPhone.ActiveCfg = Debug|x86
		{35477AAF-FB4B-4360-A2C2-F98ACD6180CB}.Debug|iPhoneSimulator.ActiveCfg = Debug|x86
		{35477AAF-FB4B-4360-A2C2-F98ACD6180CB}.Debug|x64.ActiveCfg = Debug|x64
		{35477AAF-FB4B-4360-A2C2-F98ACD6180CB}.Debug|x64.Build.0 = Debug|x64
		{35477AAF-FB4B-4360-A2C2-F98ACD6180CB}.Debug|x64.Deploy.0 = Debug|x64
		{35477AAF-FB4B-4360-A2C2-F98ACD6180CB}.Debug|x86.ActiveCfg = Debug|x86
		{35477AAF-FB4B-4360-A2C2-F98ACD6180CB}.Debug|x86.Build.0 = Debug|x86
		{35477AAF-FB4B-4360-A2C2-F98ACD6180CB}.Debug|x86.Deploy.0 = Debug|x86
		{35477AAF-FB4B-4360-A2C2-F98ACD6180CB}.Release|Any CPU.ActiveCfg = Release|x86
		{35477AAF-FB4B-4360-A2C2-F98ACD6180CB}.Release|ARM.ActiveCfg = Release|ARM
		{35477AAF-FB4B-4360-A2C2-F98ACD6180CB}.Release|ARM.Build.0 = Release|ARM
		{35477AAF-FB4B-4360-A2C2-F98ACD6180CB}.Release|ARM.Deploy.0 = Release|ARM
		{35477AAF-FB4B-4360-A2C2-F98ACD6180CB}.Release|iPhone.ActiveCfg = Release|x86
		{35477AAF-FB4B-4360-A2C2-F98ACD6180CB}.Release|iPhoneSimulator.ActiveCfg = Release|x86
		{35477AAF-FB4B-4360-A2C2-F98ACD6180CB}.Release|x64.ActiveCfg = Release|x64
		{35477AAF-FB4B-4360-A2C2-F98ACD6180CB}.Release|x64.Build.0 = Release|x64
		{35477AAF-FB4B-4360-A2C2-F98ACD6180CB}.Release|x64.Deploy.0 = Release|x64
		{35477AAF-FB4B-4360-A2C2-F98ACD6180CB}.Release|x86.ActiveCfg = Release|x86
		{35477AAF-FB4B-4360-A2C2-F98ACD6180CB}.Release|x86.Build.0 = Release|x86
		{35477AAF-FB4B-4360-A2C2-F98ACD6180CB}.Release|x86.Deploy.0 = Release|x86
		{4FFD38DC-C856-4762-8CFA-CAA8A4CE348A}.Ad-Hoc|Any CPU.ActiveCfg = Ad-Hoc|iPhone
		{4FFD38DC-C856-4762-8CFA-CAA8A4CE348A}.Ad-Hoc|ARM.ActiveCfg = Ad-Hoc|iPhone
		{4FFD38DC-C856-4762-8CFA-CAA8A4CE348A}.Ad-Hoc|iPhone.ActiveCfg = Ad-Hoc|iPhone
		{4FFD38DC-C856-4762-8CFA-CAA8A4CE348A}.Ad-Hoc|iPhone.Build.0 = Ad-Hoc|iPhone
		{4FFD38DC-C856-4762-8CFA-CAA8A4CE348A}.Ad-Hoc|iPhoneSimulator.ActiveCfg = Ad-Hoc|iPhoneSimulator
		{4FFD38DC-C856-4762-8CFA-CAA8A4CE348A}.Ad-Hoc|iPhoneSimulator.Build.0 = Ad-Hoc|iPhoneSimulator
		{4FFD38DC-C856-4762-8CFA-CAA8A4CE348A}.Ad-Hoc|x64.ActiveCfg = Ad-Hoc|iPhone
		{4FFD38DC-C856-4762-8CFA-CAA8A4CE348A}.Ad-Hoc|x86.ActiveCfg = Ad-Hoc|iPhone
		{4FFD38DC-C856-4762-8CFA-CAA8A4CE348A}.AppStore|Any CPU.ActiveCfg = AppStore|iPhone
		{4FFD38DC-C856-4762-8CFA-CAA8A4CE348A}.AppStore|ARM.ActiveCfg = AppStore|iPhone
		{4FFD38DC-C856-4762-8CFA-CAA8A4CE348A}.AppStore|iPhone.ActiveCfg = AppStore|iPhone
		{4FFD38DC-C856-4762-8CFA-CAA8A4CE348A}.AppStore|iPhone.Build.0 = AppStore|iPhone
		{4FFD38DC-C856-4762-8CFA-CAA8A4CE348A}.AppStore|iPhoneSimulator.ActiveCfg = AppStore|iPhoneSimulator
		{4FFD38DC-C856-4762-8CFA-CAA8A4CE348A}.AppStore|iPhoneSimulator.Build.0 = AppStore|iPhoneSimulator
		{4FFD38DC-C856-4762-8CFA-CAA8A4CE348A}.AppStore|x64.ActiveCfg = AppStore|iPhone
		{4FFD38DC-C856-4762-8CFA-CAA8A4CE348A}.AppStore|x86.ActiveCfg = AppStore|iPhone
		{4FFD38DC-C856-4762-8CFA-CAA8A4CE348A}.Debug|Any CPU.ActiveCfg = Debug|iPhone
		{4FFD38DC-C856-4762-8CFA-CAA8A4CE348A}.Debug|Any CPU.Build.0 = Debug|iPhone
		{4FFD38DC-C856-4762-8CFA-CAA8A4CE348A}.Debug|ARM.ActiveCfg = Debug|iPhone
		{4FFD38DC-C856-4762-8CFA-CAA8A4CE348A}.Debug|iPhone.ActiveCfg = Debug|iPhone
		{4FFD38DC-C856-4762-8CFA-CAA8A4CE348A}.Debug|iPhone.Build.0 = Debug|iPhone
		{4FFD38DC-C856-4762-8CFA-CAA8A4CE348A}.Debug|iPhoneSimulator.ActiveCfg = Debug|iPhoneSimulator
		{4FFD38DC-C856-4762-8CFA-CAA8A4CE348A}.Debug|iPhoneSimulator.Build.0 = Debug|iPhoneSimulator
		{4FFD38DC-C856-4762-8CFA-CAA8A4CE348A}.Debug|x64.ActiveCfg = Debug|iPhone
		{4FFD38DC-C856-4762-8CFA-CAA8A4CE348A}.Debug|x86.ActiveCfg = Debug|iPhone
		{4FFD38DC-C856-4762-8CFA-CAA8A4CE348A}.Release|Any CPU.ActiveCfg = Release|iPhone
		{4FFD38DC-C856-4762-8CFA-CAA8A4CE348A}.Release|ARM.ActiveCfg = Release|iPhone
		{4FFD38DC-C856-4762-8CFA-CAA8A4CE348A}.Release|iPhone.ActiveCfg = Release|iPhone
		{4FFD38DC-C856-4762-8CFA-CAA8A4CE348A}.Release|iPhone.Build.0 = Release|iPhone
		{4FFD38DC-C856-4762-8CFA-CAA8A4CE348A}.Release|iPhoneSimulator.ActiveCfg = Release|iPhoneSimulator
		{4FFD38DC-C856-4762-8CFA-CAA8A4CE348A}.Release|iPhoneSimulator.Build.0 = Release|iPhoneSimulator
		{4FFD38DC-C856-4762-8CFA-CAA8A4CE348A}.Release|x64.ActiveCfg = Release|iPhone
		{4FFD38DC-C856-4762-8CFA-CAA8A4CE348A}.Release|x86.ActiveCfg = Release|iPhone
	EndGlobalSection
	GlobalSection(SolutionProperties) = preSolution
		HideSolutionNode = FALSE
	EndGlobalSection
EndGlobal
