
Microsoft Visual Studio Solution File, Format Version 12.00
# Visual Studio 14
VisualStudioVersion = 14.0.25420.1
MinimumVisualStudioVersion = 10.0.40219.1
Project("{FAE04EC0-301F-11D3-BF4B-00C04F79EFBC}") = "NativeViews", "NativeViews\NativeViews\NativeViews.csproj", "{7509F025-1A31-48AE-893E-4088A52DB16F}"
EndProject
Project("{FAE04EC0-301F-11D3-BF4B-00C04F79EFBC}") = "NativeViews.Droid", "NativeViews\NativeViews.Droid\NativeViews.Droid.csproj", "{D812A607-73DD-4F9F-AAC4-F16056B5894E}"
EndProject
Project("{FAE04EC0-301F-11D3-BF4B-00C04F79EFBC}") = "NativeViews.iOS", "NativeViews\NativeViews.iOS\NativeViews.iOS.csproj", "{D1D44F70-5C0C-4A69-9463-75A33ED58DBE}"
EndProject
Project("{FAE04EC0-301F-11D3-BF4B-00C04F79EFBC}") = "NativeViews.UWP", "NativeViews\NativeViews.UWP\NativeViews.UWP.csproj", "{A3E0C829-3F79-4788-9C76-D248F2D4C8AA}"
EndProject
Global
	GlobalSection(SolutionConfigurationPlatforms) = preSolution
		Ad-Hoc|Any CPU = Ad-Hoc|Any CPU
		Ad-Hoc|ARM = Ad-Hoc|ARM
		Ad-Hoc|iPhone = Ad-Hoc|iPhone
		Ad-Hoc|iPhoneSimulator = Ad-Hoc|iPhoneSimulator
		Ad-Hoc|x64 = Ad-Hoc|x64
		Ad-Hoc|x86 = Ad-Hoc|x86
		AppStore|Any CPU = AppStore|Any CPU
		AppStore|ARM = AppStore|ARM
		AppStore|iPhone = AppStore|iPhone
		AppStore|iPhoneSimulator = AppStore|iPhoneSimulator
		AppStore|x64 = AppStore|x64
		AppStore|x86 = AppStore|x86
		Debug|Any CPU = Debug|Any CPU
		Debug|ARM = Debug|ARM
		Debug|iPhone = Debug|iPhone
		Debug|iPhoneSimulator = Debug|iPhoneSimulator
		Debug|x64 = Debug|x64
		Debug|x86 = Debug|x86
		Release|Any CPU = Release|Any CPU
		Release|ARM = Release|ARM
		Release|iPhone = Release|iPhone
		Release|iPhoneSimulator = Release|iPhoneSimulator
		Release|x64 = Release|x64
		Release|x86 = Release|x86
	EndGlobalSection
	GlobalSection(ProjectConfigurationPlatforms) = postSolution
		{7509F025-1A31-48AE-893E-4088A52DB16F}.Ad-Hoc|Any CPU.ActiveCfg = Release|Any CPU
		{7509F025-1A31-48AE-893E-4088A52DB16F}.Ad-Hoc|Any CPU.Build.0 = Release|Any CPU
		{7509F025-1A31-48AE-893E-4088A52DB16F}.Ad-Hoc|ARM.ActiveCfg = Release|Any CPU
		{7509F025-1A31-48AE-893E-4088A52DB16F}.Ad-Hoc|ARM.Build.0 = Release|Any CPU
		{7509F025-1A31-48AE-893E-4088A52DB16F}.Ad-Hoc|iPhone.ActiveCfg = Release|Any CPU
		{7509F025-1A31-48AE-893E-4088A52DB16F}.Ad-Hoc|iPhone.Build.0 = Release|Any CPU
		{7509F025-1A31-48AE-893E-4088A52DB16F}.Ad-Hoc|iPhoneSimulator.ActiveCfg = Release|Any CPU
		{7509F025-1A31-48AE-893E-4088A52DB16F}.Ad-Hoc|iPhoneSimulator.Build.0 = Release|Any CPU
		{7509F025-1A31-48AE-893E-4088A52DB16F}.Ad-Hoc|x64.ActiveCfg = Release|Any CPU
		{7509F025-1A31-48AE-893E-4088A52DB16F}.Ad-Hoc|x64.Build.0 = Release|Any CPU
		{7509F025-1A31-48AE-893E-4088A52DB16F}.Ad-Hoc|x86.ActiveCfg = Release|Any CPU
		{7509F025-1A31-48AE-893E-4088A52DB16F}.Ad-Hoc|x86.Build.0 = Release|Any CPU
		{7509F025-1A31-48AE-893E-4088A52DB16F}.AppStore|Any CPU.ActiveCfg = Release|Any CPU
		{7509F025-1A31-48AE-893E-4088A52DB16F}.AppStore|Any CPU.Build.0 = Release|Any CPU
		{7509F025-1A31-48AE-893E-4088A52DB16F}.AppStore|ARM.ActiveCfg = Release|Any CPU
		{7509F025-1A31-48AE-893E-4088A52DB16F}.AppStore|ARM.Build.0 = Release|Any CPU
		{7509F025-1A31-48AE-893E-4088A52DB16F}.AppStore|iPhone.ActiveCfg = Release|Any CPU
		{7509F025-1A31-48AE-893E-4088A52DB16F}.AppStore|iPhone.Build.0 = Release|Any CPU
		{7509F025-1A31-48AE-893E-4088A52DB16F}.AppStore|iPhoneSimulator.ActiveCfg = Release|Any CPU
		{7509F025-1A31-48AE-893E-4088A52DB16F}.AppStore|iPhoneSimulator.Build.0 = Release|Any CPU
		{7509F025-1A31-48AE-893E-4088A52DB16F}.AppStore|x64.ActiveCfg = Release|Any CPU
		{7509F025-1A31-48AE-893E-4088A52DB16F}.AppStore|x64.Build.0 = Release|Any CPU
		{7509F025-1A31-48AE-893E-4088A52DB16F}.AppStore|x86.ActiveCfg = Release|Any CPU
		{7509F025-1A31-48AE-893E-4088A52DB16F}.AppStore|x86.Build.0 = Release|Any CPU
		{7509F025-1A31-48AE-893E-4088A52DB16F}.Debug|Any CPU.ActiveCfg = Debug|Any CPU
		{7509F025-1A31-48AE-893E-4088A52DB16F}.Debug|Any CPU.Build.0 = Debug|Any CPU
		{7509F025-1A31-48AE-893E-4088A52DB16F}.Debug|ARM.ActiveCfg = Debug|Any CPU
		{7509F025-1A31-48AE-893E-4088A52DB16F}.Debug|ARM.Build.0 = Debug|Any CPU
		{7509F025-1A31-48AE-893E-4088A52DB16F}.Debug|iPhone.ActiveCfg = Debug|Any CPU
		{7509F025-1A31-48AE-893E-4088A52DB16F}.Debug|iPhone.Build.0 = Debug|Any CPU
		{7509F025-1A31-48AE-893E-4088A52DB16F}.Debug|iPhoneSimulator.ActiveCfg = Debug|Any CPU
		{7509F025-1A31-48AE-893E-4088A52DB16F}.Debug|iPhoneSimulator.Build.0 = Debug|Any CPU
		{7509F025-1A31-48AE-893E-4088A52DB16F}.Debug|x64.ActiveCfg = Debug|Any CPU
		{7509F025-1A31-48AE-893E-4088A52DB16F}.Debug|x64.Build.0 = Debug|Any CPU
		{7509F025-1A31-48AE-893E-4088A52DB16F}.Debug|x86.ActiveCfg = Debug|Any CPU
		{7509F025-1A31-48AE-893E-4088A52DB16F}.Debug|x86.Build.0 = Debug|Any CPU
		{7509F025-1A31-48AE-893E-4088A52DB16F}.Release|Any CPU.ActiveCfg = Release|Any CPU
		{7509F025-1A31-48AE-893E-4088A52DB16F}.Release|Any CPU.Build.0 = Release|Any CPU
		{7509F025-1A31-48AE-893E-4088A52DB16F}.Release|ARM.ActiveCfg = Release|Any CPU
		{7509F025-1A31-48AE-893E-4088A52DB16F}.Release|ARM.Build.0 = Release|Any CPU
		{7509F025-1A31-48AE-893E-4088A52DB16F}.Release|iPhone.ActiveCfg = Release|Any CPU
		{7509F025-1A31-48AE-893E-4088A52DB16F}.Release|iPhone.Build.0 = Release|Any CPU
		{7509F025-1A31-48AE-893E-4088A52DB16F}.Release|iPhoneSimulator.ActiveCfg = Release|Any CPU
		{7509F025-1A31-48AE-893E-4088A52DB16F}.Release|iPhoneSimulator.Build.0 = Release|Any CPU
		{7509F025-1A31-48AE-893E-4088A52DB16F}.Release|x64.ActiveCfg = Release|Any CPU
		{7509F025-1A31-48AE-893E-4088A52DB16F}.Release|x64.Build.0 = Release|Any CPU
		{7509F025-1A31-48AE-893E-4088A52DB16F}.Release|x86.ActiveCfg = Release|Any CPU
		{7509F025-1A31-48AE-893E-4088A52DB16F}.Release|x86.Build.0 = Release|Any CPU
		{D812A607-73DD-4F9F-AAC4-F16056B5894E}.Ad-Hoc|Any CPU.ActiveCfg = Release|Any CPU
		{D812A607-73DD-4F9F-AAC4-F16056B5894E}.Ad-Hoc|Any CPU.Build.0 = Release|Any CPU
		{D812A607-73DD-4F9F-AAC4-F16056B5894E}.Ad-Hoc|Any CPU.Deploy.0 = Release|Any CPU
		{D812A607-73DD-4F9F-AAC4-F16056B5894E}.Ad-Hoc|ARM.ActiveCfg = Release|Any CPU
		{D812A607-73DD-4F9F-AAC4-F16056B5894E}.Ad-Hoc|ARM.Build.0 = Release|Any CPU
		{D812A607-73DD-4F9F-AAC4-F16056B5894E}.Ad-Hoc|ARM.Deploy.0 = Release|Any CPU
		{D812A607-73DD-4F9F-AAC4-F16056B5894E}.Ad-Hoc|iPhone.ActiveCfg = Release|Any CPU
		{D812A607-73DD-4F9F-AAC4-F16056B5894E}.Ad-Hoc|iPhone.Build.0 = Release|Any CPU
		{D812A607-73DD-4F9F-AAC4-F16056B5894E}.Ad-Hoc|iPhone.Deploy.0 = Release|Any CPU
		{D812A607-73DD-4F9F-AAC4-F16056B5894E}.Ad-Hoc|iPhoneSimulator.ActiveCfg = Release|Any CPU
		{D812A607-73DD-4F9F-AAC4-F16056B5894E}.Ad-Hoc|iPhoneSimulator.Build.0 = Release|Any CPU
		{D812A607-73DD-4F9F-AAC4-F16056B5894E}.Ad-Hoc|iPhoneSimulator.Deploy.0 = Release|Any CPU
		{D812A607-73DD-4F9F-AAC4-F16056B5894E}.Ad-Hoc|x64.ActiveCfg = Release|Any CPU
		{D812A607-73DD-4F9F-AAC4-F16056B5894E}.Ad-Hoc|x64.Build.0 = Release|Any CPU
		{D812A607-73DD-4F9F-AAC4-F16056B5894E}.Ad-Hoc|x64.Deploy.0 = Release|Any CPU
		{D812A607-73DD-4F9F-AAC4-F16056B5894E}.Ad-Hoc|x86.ActiveCfg = Release|Any CPU
		{D812A607-73DD-4F9F-AAC4-F16056B5894E}.Ad-Hoc|x86.Build.0 = Release|Any CPU
		{D812A607-73DD-4F9F-AAC4-F16056B5894E}.Ad-Hoc|x86.Deploy.0 = Release|Any CPU
		{D812A607-73DD-4F9F-AAC4-F16056B5894E}.AppStore|Any CPU.ActiveCfg = Release|Any CPU
		{D812A607-73DD-4F9F-AAC4-F16056B5894E}.AppStore|Any CPU.Build.0 = Release|Any CPU
		{D812A607-73DD-4F9F-AAC4-F16056B5894E}.AppStore|Any CPU.Deploy.0 = Release|Any CPU
		{D812A607-73DD-4F9F-AAC4-F16056B5894E}.AppStore|ARM.ActiveCfg = Release|Any CPU
		{D812A607-73DD-4F9F-AAC4-F16056B5894E}.AppStore|ARM.Build.0 = Release|Any CPU
		{D812A607-73DD-4F9F-AAC4-F16056B5894E}.AppStore|ARM.Deploy.0 = Release|Any CPU
		{D812A607-73DD-4F9F-AAC4-F16056B5894E}.AppStore|iPhone.ActiveCfg = Release|Any CPU
		{D812A607-73DD-4F9F-AAC4-F16056B5894E}.AppStore|iPhone.Build.0 = Release|Any CPU
		{D812A607-73DD-4F9F-AAC4-F16056B5894E}.AppStore|iPhone.Deploy.0 = Release|Any CPU
		{D812A607-73DD-4F9F-AAC4-F16056B5894E}.AppStore|iPhoneSimulator.ActiveCfg = Release|Any CPU
		{D812A607-73DD-4F9F-AAC4-F16056B5894E}.AppStore|iPhoneSimulator.Build.0 = Release|Any CPU
		{D812A607-73DD-4F9F-AAC4-F16056B5894E}.AppStore|iPhoneSimulator.Deploy.0 = Release|Any CPU
		{D812A607-73DD-4F9F-AAC4-F16056B5894E}.AppStore|x64.ActiveCfg = Release|Any CPU
		{D812A607-73DD-4F9F-AAC4-F16056B5894E}.AppStore|x64.Build.0 = Release|Any CPU
		{D812A607-73DD-4F9F-AAC4-F16056B5894E}.AppStore|x64.Deploy.0 = Release|Any CPU
		{D812A607-73DD-4F9F-AAC4-F16056B5894E}.AppStore|x86.ActiveCfg = Release|Any CPU
		{D812A607-73DD-4F9F-AAC4-F16056B5894E}.AppStore|x86.Build.0 = Release|Any CPU
		{D812A607-73DD-4F9F-AAC4-F16056B5894E}.AppStore|x86.Deploy.0 = Release|Any CPU
		{D812A607-73DD-4F9F-AAC4-F16056B5894E}.Debug|Any CPU.ActiveCfg = Debug|Any CPU
		{D812A607-73DD-4F9F-AAC4-F16056B5894E}.Debug|Any CPU.Build.0 = Debug|Any CPU
		{D812A607-73DD-4F9F-AAC4-F16056B5894E}.Debug|Any CPU.Deploy.0 = Debug|Any CPU
		{D812A607-73DD-4F9F-AAC4-F16056B5894E}.Debug|ARM.ActiveCfg = Debug|Any CPU
		{D812A607-73DD-4F9F-AAC4-F16056B5894E}.Debug|ARM.Build.0 = Debug|Any CPU
		{D812A607-73DD-4F9F-AAC4-F16056B5894E}.Debug|ARM.Deploy.0 = Debug|Any CPU
		{D812A607-73DD-4F9F-AAC4-F16056B5894E}.Debug|iPhone.ActiveCfg = Debug|Any CPU
		{D812A607-73DD-4F9F-AAC4-F16056B5894E}.Debug|iPhone.Build.0 = Debug|Any CPU
		{D812A607-73DD-4F9F-AAC4-F16056B5894E}.Debug|iPhone.Deploy.0 = Debug|Any CPU
		{D812A607-73DD-4F9F-AAC4-F16056B5894E}.Debug|iPhoneSimulator.ActiveCfg = Debug|Any CPU
		{D812A607-73DD-4F9F-AAC4-F16056B5894E}.Debug|iPhoneSimulator.Build.0 = Debug|Any CPU
		{D812A607-73DD-4F9F-AAC4-F16056B5894E}.Debug|iPhoneSimulator.Deploy.0 = Debug|Any CPU
		{D812A607-73DD-4F9F-AAC4-F16056B5894E}.Debug|x64.ActiveCfg = Debug|Any CPU
		{D812A607-73DD-4F9F-AAC4-F16056B5894E}.Debug|x64.Build.0 = Debug|Any CPU
		{D812A607-73DD-4F9F-AAC4-F16056B5894E}.Debug|x64.Deploy.0 = Debug|Any CPU
		{D812A607-73DD-4F9F-AAC4-F16056B5894E}.Debug|x86.ActiveCfg = Debug|Any CPU
		{D812A607-73DD-4F9F-AAC4-F16056B5894E}.Debug|x86.Build.0 = Debug|Any CPU
		{D812A607-73DD-4F9F-AAC4-F16056B5894E}.Debug|x86.Deploy.0 = Debug|Any CPU
		{D812A607-73DD-4F9F-AAC4-F16056B5894E}.Release|Any CPU.ActiveCfg = Release|Any CPU
		{D812A607-73DD-4F9F-AAC4-F16056B5894E}.Release|Any CPU.Build.0 = Release|Any CPU
		{D812A607-73DD-4F9F-AAC4-F16056B5894E}.Release|Any CPU.Deploy.0 = Release|Any CPU
		{D812A607-73DD-4F9F-AAC4-F16056B5894E}.Release|ARM.ActiveCfg = Release|Any CPU
		{D812A607-73DD-4F9F-AAC4-F16056B5894E}.Release|ARM.Build.0 = Release|Any CPU
		{D812A607-73DD-4F9F-AAC4-F16056B5894E}.Release|ARM.Deploy.0 = Release|Any CPU
		{D812A607-73DD-4F9F-AAC4-F16056B5894E}.Release|iPhone.ActiveCfg = Release|Any CPU
		{D812A607-73DD-4F9F-AAC4-F16056B5894E}.Release|iPhone.Build.0 = Release|Any CPU
		{D812A607-73DD-4F9F-AAC4-F16056B5894E}.Release|iPhone.Deploy.0 = Release|Any CPU
		{D812A607-73DD-4F9F-AAC4-F16056B5894E}.Release|iPhoneSimulator.ActiveCfg = Release|Any CPU
		{D812A607-73DD-4F9F-AAC4-F16056B5894E}.Release|iPhoneSimulator.Build.0 = Release|Any CPU
		{D812A607-73DD-4F9F-AAC4-F16056B5894E}.Release|iPhoneSimulator.Deploy.0 = Release|Any CPU
		{D812A607-73DD-4F9F-AAC4-F16056B5894E}.Release|x64.ActiveCfg = Release|Any CPU
		{D812A607-73DD-4F9F-AAC4-F16056B5894E}.Release|x64.Build.0 = Release|Any CPU
		{D812A607-73DD-4F9F-AAC4-F16056B5894E}.Release|x64.Deploy.0 = Release|Any CPU
		{D812A607-73DD-4F9F-AAC4-F16056B5894E}.Release|x86.ActiveCfg = Release|Any CPU
		{D812A607-73DD-4F9F-AAC4-F16056B5894E}.Release|x86.Build.0 = Release|Any CPU
		{D812A607-73DD-4F9F-AAC4-F16056B5894E}.Release|x86.Deploy.0 = Release|Any CPU
		{D1D44F70-5C0C-4A69-9463-75A33ED58DBE}.Ad-Hoc|Any CPU.ActiveCfg = Ad-Hoc|iPhone
		{D1D44F70-5C0C-4A69-9463-75A33ED58DBE}.Ad-Hoc|ARM.ActiveCfg = Ad-Hoc|iPhone
		{D1D44F70-5C0C-4A69-9463-75A33ED58DBE}.Ad-Hoc|iPhone.ActiveCfg = Ad-Hoc|iPhone
		{D1D44F70-5C0C-4A69-9463-75A33ED58DBE}.Ad-Hoc|iPhone.Build.0 = Ad-Hoc|iPhone
		{D1D44F70-5C0C-4A69-9463-75A33ED58DBE}.Ad-Hoc|iPhoneSimulator.ActiveCfg = Ad-Hoc|iPhoneSimulator
		{D1D44F70-5C0C-4A69-9463-75A33ED58DBE}.Ad-Hoc|iPhoneSimulator.Build.0 = Ad-Hoc|iPhoneSimulator
		{D1D44F70-5C0C-4A69-9463-75A33ED58DBE}.Ad-Hoc|x64.ActiveCfg = Ad-Hoc|iPhone
		{D1D44F70-5C0C-4A69-9463-75A33ED58DBE}.Ad-Hoc|x86.ActiveCfg = Ad-Hoc|iPhone
		{D1D44F70-5C0C-4A69-9463-75A33ED58DBE}.AppStore|Any CPU.ActiveCfg = AppStore|iPhone
		{D1D44F70-5C0C-4A69-9463-75A33ED58DBE}.AppStore|ARM.ActiveCfg = AppStore|iPhone
		{D1D44F70-5C0C-4A69-9463-75A33ED58DBE}.AppStore|iPhone.ActiveCfg = AppStore|iPhone
		{D1D44F70-5C0C-4A69-9463-75A33ED58DBE}.AppStore|iPhone.Build.0 = AppStore|iPhone
		{D1D44F70-5C0C-4A69-9463-75A33ED58DBE}.AppStore|iPhoneSimulator.ActiveCfg = AppStore|iPhoneSimulator
		{D1D44F70-5C0C-4A69-9463-75A33ED58DBE}.AppStore|iPhoneSimulator.Build.0 = AppStore|iPhoneSimulator
		{D1D44F70-5C0C-4A69-9463-75A33ED58DBE}.AppStore|x64.ActiveCfg = AppStore|iPhone
		{D1D44F70-5C0C-4A69-9463-75A33ED58DBE}.AppStore|x86.ActiveCfg = AppStore|iPhone
		{D1D44F70-5C0C-4A69-9463-75A33ED58DBE}.Debug|Any CPU.ActiveCfg = Debug|iPhone
		{D1D44F70-5C0C-4A69-9463-75A33ED58DBE}.Debug|Any CPU.Build.0 = Debug|iPhone
		{D1D44F70-5C0C-4A69-9463-75A33ED58DBE}.Debug|ARM.ActiveCfg = Debug|iPhone
		{D1D44F70-5C0C-4A69-9463-75A33ED58DBE}.Debug|iPhone.ActiveCfg = Debug|iPhone
		{D1D44F70-5C0C-4A69-9463-75A33ED58DBE}.Debug|iPhone.Build.0 = Debug|iPhone
		{D1D44F70-5C0C-4A69-9463-75A33ED58DBE}.Debug|iPhoneSimulator.ActiveCfg = Debug|iPhoneSimulator
		{D1D44F70-5C0C-4A69-9463-75A33ED58DBE}.Debug|iPhoneSimulator.Build.0 = Debug|iPhoneSimulator
		{D1D44F70-5C0C-4A69-9463-75A33ED58DBE}.Debug|x64.ActiveCfg = Debug|iPhone
		{D1D44F70-5C0C-4A69-9463-75A33ED58DBE}.Debug|x86.ActiveCfg = Debug|iPhone
		{D1D44F70-5C0C-4A69-9463-75A33ED58DBE}.Release|Any CPU.ActiveCfg = Release|iPhone
		{D1D44F70-5C0C-4A69-9463-75A33ED58DBE}.Release|ARM.ActiveCfg = Release|iPhone
		{D1D44F70-5C0C-4A69-9463-75A33ED58DBE}.Release|iPhone.ActiveCfg = Release|iPhone
		{D1D44F70-5C0C-4A69-9463-75A33ED58DBE}.Release|iPhone.Build.0 = Release|iPhone
		{D1D44F70-5C0C-4A69-9463-75A33ED58DBE}.Release|iPhoneSimulator.ActiveCfg = Release|iPhoneSimulator
		{D1D44F70-5C0C-4A69-9463-75A33ED58DBE}.Release|iPhoneSimulator.Build.0 = Release|iPhoneSimulator
		{D1D44F70-5C0C-4A69-9463-75A33ED58DBE}.Release|x64.ActiveCfg = Release|iPhone
		{D1D44F70-5C0C-4A69-9463-75A33ED58DBE}.Release|x86.ActiveCfg = Release|iPhone
		{A3E0C829-3F79-4788-9C76-D248F2D4C8AA}.Ad-Hoc|Any CPU.ActiveCfg = Release|x86
		{A3E0C829-3F79-4788-9C76-D248F2D4C8AA}.Ad-Hoc|Any CPU.Build.0 = Release|x86
		{A3E0C829-3F79-4788-9C76-D248F2D4C8AA}.Ad-Hoc|Any CPU.Deploy.0 = Release|x86
		{A3E0C829-3F79-4788-9C76-D248F2D4C8AA}.Ad-Hoc|ARM.ActiveCfg = Release|ARM
		{A3E0C829-3F79-4788-9C76-D248F2D4C8AA}.Ad-Hoc|ARM.Build.0 = Release|ARM
		{A3E0C829-3F79-4788-9C76-D248F2D4C8AA}.Ad-Hoc|ARM.Deploy.0 = Release|ARM
		{A3E0C829-3F79-4788-9C76-D248F2D4C8AA}.Ad-Hoc|iPhone.ActiveCfg = Release|x86
		{A3E0C829-3F79-4788-9C76-D248F2D4C8AA}.Ad-Hoc|iPhone.Build.0 = Release|x86
		{A3E0C829-3F79-4788-9C76-D248F2D4C8AA}.Ad-Hoc|iPhone.Deploy.0 = Release|x86
		{A3E0C829-3F79-4788-9C76-D248F2D4C8AA}.Ad-Hoc|iPhoneSimulator.ActiveCfg = Release|x86
		{A3E0C829-3F79-4788-9C76-D248F2D4C8AA}.Ad-Hoc|iPhoneSimulator.Build.0 = Release|x86
		{A3E0C829-3F79-4788-9C76-D248F2D4C8AA}.Ad-Hoc|iPhoneSimulator.Deploy.0 = Release|x86
		{A3E0C829-3F79-4788-9C76-D248F2D4C8AA}.Ad-Hoc|x64.ActiveCfg = Release|x64
		{A3E0C829-3F79-4788-9C76-D248F2D4C8AA}.Ad-Hoc|x64.Build.0 = Release|x64
		{A3E0C829-3F79-4788-9C76-D248F2D4C8AA}.Ad-Hoc|x64.Deploy.0 = Release|x64
		{A3E0C829-3F79-4788-9C76-D248F2D4C8AA}.Ad-Hoc|x86.ActiveCfg = Release|x86
		{A3E0C829-3F79-4788-9C76-D248F2D4C8AA}.Ad-Hoc|x86.Build.0 = Release|x86
		{A3E0C829-3F79-4788-9C76-D248F2D4C8AA}.Ad-Hoc|x86.Deploy.0 = Release|x86
		{A3E0C829-3F79-4788-9C76-D248F2D4C8AA}.AppStore|Any CPU.ActiveCfg = Release|x86
		{A3E0C829-3F79-4788-9C76-D248F2D4C8AA}.AppStore|Any CPU.Build.0 = Release|x86
		{A3E0C829-3F79-4788-9C76-D248F2D4C8AA}.AppStore|Any CPU.Deploy.0 = Release|x86
		{A3E0C829-3F79-4788-9C76-D248F2D4C8AA}.AppStore|ARM.ActiveCfg = Release|ARM
		{A3E0C829-3F79-4788-9C76-D248F2D4C8AA}.AppStore|ARM.Build.0 = Release|ARM
		{A3E0C829-3F79-4788-9C76-D248F2D4C8AA}.AppStore|ARM.Deploy.0 = Release|ARM
		{A3E0C829-3F79-4788-9C76-D248F2D4C8AA}.AppStore|iPhone.ActiveCfg = Release|x86
		{A3E0C829-3F79-4788-9C76-D248F2D4C8AA}.AppStore|iPhone.Build.0 = Release|x86
		{A3E0C829-3F79-4788-9C76-D248F2D4C8AA}.AppStore|iPhone.Deploy.0 = Release|x86
		{A3E0C829-3F79-4788-9C76-D248F2D4C8AA}.AppStore|iPhoneSimulator.ActiveCfg = Release|x86
		{A3E0C829-3F79-4788-9C76-D248F2D4C8AA}.AppStore|iPhoneSimulator.Build.0 = Release|x86
		{A3E0C829-3F79-4788-9C76-D248F2D4C8AA}.AppStore|iPhoneSimulator.Deploy.0 = Release|x86
		{A3E0C829-3F79-4788-9C76-D248F2D4C8AA}.AppStore|x64.ActiveCfg = Release|x64
		{A3E0C829-3F79-4788-9C76-D248F2D4C8AA}.AppStore|x64.Build.0 = Release|x64
		{A3E0C829-3F79-4788-9C76-D248F2D4C8AA}.AppStore|x64.Deploy.0 = Release|x64
		{A3E0C829-3F79-4788-9C76-D248F2D4C8AA}.AppStore|x86.ActiveCfg = Release|x86
		{A3E0C829-3F79-4788-9C76-D248F2D4C8AA}.AppStore|x86.Build.0 = Release|x86
		{A3E0C829-3F79-4788-9C76-D248F2D4C8AA}.AppStore|x86.Deploy.0 = Release|x86
		{A3E0C829-3F79-4788-9C76-D248F2D4C8AA}.Debug|Any CPU.ActiveCfg = Debug|x86
		{A3E0C829-3F79-4788-9C76-D248F2D4C8AA}.Debug|Any CPU.Build.0 = Debug|x86
		{A3E0C829-3F79-4788-9C76-D248F2D4C8AA}.Debug|Any CPU.Deploy.0 = Debug|x86
		{A3E0C829-3F79-4788-9C76-D248F2D4C8AA}.Debug|ARM.ActiveCfg = Debug|ARM
		{A3E0C829-3F79-4788-9C76-D248F2D4C8AA}.Debug|ARM.Build.0 = Debug|ARM
		{A3E0C829-3F79-4788-9C76-D248F2D4C8AA}.Debug|ARM.Deploy.0 = Debug|ARM
		{A3E0C829-3F79-4788-9C76-D248F2D4C8AA}.Debug|iPhone.ActiveCfg = Debug|x86
		{A3E0C829-3F79-4788-9C76-D248F2D4C8AA}.Debug|iPhoneSimulator.ActiveCfg = Debug|x86
		{A3E0C829-3F79-4788-9C76-D248F2D4C8AA}.Debug|x64.ActiveCfg = Debug|x64
		{A3E0C829-3F79-4788-9C76-D248F2D4C8AA}.Debug|x64.Build.0 = Debug|x64
		{A3E0C829-3F79-4788-9C76-D248F2D4C8AA}.Debug|x64.Deploy.0 = Debug|x64
		{A3E0C829-3F79-4788-9C76-D248F2D4C8AA}.Debug|x86.ActiveCfg = Debug|x86
		{A3E0C829-3F79-4788-9C76-D248F2D4C8AA}.Debug|x86.Build.0 = Debug|x86
		{A3E0C829-3F79-4788-9C76-D248F2D4C8AA}.Debug|x86.Deploy.0 = Debug|x86
		{A3E0C829-3F79-4788-9C76-D248F2D4C8AA}.Release|Any CPU.ActiveCfg = Release|x86
		{A3E0C829-3F79-4788-9C76-D248F2D4C8AA}.Release|ARM.ActiveCfg = Release|ARM
		{A3E0C829-3F79-4788-9C76-D248F2D4C8AA}.Release|ARM.Build.0 = Release|ARM
		{A3E0C829-3F79-4788-9C76-D248F2D4C8AA}.Release|ARM.Deploy.0 = Release|ARM
		{A3E0C829-3F79-4788-9C76-D248F2D4C8AA}.Release|iPhone.ActiveCfg = Release|x86
		{A3E0C829-3F79-4788-9C76-D248F2D4C8AA}.Release|iPhoneSimulator.ActiveCfg = Release|x86
		{A3E0C829-3F79-4788-9C76-D248F2D4C8AA}.Release|x64.ActiveCfg = Release|x64
		{A3E0C829-3F79-4788-9C76-D248F2D4C8AA}.Release|x64.Build.0 = Release|x64
		{A3E0C829-3F79-4788-9C76-D248F2D4C8AA}.Release|x64.Deploy.0 = Release|x64
		{A3E0C829-3F79-4788-9C76-D248F2D4C8AA}.Release|x86.ActiveCfg = Release|x86
		{A3E0C829-3F79-4788-9C76-D248F2D4C8AA}.Release|x86.Build.0 = Release|x86
		{A3E0C829-3F79-4788-9C76-D248F2D4C8AA}.Release|x86.Deploy.0 = Release|x86
	EndGlobalSection
	GlobalSection(SolutionProperties) = preSolution
		HideSolutionNode = FALSE
	EndGlobalSection
EndGlobal
