
Microsoft Visual Studio Solution File, Format Version 12.00
# Visual Studio 15
VisualStudioVersion = 15.0.27130.2010
MinimumVisualStudioVersion = 10.0.40219.1
Project("{FAE04EC0-301F-11D3-BF4B-00C04F79EFBC}") = "TodoRealm.Android", "TodoRealm\TodoRealm.Android\TodoRealm.Android.csproj", "{499C311A-B142-4093-9F54-744686FE3F9A}"
EndProject
Project("{FAE04EC0-301F-11D3-BF4B-00C04F79EFBC}") = "TodoRealm.iOS", "TodoRealm\TodoRealm.iOS\TodoRealm.iOS.csproj", "{CA9592B5-FAD4-4768-BED5-213689AB1BEF}"
EndProject
Project("{FAE04EC0-301F-11D3-BF4B-00C04F79EFBC}") = "TodoRealm", "TodoRealm\TodoRealm\TodoRealm.csproj", "{F503BDAE-FB04-43A7-AA6E-64D75B7B4068}"
EndProject
Global
	GlobalSection(SolutionConfigurationPlatforms) = preSolution
		Ad-Hoc|Any CPU = Ad-Hoc|Any CPU
		Ad-Hoc|ARM = Ad-Hoc|ARM
		Ad-Hoc|iPhone = Ad-Hoc|iPhone
		Ad-Hoc|iPhoneSimulator = Ad-Hoc|iPhoneSimulator
		Ad-Hoc|x64 = Ad-Hoc|x64
		Ad-Hoc|x86 = Ad-Hoc|x86
		AppStore|Any CPU = AppStore|Any CPU
		AppStore|ARM = AppStore|ARM
		AppStore|iPhone = AppStore|iPhone
		AppStore|iPhoneSimulator = AppStore|iPhoneSimulator
		AppStore|x64 = AppStore|x64
		AppStore|x86 = AppStore|x86
		Debug|Any CPU = Debug|Any CPU
		Debug|ARM = Debug|ARM
		Debug|iPhone = Debug|iPhone
		Debug|iPhoneSimulator = Debug|iPhoneSimulator
		Debug|x64 = Debug|x64
		Debug|x86 = Debug|x86
		Release|Any CPU = Release|Any CPU
		Release|ARM = Release|ARM
		Release|iPhone = Release|iPhone
		Release|iPhoneSimulator = Release|iPhoneSimulator
		Release|x64 = Release|x64
		Release|x86 = Release|x86
	EndGlobalSection
	GlobalSection(ProjectConfigurationPlatforms) = postSolution
		{499C311A-B142-4093-9F54-744686FE3F9A}.Ad-Hoc|Any CPU.ActiveCfg = Release|Any CPU
		{499C311A-B142-4093-9F54-744686FE3F9A}.Ad-Hoc|Any CPU.Build.0 = Release|Any CPU
		{499C311A-B142-4093-9F54-744686FE3F9A}.Ad-Hoc|Any CPU.Deploy.0 = Release|Any CPU
		{499C311A-B142-4093-9F54-744686FE3F9A}.Ad-Hoc|ARM.ActiveCfg = Release|Any CPU
		{499C311A-B142-4093-9F54-744686FE3F9A}.Ad-Hoc|ARM.Build.0 = Release|Any CPU
		{499C311A-B142-4093-9F54-744686FE3F9A}.Ad-Hoc|ARM.Deploy.0 = Release|Any CPU
		{499C311A-B142-4093-9F54-744686FE3F9A}.Ad-Hoc|iPhone.ActiveCfg = Release|Any CPU
		{499C311A-B142-4093-9F54-744686FE3F9A}.Ad-Hoc|iPhone.Build.0 = Release|Any CPU
		{499C311A-B142-4093-9F54-744686FE3F9A}.Ad-Hoc|iPhone.Deploy.0 = Release|Any CPU
		{499C311A-B142-4093-9F54-744686FE3F9A}.Ad-Hoc|iPhoneSimulator.ActiveCfg = Release|Any CPU
		{499C311A-B142-4093-9F54-744686FE3F9A}.Ad-Hoc|iPhoneSimulator.Build.0 = Release|Any CPU
		{499C311A-B142-4093-9F54-744686FE3F9A}.Ad-Hoc|iPhoneSimulator.Deploy.0 = Release|Any CPU
		{499C311A-B142-4093-9F54-744686FE3F9A}.Ad-Hoc|x64.ActiveCfg = Release|Any CPU
		{499C311A-B142-4093-9F54-744686FE3F9A}.Ad-Hoc|x64.Build.0 = Release|Any CPU
		{499C311A-B142-4093-9F54-744686FE3F9A}.Ad-Hoc|x64.Deploy.0 = Release|Any CPU
		{499C311A-B142-4093-9F54-744686FE3F9A}.Ad-Hoc|x86.ActiveCfg = Release|Any CPU
		{499C311A-B142-4093-9F54-744686FE3F9A}.Ad-Hoc|x86.Build.0 = Release|Any CPU
		{499C311A-B142-4093-9F54-744686FE3F9A}.Ad-Hoc|x86.Deploy.0 = Release|Any CPU
		{499C311A-B142-4093-9F54-744686FE3F9A}.AppStore|Any CPU.ActiveCfg = Release|Any CPU
		{499C311A-B142-4093-9F54-744686FE3F9A}.AppStore|Any CPU.Build.0 = Release|Any CPU
		{499C311A-B142-4093-9F54-744686FE3F9A}.AppStore|Any CPU.Deploy.0 = Release|Any CPU
		{499C311A-B142-4093-9F54-744686FE3F9A}.AppStore|ARM.ActiveCfg = Release|Any CPU
		{499C311A-B142-4093-9F54-744686FE3F9A}.AppStore|ARM.Build.0 = Release|Any CPU
		{499C311A-B142-4093-9F54-744686FE3F9A}.AppStore|ARM.Deploy.0 = Release|Any CPU
		{499C311A-B142-4093-9F54-744686FE3F9A}.AppStore|iPhone.ActiveCfg = Release|Any CPU
		{499C311A-B142-4093-9F54-744686FE3F9A}.AppStore|iPhone.Build.0 = Release|Any CPU
		{499C311A-B142-4093-9F54-744686FE3F9A}.AppStore|iPhone.Deploy.0 = Release|Any CPU
		{499C311A-B142-4093-9F54-744686FE3F9A}.AppStore|iPhoneSimulator.ActiveCfg = Release|Any CPU
		{499C311A-B142-4093-9F54-744686FE3F9A}.AppStore|iPhoneSimulator.Build.0 = Release|Any CPU
		{499C311A-B142-4093-9F54-744686FE3F9A}.AppStore|iPhoneSimulator.Deploy.0 = Release|Any CPU
		{499C311A-B142-4093-9F54-744686FE3F9A}.AppStore|x64.ActiveCfg = Release|Any CPU
		{499C311A-B142-4093-9F54-744686FE3F9A}.AppStore|x64.Build.0 = Release|Any CPU
		{499C311A-B142-4093-9F54-744686FE3F9A}.AppStore|x64.Deploy.0 = Release|Any CPU
		{499C311A-B142-4093-9F54-744686FE3F9A}.AppStore|x86.ActiveCfg = Release|Any CPU
		{499C311A-B142-4093-9F54-744686FE3F9A}.AppStore|x86.Build.0 = Release|Any CPU
		{499C311A-B142-4093-9F54-744686FE3F9A}.AppStore|x86.Deploy.0 = Release|Any CPU
		{499C311A-B142-4093-9F54-744686FE3F9A}.Debug|Any CPU.ActiveCfg = Debug|Any CPU
		{499C311A-B142-4093-9F54-744686FE3F9A}.Debug|Any CPU.Build.0 = Debug|Any CPU
		{499C311A-B142-4093-9F54-744686FE3F9A}.Debug|Any CPU.Deploy.0 = Debug|Any CPU
		{499C311A-B142-4093-9F54-744686FE3F9A}.Debug|ARM.ActiveCfg = Debug|Any CPU
		{499C311A-B142-4093-9F54-744686FE3F9A}.Debug|ARM.Build.0 = Debug|Any CPU
		{499C311A-B142-4093-9F54-744686FE3F9A}.Debug|ARM.Deploy.0 = Debug|Any CPU
		{499C311A-B142-4093-9F54-744686FE3F9A}.Debug|iPhone.ActiveCfg = Debug|Any CPU
		{499C311A-B142-4093-9F54-744686FE3F9A}.Debug|iPhone.Build.0 = Debug|Any CPU
		{499C311A-B142-4093-9F54-744686FE3F9A}.Debug|iPhone.Deploy.0 = Debug|Any CPU
		{499C311A-B142-4093-9F54-744686FE3F9A}.Debug|iPhoneSimulator.ActiveCfg = Debug|Any CPU
		{499C311A-B142-4093-9F54-744686FE3F9A}.Debug|iPhoneSimulator.Build.0 = Debug|Any CPU
		{499C311A-B142-4093-9F54-744686FE3F9A}.Debug|iPhoneSimulator.Deploy.0 = Debug|Any CPU
		{499C311A-B142-4093-9F54-744686FE3F9A}.Debug|x64.ActiveCfg = Debug|Any CPU
		{499C311A-B142-4093-9F54-744686FE3F9A}.Debug|x64.Build.0 = Debug|Any CPU
		{499C311A-B142-4093-9F54-744686FE3F9A}.Debug|x64.Deploy.0 = Debug|Any CPU
		{499C311A-B142-4093-9F54-744686FE3F9A}.Debug|x86.ActiveCfg = Debug|Any CPU
		{499C311A-B142-4093-9F54-744686FE3F9A}.Debug|x86.Build.0 = Debug|Any CPU
		{499C311A-B142-4093-9F54-744686FE3F9A}.Debug|x86.Deploy.0 = Debug|Any CPU
		{499C311A-B142-4093-9F54-744686FE3F9A}.Release|Any CPU.ActiveCfg = Release|Any CPU
		{499C311A-B142-4093-9F54-744686FE3F9A}.Release|Any CPU.Build.0 = Release|Any CPU
		{499C311A-B142-4093-9F54-744686FE3F9A}.Release|Any CPU.Deploy.0 = Release|Any CPU
		{499C311A-B142-4093-9F54-744686FE3F9A}.Release|ARM.ActiveCfg = Release|Any CPU
		{499C311A-B142-4093-9F54-744686FE3F9A}.Release|ARM.Build.0 = Release|Any CPU
		{499C311A-B142-4093-9F54-744686FE3F9A}.Release|ARM.Deploy.0 = Release|Any CPU
		{499C311A-B142-4093-9F54-744686FE3F9A}.Release|iPhone.ActiveCfg = Release|Any CPU
		{499C311A-B142-4093-9F54-744686FE3F9A}.Release|iPhone.Build.0 = Release|Any CPU
		{499C311A-B142-4093-9F54-744686FE3F9A}.Release|iPhone.Deploy.0 = Release|Any CPU
		{499C311A-B142-4093-9F54-744686FE3F9A}.Release|iPhoneSimulator.ActiveCfg = Release|Any CPU
		{499C311A-B142-4093-9F54-744686FE3F9A}.Release|iPhoneSimulator.Build.0 = Release|Any CPU
		{499C311A-B142-4093-9F54-744686FE3F9A}.Release|iPhoneSimulator.Deploy.0 = Release|Any CPU
		{499C311A-B142-4093-9F54-744686FE3F9A}.Release|x64.ActiveCfg = Release|Any CPU
		{499C311A-B142-4093-9F54-744686FE3F9A}.Release|x64.Build.0 = Release|Any CPU
		{499C311A-B142-4093-9F54-744686FE3F9A}.Release|x64.Deploy.0 = Release|Any CPU
		{499C311A-B142-4093-9F54-744686FE3F9A}.Release|x86.ActiveCfg = Release|Any CPU
		{499C311A-B142-4093-9F54-744686FE3F9A}.Release|x86.Build.0 = Release|Any CPU
		{499C311A-B142-4093-9F54-744686FE3F9A}.Release|x86.Deploy.0 = Release|Any CPU
		{CA9592B5-FAD4-4768-BED5-213689AB1BEF}.Ad-Hoc|Any CPU.ActiveCfg = Ad-Hoc|iPhone
		{CA9592B5-FAD4-4768-BED5-213689AB1BEF}.Ad-Hoc|ARM.ActiveCfg = Ad-Hoc|iPhone
		{CA9592B5-FAD4-4768-BED5-213689AB1BEF}.Ad-Hoc|iPhone.ActiveCfg = Ad-Hoc|iPhone
		{CA9592B5-FAD4-4768-BED5-213689AB1BEF}.Ad-Hoc|iPhone.Build.0 = Ad-Hoc|iPhone
		{CA9592B5-FAD4-4768-BED5-213689AB1BEF}.Ad-Hoc|iPhoneSimulator.ActiveCfg = Ad-Hoc|iPhoneSimulator
		{CA9592B5-FAD4-4768-BED5-213689AB1BEF}.Ad-Hoc|iPhoneSimulator.Build.0 = Ad-Hoc|iPhoneSimulator
		{CA9592B5-FAD4-4768-BED5-213689AB1BEF}.Ad-Hoc|x64.ActiveCfg = Ad-Hoc|iPhone
		{CA9592B5-FAD4-4768-BED5-213689AB1BEF}.Ad-Hoc|x86.ActiveCfg = Ad-Hoc|iPhone
		{CA9592B5-FAD4-4768-BED5-213689AB1BEF}.AppStore|Any CPU.ActiveCfg = AppStore|iPhone
		{CA9592B5-FAD4-4768-BED5-213689AB1BEF}.AppStore|ARM.ActiveCfg = AppStore|iPhone
		{CA9592B5-FAD4-4768-BED5-213689AB1BEF}.AppStore|iPhone.ActiveCfg = AppStore|iPhone
		{CA9592B5-FAD4-4768-BED5-213689AB1BEF}.AppStore|iPhone.Build.0 = AppStore|iPhone
		{CA9592B5-FAD4-4768-BED5-213689AB1BEF}.AppStore|iPhoneSimulator.ActiveCfg = AppStore|iPhoneSimulator
		{CA9592B5-FAD4-4768-BED5-213689AB1BEF}.AppStore|iPhoneSimulator.Build.0 = AppStore|iPhoneSimulator
		{CA9592B5-FAD4-4768-BED5-213689AB1BEF}.AppStore|x64.ActiveCfg = AppStore|iPhone
		{CA9592B5-FAD4-4768-BED5-213689AB1BEF}.AppStore|x86.ActiveCfg = AppStore|iPhone
		{CA9592B5-FAD4-4768-BED5-213689AB1BEF}.Debug|Any CPU.ActiveCfg = Debug|iPhone
		{CA9592B5-FAD4-4768-BED5-213689AB1BEF}.Debug|Any CPU.Build.0 = Debug|iPhone
		{CA9592B5-FAD4-4768-BED5-213689AB1BEF}.Debug|ARM.ActiveCfg = Debug|iPhone
		{CA9592B5-FAD4-4768-BED5-213689AB1BEF}.Debug|iPhone.ActiveCfg = Debug|iPhone
		{CA9592B5-FAD4-4768-BED5-213689AB1BEF}.Debug|iPhone.Build.0 = Debug|iPhone
		{CA9592B5-FAD4-4768-BED5-213689AB1BEF}.Debug|iPhoneSimulator.ActiveCfg = Debug|iPhoneSimulator
		{CA9592B5-FAD4-4768-BED5-213689AB1BEF}.Debug|iPhoneSimulator.Build.0 = Debug|iPhoneSimulator
		{CA9592B5-FAD4-4768-BED5-213689AB1BEF}.Debug|x64.ActiveCfg = Debug|iPhone
		{CA9592B5-FAD4-4768-BED5-213689AB1BEF}.Debug|x86.ActiveCfg = Debug|iPhone
		{CA9592B5-FAD4-4768-BED5-213689AB1BEF}.Release|Any CPU.ActiveCfg = Release|iPhone
		{CA9592B5-FAD4-4768-BED5-213689AB1BEF}.Release|ARM.ActiveCfg = Release|iPhone
		{CA9592B5-FAD4-4768-BED5-213689AB1BEF}.Release|iPhone.ActiveCfg = Release|iPhone
		{CA9592B5-FAD4-4768-BED5-213689AB1BEF}.Release|iPhone.Build.0 = Release|iPhone
		{CA9592B5-FAD4-4768-BED5-213689AB1BEF}.Release|iPhoneSimulator.ActiveCfg = Release|iPhoneSimulator
		{CA9592B5-FAD4-4768-BED5-213689AB1BEF}.Release|iPhoneSimulator.Build.0 = Release|iPhoneSimulator
		{CA9592B5-FAD4-4768-BED5-213689AB1BEF}.Release|x64.ActiveCfg = Release|iPhone
		{CA9592B5-FAD4-4768-BED5-213689AB1BEF}.Release|x86.ActiveCfg = Release|iPhone
		{F503BDAE-FB04-43A7-AA6E-64D75B7B4068}.Ad-Hoc|Any CPU.ActiveCfg = Debug|Any CPU
		{F503BDAE-FB04-43A7-AA6E-64D75B7B4068}.Ad-Hoc|Any CPU.Build.0 = Debug|Any CPU
		{F503BDAE-FB04-43A7-AA6E-64D75B7B4068}.Ad-Hoc|ARM.ActiveCfg = Debug|Any CPU
		{F503BDAE-FB04-43A7-AA6E-64D75B7B4068}.Ad-Hoc|ARM.Build.0 = Debug|Any CPU
		{F503BDAE-FB04-43A7-AA6E-64D75B7B4068}.Ad-Hoc|iPhone.ActiveCfg = Debug|Any CPU
		{F503BDAE-FB04-43A7-AA6E-64D75B7B4068}.Ad-Hoc|iPhone.Build.0 = Debug|Any CPU
		{F503BDAE-FB04-43A7-AA6E-64D75B7B4068}.Ad-Hoc|iPhoneSimulator.ActiveCfg = Debug|Any CPU
		{F503BDAE-FB04-43A7-AA6E-64D75B7B4068}.Ad-Hoc|iPhoneSimulator.Build.0 = Debug|Any CPU
		{F503BDAE-FB04-43A7-AA6E-64D75B7B4068}.Ad-Hoc|x64.ActiveCfg = Debug|Any CPU
		{F503BDAE-FB04-43A7-AA6E-64D75B7B4068}.Ad-Hoc|x64.Build.0 = Debug|Any CPU
		{F503BDAE-FB04-43A7-AA6E-64D75B7B4068}.Ad-Hoc|x86.ActiveCfg = Debug|Any CPU
		{F503BDAE-FB04-43A7-AA6E-64D75B7B4068}.Ad-Hoc|x86.Build.0 = Debug|Any CPU
		{F503BDAE-FB04-43A7-AA6E-64D75B7B4068}.AppStore|Any CPU.ActiveCfg = Debug|Any CPU
		{F503BDAE-FB04-43A7-AA6E-64D75B7B4068}.AppStore|Any CPU.Build.0 = Debug|Any CPU
		{F503BDAE-FB04-43A7-AA6E-64D75B7B4068}.AppStore|ARM.ActiveCfg = Debug|Any CPU
		{F503BDAE-FB04-43A7-AA6E-64D75B7B4068}.AppStore|ARM.Build.0 = Debug|Any CPU
		{F503BDAE-FB04-43A7-AA6E-64D75B7B4068}.AppStore|iPhone.ActiveCfg = Debug|Any CPU
		{F503BDAE-FB04-43A7-AA6E-64D75B7B4068}.AppStore|iPhone.Build.0 = Debug|Any CPU
		{F503BDAE-FB04-43A7-AA6E-64D75B7B4068}.AppStore|iPhoneSimulator.ActiveCfg = Debug|Any CPU
		{F503BDAE-FB04-43A7-AA6E-64D75B7B4068}.AppStore|iPhoneSimulator.Build.0 = Debug|Any CPU
		{F503BDAE-FB04-43A7-AA6E-64D75B7B4068}.AppStore|x64.ActiveCfg = Debug|Any CPU
		{F503BDAE-FB04-43A7-AA6E-64D75B7B4068}.AppStore|x64.Build.0 = Debug|Any CPU
		{F503BDAE-FB04-43A7-AA6E-64D75B7B4068}.AppStore|x86.ActiveCfg = Debug|Any CPU
		{F503BDAE-FB04-43A7-AA6E-64D75B7B4068}.AppStore|x86.Build.0 = Debug|Any CPU
		{F503BDAE-FB04-43A7-AA6E-64D75B7B4068}.Debug|Any CPU.ActiveCfg = Debug|Any CPU
		{F503BDAE-FB04-43A7-AA6E-64D75B7B4068}.Debug|Any CPU.Build.0 = Debug|Any CPU
		{F503BDAE-FB04-43A7-AA6E-64D75B7B4068}.Debug|ARM.ActiveCfg = Debug|Any CPU
		{F503BDAE-FB04-43A7-AA6E-64D75B7B4068}.Debug|ARM.Build.0 = Debug|Any CPU
		{F503BDAE-FB04-43A7-AA6E-64D75B7B4068}.Debug|iPhone.ActiveCfg = Debug|Any CPU
		{F503BDAE-FB04-43A7-AA6E-64D75B7B4068}.Debug|iPhone.Build.0 = Debug|Any CPU
		{F503BDAE-FB04-43A7-AA6E-64D75B7B4068}.Debug|iPhoneSimulator.ActiveCfg = Debug|Any CPU
		{F503BDAE-FB04-43A7-AA6E-64D75B7B4068}.Debug|iPhoneSimulator.Build.0 = Debug|Any CPU
		{F503BDAE-FB04-43A7-AA6E-64D75B7B4068}.Debug|x64.ActiveCfg = Debug|Any CPU
		{F503BDAE-FB04-43A7-AA6E-64D75B7B4068}.Debug|x64.Build.0 = Debug|Any CPU
		{F503BDAE-FB04-43A7-AA6E-64D75B7B4068}.Debug|x86.ActiveCfg = Debug|Any CPU
		{F503BDAE-FB04-43A7-AA6E-64D75B7B4068}.Debug|x86.Build.0 = Debug|Any CPU
		{F503BDAE-FB04-43A7-AA6E-64D75B7B4068}.Release|Any CPU.ActiveCfg = Release|Any CPU
		{F503BDAE-FB04-43A7-AA6E-64D75B7B4068}.Release|Any CPU.Build.0 = Release|Any CPU
		{F503BDAE-FB04-43A7-AA6E-64D75B7B4068}.Release|ARM.ActiveCfg = Release|Any CPU
		{F503BDAE-FB04-43A7-AA6E-64D75B7B4068}.Release|ARM.Build.0 = Release|Any CPU
		{F503BDAE-FB04-43A7-AA6E-64D75B7B4068}.Release|iPhone.ActiveCfg = Release|Any CPU
		{F503BDAE-FB04-43A7-AA6E-64D75B7B4068}.Release|iPhone.Build.0 = Release|Any CPU
		{F503BDAE-FB04-43A7-AA6E-64D75B7B4068}.Release|iPhoneSimulator.ActiveCfg = Release|Any CPU
		{F503BDAE-FB04-43A7-AA6E-64D75B7B4068}.Release|iPhoneSimulator.Build.0 = Release|Any CPU
		{F503BDAE-FB04-43A7-AA6E-64D75B7B4068}.Release|x64.ActiveCfg = Release|Any CPU
		{F503BDAE-FB04-43A7-AA6E-64D75B7B4068}.Release|x64.Build.0 = Release|Any CPU
		{F503BDAE-FB04-43A7-AA6E-64D75B7B4068}.Release|x86.ActiveCfg = Release|Any CPU
		{F503BDAE-FB04-43A7-AA6E-64D75B7B4068}.Release|x86.Build.0 = Release|Any CPU
	EndGlobalSection
	GlobalSection(SolutionProperties) = preSolution
		HideSolutionNode = FALSE
	EndGlobalSection
	GlobalSection(ExtensibilityGlobals) = postSolution
		SolutionGuid = {B4EF7487-39C0-49AC-83F3-D568613D4C76}
	EndGlobalSection
EndGlobal
