
Microsoft Visual Studio Solution File, Format Version 12.00
# Visual Studio 14
VisualStudioVersion = 14.0.24720.0
MinimumVisualStudioVersion = 10.0.40219.1
Project("{FAE04EC0-301F-11D3-BF4B-00C04F79EFBC}") = "AdaptTablet.Droid", "AdaptTablet\AdaptTablet.Droid\AdaptTablet.Droid.csproj", "{3897627E-4F9E-4196-B411-CB4F343038B0}"
EndProject
Project("{FAE04EC0-301F-11D3-BF4B-00C04F79EFBC}") = "AdaptTablet.iOS", "AdaptTablet\AdaptTablet.iOS\AdaptTablet.iOS.csproj", "{6898F811-D4BC-45C0-B844-9CC3F4564CA5}"
EndProject
Project("{FAE04EC0-301F-11D3-BF4B-00C04F79EFBC}") = "AdaptTablet.WinPhone", "AdaptTablet\AdaptTablet.WinPhone\AdaptTablet.WinPhone.csproj", "{218661DA-ADA1-450B-95F3-917B2635DC45}"
EndProject
Project("{FAE04EC0-301F-11D3-BF4B-00C04F79EFBC}") = "AdaptTablet.UWP", "AdaptTablet\AdaptTablet.UWP\AdaptTablet.UWP.csproj", "{303BAA24-93D3-4613-9263-EBCC62FC790A}"
EndProject
Project("{FAE04EC0-301F-11D3-BF4B-00C04F79EFBC}") = "AdaptTablet.Windows", "AdaptTablet\AdaptTablet.Windows\AdaptTablet.Windows.csproj", "{D2F8EFC3-2258-4523-805C-92B6424007D4}"
EndProject
Project("{FAE04EC0-301F-11D3-BF4B-00C04F79EFBC}") = "AdaptTablet", "AdaptTablet\AdaptTablet\AdaptTablet.csproj", "{82D06673-B899-4F7C-941E-09D17730703D}"
EndProject
Project("{2150E333-8FDC-42A3-9474-1A3956D46DE8}") = "App", "App", "{C288C14C-2D4A-47E4-825A-618C1527EFE5}"
EndProject
Project("{FAE04EC0-301F-11D3-BF4B-00C04F79EFBC}") = "AdaptTablet.ErgastAPI", "AdaptTablet.ErgastAPI\AdaptTablet.ErgastAPI.csproj", "{34DBDCE3-5B13-4A05-A311-7D54466E7B54}"
EndProject
Global
	GlobalSection(SolutionConfigurationPlatforms) = preSolution
		Ad-Hoc|Any CPU = Ad-Hoc|Any CPU
		Ad-Hoc|ARM = Ad-Hoc|ARM
		Ad-Hoc|iPhone = Ad-Hoc|iPhone
		Ad-Hoc|iPhoneSimulator = Ad-Hoc|iPhoneSimulator
		Ad-Hoc|x64 = Ad-Hoc|x64
		Ad-Hoc|x86 = Ad-Hoc|x86
		AppStore|Any CPU = AppStore|Any CPU
		AppStore|ARM = AppStore|ARM
		AppStore|iPhone = AppStore|iPhone
		AppStore|iPhoneSimulator = AppStore|iPhoneSimulator
		AppStore|x64 = AppStore|x64
		AppStore|x86 = AppStore|x86
		Debug|Any CPU = Debug|Any CPU
		Debug|ARM = Debug|ARM
		Debug|iPhone = Debug|iPhone
		Debug|iPhoneSimulator = Debug|iPhoneSimulator
		Debug|x64 = Debug|x64
		Debug|x86 = Debug|x86
		Release|Any CPU = Release|Any CPU
		Release|ARM = Release|ARM
		Release|iPhone = Release|iPhone
		Release|iPhoneSimulator = Release|iPhoneSimulator
		Release|x64 = Release|x64
		Release|x86 = Release|x86
	EndGlobalSection
	GlobalSection(ProjectConfigurationPlatforms) = postSolution
		{3897627E-4F9E-4196-B411-CB4F343038B0}.Ad-Hoc|Any CPU.ActiveCfg = Release|Any CPU
		{3897627E-4F9E-4196-B411-CB4F343038B0}.Ad-Hoc|Any CPU.Build.0 = Release|Any CPU
		{3897627E-4F9E-4196-B411-CB4F343038B0}.Ad-Hoc|Any CPU.Deploy.0 = Release|Any CPU
		{3897627E-4F9E-4196-B411-CB4F343038B0}.Ad-Hoc|ARM.ActiveCfg = Release|Any CPU
		{3897627E-4F9E-4196-B411-CB4F343038B0}.Ad-Hoc|ARM.Build.0 = Release|Any CPU
		{3897627E-4F9E-4196-B411-CB4F343038B0}.Ad-Hoc|ARM.Deploy.0 = Release|Any CPU
		{3897627E-4F9E-4196-B411-CB4F343038B0}.Ad-Hoc|iPhone.ActiveCfg = Release|Any CPU
		{3897627E-4F9E-4196-B411-CB4F343038B0}.Ad-Hoc|iPhone.Build.0 = Release|Any CPU
		{3897627E-4F9E-4196-B411-CB4F343038B0}.Ad-Hoc|iPhone.Deploy.0 = Release|Any CPU
		{3897627E-4F9E-4196-B411-CB4F343038B0}.Ad-Hoc|iPhoneSimulator.ActiveCfg = Release|Any CPU
		{3897627E-4F9E-4196-B411-CB4F343038B0}.Ad-Hoc|iPhoneSimulator.Build.0 = Release|Any CPU
		{3897627E-4F9E-4196-B411-CB4F343038B0}.Ad-Hoc|iPhoneSimulator.Deploy.0 = Release|Any CPU
		{3897627E-4F9E-4196-B411-CB4F343038B0}.Ad-Hoc|x64.ActiveCfg = Release|Any CPU
		{3897627E-4F9E-4196-B411-CB4F343038B0}.Ad-Hoc|x64.Build.0 = Release|Any CPU
		{3897627E-4F9E-4196-B411-CB4F343038B0}.Ad-Hoc|x64.Deploy.0 = Release|Any CPU
		{3897627E-4F9E-4196-B411-CB4F343038B0}.Ad-Hoc|x86.ActiveCfg = Release|Any CPU
		{3897627E-4F9E-4196-B411-CB4F343038B0}.Ad-Hoc|x86.Build.0 = Release|Any CPU
		{3897627E-4F9E-4196-B411-CB4F343038B0}.Ad-Hoc|x86.Deploy.0 = Release|Any CPU
		{3897627E-4F9E-4196-B411-CB4F343038B0}.AppStore|Any CPU.ActiveCfg = Release|Any CPU
		{3897627E-4F9E-4196-B411-CB4F343038B0}.AppStore|Any CPU.Build.0 = Release|Any CPU
		{3897627E-4F9E-4196-B411-CB4F343038B0}.AppStore|Any CPU.Deploy.0 = Release|Any CPU
		{3897627E-4F9E-4196-B411-CB4F343038B0}.AppStore|ARM.ActiveCfg = Release|Any CPU
		{3897627E-4F9E-4196-B411-CB4F343038B0}.AppStore|ARM.Build.0 = Release|Any CPU
		{3897627E-4F9E-4196-B411-CB4F343038B0}.AppStore|ARM.Deploy.0 = Release|Any CPU
		{3897627E-4F9E-4196-B411-CB4F343038B0}.AppStore|iPhone.ActiveCfg = Release|Any CPU
		{3897627E-4F9E-4196-B411-CB4F343038B0}.AppStore|iPhone.Build.0 = Release|Any CPU
		{3897627E-4F9E-4196-B411-CB4F343038B0}.AppStore|iPhone.Deploy.0 = Release|Any CPU
		{3897627E-4F9E-4196-B411-CB4F343038B0}.AppStore|iPhoneSimulator.ActiveCfg = Release|Any CPU
		{3897627E-4F9E-4196-B411-CB4F343038B0}.AppStore|iPhoneSimulator.Build.0 = Release|Any CPU
		{3897627E-4F9E-4196-B411-CB4F343038B0}.AppStore|iPhoneSimulator.Deploy.0 = Release|Any CPU
		{3897627E-4F9E-4196-B411-CB4F343038B0}.AppStore|x64.ActiveCfg = Release|Any CPU
		{3897627E-4F9E-4196-B411-CB4F343038B0}.AppStore|x64.Build.0 = Release|Any CPU
		{3897627E-4F9E-4196-B411-CB4F343038B0}.AppStore|x64.Deploy.0 = Release|Any CPU
		{3897627E-4F9E-4196-B411-CB4F343038B0}.AppStore|x86.ActiveCfg = Release|Any CPU
		{3897627E-4F9E-4196-B411-CB4F343038B0}.AppStore|x86.Build.0 = Release|Any CPU
		{3897627E-4F9E-4196-B411-CB4F343038B0}.AppStore|x86.Deploy.0 = Release|Any CPU
		{3897627E-4F9E-4196-B411-CB4F343038B0}.Debug|Any CPU.ActiveCfg = Debug|Any CPU
		{3897627E-4F9E-4196-B411-CB4F343038B0}.Debug|Any CPU.Build.0 = Debug|Any CPU
		{3897627E-4F9E-4196-B411-CB4F343038B0}.Debug|Any CPU.Deploy.0 = Debug|Any CPU
		{3897627E-4F9E-4196-B411-CB4F343038B0}.Debug|ARM.ActiveCfg = Debug|Any CPU
		{3897627E-4F9E-4196-B411-CB4F343038B0}.Debug|ARM.Build.0 = Debug|Any CPU
		{3897627E-4F9E-4196-B411-CB4F343038B0}.Debug|ARM.Deploy.0 = Debug|Any CPU
		{3897627E-4F9E-4196-B411-CB4F343038B0}.Debug|iPhone.ActiveCfg = Debug|Any CPU
		{3897627E-4F9E-4196-B411-CB4F343038B0}.Debug|iPhone.Build.0 = Debug|Any CPU
		{3897627E-4F9E-4196-B411-CB4F343038B0}.Debug|iPhone.Deploy.0 = Debug|Any CPU
		{3897627E-4F9E-4196-B411-CB4F343038B0}.Debug|iPhoneSimulator.ActiveCfg = Debug|Any CPU
		{3897627E-4F9E-4196-B411-CB4F343038B0}.Debug|iPhoneSimulator.Build.0 = Debug|Any CPU
		{3897627E-4F9E-4196-B411-CB4F343038B0}.Debug|iPhoneSimulator.Deploy.0 = Debug|Any CPU
		{3897627E-4F9E-4196-B411-CB4F343038B0}.Debug|x64.ActiveCfg = Debug|Any CPU
		{3897627E-4F9E-4196-B411-CB4F343038B0}.Debug|x64.Build.0 = Debug|Any CPU
		{3897627E-4F9E-4196-B411-CB4F343038B0}.Debug|x64.Deploy.0 = Debug|Any CPU
		{3897627E-4F9E-4196-B411-CB4F343038B0}.Debug|x86.ActiveCfg = Debug|Any CPU
		{3897627E-4F9E-4196-B411-CB4F343038B0}.Debug|x86.Build.0 = Debug|Any CPU
		{3897627E-4F9E-4196-B411-CB4F343038B0}.Debug|x86.Deploy.0 = Debug|Any CPU
		{3897627E-4F9E-4196-B411-CB4F343038B0}.Release|Any CPU.ActiveCfg = Release|Any CPU
		{3897627E-4F9E-4196-B411-CB4F343038B0}.Release|Any CPU.Build.0 = Release|Any CPU
		{3897627E-4F9E-4196-B411-CB4F343038B0}.Release|Any CPU.Deploy.0 = Release|Any CPU
		{3897627E-4F9E-4196-B411-CB4F343038B0}.Release|ARM.ActiveCfg = Release|Any CPU
		{3897627E-4F9E-4196-B411-CB4F343038B0}.Release|ARM.Build.0 = Release|Any CPU
		{3897627E-4F9E-4196-B411-CB4F343038B0}.Release|ARM.Deploy.0 = Release|Any CPU
		{3897627E-4F9E-4196-B411-CB4F343038B0}.Release|iPhone.ActiveCfg = Release|Any CPU
		{3897627E-4F9E-4196-B411-CB4F343038B0}.Release|iPhone.Build.0 = Release|Any CPU
		{3897627E-4F9E-4196-B411-CB4F343038B0}.Release|iPhone.Deploy.0 = Release|Any CPU
		{3897627E-4F9E-4196-B411-CB4F343038B0}.Release|iPhoneSimulator.ActiveCfg = Release|Any CPU
		{3897627E-4F9E-4196-B411-CB4F343038B0}.Release|iPhoneSimulator.Build.0 = Release|Any CPU
		{3897627E-4F9E-4196-B411-CB4F343038B0}.Release|iPhoneSimulator.Deploy.0 = Release|Any CPU
		{3897627E-4F9E-4196-B411-CB4F343038B0}.Release|x64.ActiveCfg = Release|Any CPU
		{3897627E-4F9E-4196-B411-CB4F343038B0}.Release|x64.Build.0 = Release|Any CPU
		{3897627E-4F9E-4196-B411-CB4F343038B0}.Release|x64.Deploy.0 = Release|Any CPU
		{3897627E-4F9E-4196-B411-CB4F343038B0}.Release|x86.ActiveCfg = Release|Any CPU
		{3897627E-4F9E-4196-B411-CB4F343038B0}.Release|x86.Build.0 = Release|Any CPU
		{3897627E-4F9E-4196-B411-CB4F343038B0}.Release|x86.Deploy.0 = Release|Any CPU
		{6898F811-D4BC-45C0-B844-9CC3F4564CA5}.Ad-Hoc|Any CPU.ActiveCfg = Ad-Hoc|iPhone
		{6898F811-D4BC-45C0-B844-9CC3F4564CA5}.Ad-Hoc|ARM.ActiveCfg = Ad-Hoc|iPhone
		{6898F811-D4BC-45C0-B844-9CC3F4564CA5}.Ad-Hoc|iPhone.ActiveCfg = Ad-Hoc|iPhone
		{6898F811-D4BC-45C0-B844-9CC3F4564CA5}.Ad-Hoc|iPhone.Build.0 = Ad-Hoc|iPhone
		{6898F811-D4BC-45C0-B844-9CC3F4564CA5}.Ad-Hoc|iPhoneSimulator.ActiveCfg = Ad-Hoc|iPhoneSimulator
		{6898F811-D4BC-45C0-B844-9CC3F4564CA5}.Ad-Hoc|iPhoneSimulator.Build.0 = Ad-Hoc|iPhoneSimulator
		{6898F811-D4BC-45C0-B844-9CC3F4564CA5}.Ad-Hoc|x64.ActiveCfg = Ad-Hoc|iPhone
		{6898F811-D4BC-45C0-B844-9CC3F4564CA5}.Ad-Hoc|x86.ActiveCfg = Ad-Hoc|iPhone
		{6898F811-D4BC-45C0-B844-9CC3F4564CA5}.AppStore|Any CPU.ActiveCfg = AppStore|iPhone
		{6898F811-D4BC-45C0-B844-9CC3F4564CA5}.AppStore|ARM.ActiveCfg = AppStore|iPhone
		{6898F811-D4BC-45C0-B844-9CC3F4564CA5}.AppStore|iPhone.ActiveCfg = AppStore|iPhone
		{6898F811-D4BC-45C0-B844-9CC3F4564CA5}.AppStore|iPhone.Build.0 = AppStore|iPhone
		{6898F811-D4BC-45C0-B844-9CC3F4564CA5}.AppStore|iPhoneSimulator.ActiveCfg = AppStore|iPhoneSimulator
		{6898F811-D4BC-45C0-B844-9CC3F4564CA5}.AppStore|iPhoneSimulator.Build.0 = AppStore|iPhoneSimulator
		{6898F811-D4BC-45C0-B844-9CC3F4564CA5}.AppStore|x64.ActiveCfg = AppStore|iPhone
		{6898F811-D4BC-45C0-B844-9CC3F4564CA5}.AppStore|x86.ActiveCfg = AppStore|iPhone
		{6898F811-D4BC-45C0-B844-9CC3F4564CA5}.Debug|Any CPU.ActiveCfg = Debug|iPhone
		{6898F811-D4BC-45C0-B844-9CC3F4564CA5}.Debug|ARM.ActiveCfg = Debug|iPhone
		{6898F811-D4BC-45C0-B844-9CC3F4564CA5}.Debug|iPhone.ActiveCfg = Debug|iPhone
		{6898F811-D4BC-45C0-B844-9CC3F4564CA5}.Debug|iPhone.Build.0 = Debug|iPhone
		{6898F811-D4BC-45C0-B844-9CC3F4564CA5}.Debug|iPhoneSimulator.ActiveCfg = Debug|iPhoneSimulator
		{6898F811-D4BC-45C0-B844-9CC3F4564CA5}.Debug|iPhoneSimulator.Build.0 = Debug|iPhoneSimulator
		{6898F811-D4BC-45C0-B844-9CC3F4564CA5}.Debug|x64.ActiveCfg = Debug|iPhone
		{6898F811-D4BC-45C0-B844-9CC3F4564CA5}.Debug|x86.ActiveCfg = Debug|iPhone
		{6898F811-D4BC-45C0-B844-9CC3F4564CA5}.Release|Any CPU.ActiveCfg = Release|iPhone
		{6898F811-D4BC-45C0-B844-9CC3F4564CA5}.Release|ARM.ActiveCfg = Release|iPhone
		{6898F811-D4BC-45C0-B844-9CC3F4564CA5}.Release|iPhone.ActiveCfg = Release|iPhone
		{6898F811-D4BC-45C0-B844-9CC3F4564CA5}.Release|iPhone.Build.0 = Release|iPhone
		{6898F811-D4BC-45C0-B844-9CC3F4564CA5}.Release|iPhoneSimulator.ActiveCfg = Release|iPhoneSimulator
		{6898F811-D4BC-45C0-B844-9CC3F4564CA5}.Release|iPhoneSimulator.Build.0 = Release|iPhoneSimulator
		{6898F811-D4BC-45C0-B844-9CC3F4564CA5}.Release|x64.ActiveCfg = Release|iPhone
		{6898F811-D4BC-45C0-B844-9CC3F4564CA5}.Release|x86.ActiveCfg = Release|iPhone
		{218661DA-ADA1-450B-95F3-917B2635DC45}.Ad-Hoc|Any CPU.ActiveCfg = Release|Any CPU
		{218661DA-ADA1-450B-95F3-917B2635DC45}.Ad-Hoc|Any CPU.Build.0 = Release|Any CPU
		{218661DA-ADA1-450B-95F3-917B2635DC45}.Ad-Hoc|Any CPU.Deploy.0 = Release|Any CPU
		{218661DA-ADA1-450B-95F3-917B2635DC45}.Ad-Hoc|ARM.ActiveCfg = Release|ARM
		{218661DA-ADA1-450B-95F3-917B2635DC45}.Ad-Hoc|ARM.Build.0 = Release|ARM
		{218661DA-ADA1-450B-95F3-917B2635DC45}.Ad-Hoc|ARM.Deploy.0 = Release|ARM
		{218661DA-ADA1-450B-95F3-917B2635DC45}.Ad-Hoc|iPhone.ActiveCfg = Release|Any CPU
		{218661DA-ADA1-450B-95F3-917B2635DC45}.Ad-Hoc|iPhone.Build.0 = Release|Any CPU
		{218661DA-ADA1-450B-95F3-917B2635DC45}.Ad-Hoc|iPhone.Deploy.0 = Release|Any CPU
		{218661DA-ADA1-450B-95F3-917B2635DC45}.Ad-Hoc|iPhoneSimulator.ActiveCfg = Release|Any CPU
		{218661DA-ADA1-450B-95F3-917B2635DC45}.Ad-Hoc|iPhoneSimulator.Build.0 = Release|Any CPU
		{218661DA-ADA1-450B-95F3-917B2635DC45}.Ad-Hoc|iPhoneSimulator.Deploy.0 = Release|Any CPU
		{218661DA-ADA1-450B-95F3-917B2635DC45}.Ad-Hoc|x64.ActiveCfg = Release|Any CPU
		{218661DA-ADA1-450B-95F3-917B2635DC45}.Ad-Hoc|x64.Build.0 = Release|Any CPU
		{218661DA-ADA1-450B-95F3-917B2635DC45}.Ad-Hoc|x64.Deploy.0 = Release|Any CPU
		{218661DA-ADA1-450B-95F3-917B2635DC45}.Ad-Hoc|x86.ActiveCfg = Release|x86
		{218661DA-ADA1-450B-95F3-917B2635DC45}.Ad-Hoc|x86.Build.0 = Release|x86
		{218661DA-ADA1-450B-95F3-917B2635DC45}.Ad-Hoc|x86.Deploy.0 = Release|x86
		{218661DA-ADA1-450B-95F3-917B2635DC45}.AppStore|Any CPU.ActiveCfg = Release|Any CPU
		{218661DA-ADA1-450B-95F3-917B2635DC45}.AppStore|Any CPU.Build.0 = Release|Any CPU
		{218661DA-ADA1-450B-95F3-917B2635DC45}.AppStore|Any CPU.Deploy.0 = Release|Any CPU
		{218661DA-ADA1-450B-95F3-917B2635DC45}.AppStore|ARM.ActiveCfg = Release|ARM
		{218661DA-ADA1-450B-95F3-917B2635DC45}.AppStore|ARM.Build.0 = Release|ARM
		{218661DA-ADA1-450B-95F3-917B2635DC45}.AppStore|ARM.Deploy.0 = Release|ARM
		{218661DA-ADA1-450B-95F3-917B2635DC45}.AppStore|iPhone.ActiveCfg = Release|Any CPU
		{218661DA-ADA1-450B-95F3-917B2635DC45}.AppStore|iPhone.Build.0 = Release|Any CPU
		{218661DA-ADA1-450B-95F3-917B2635DC45}.AppStore|iPhone.Deploy.0 = Release|Any CPU
		{218661DA-ADA1-450B-95F3-917B2635DC45}.AppStore|iPhoneSimulator.ActiveCfg = Release|Any CPU
		{218661DA-ADA1-450B-95F3-917B2635DC45}.AppStore|iPhoneSimulator.Build.0 = Release|Any CPU
		{218661DA-ADA1-450B-95F3-917B2635DC45}.AppStore|iPhoneSimulator.Deploy.0 = Release|Any CPU
		{218661DA-ADA1-450B-95F3-917B2635DC45}.AppStore|x64.ActiveCfg = Release|Any CPU
		{218661DA-ADA1-450B-95F3-917B2635DC45}.AppStore|x64.Build.0 = Release|Any CPU
		{218661DA-ADA1-450B-95F3-917B2635DC45}.AppStore|x64.Deploy.0 = Release|Any CPU
		{218661DA-ADA1-450B-95F3-917B2635DC45}.AppStore|x86.ActiveCfg = Release|x86
		{218661DA-ADA1-450B-95F3-917B2635DC45}.AppStore|x86.Build.0 = Release|x86
		{218661DA-ADA1-450B-95F3-917B2635DC45}.AppStore|x86.Deploy.0 = Release|x86
		{218661DA-ADA1-450B-95F3-917B2635DC45}.Debug|Any CPU.ActiveCfg = Debug|Any CPU
		{218661DA-ADA1-450B-95F3-917B2635DC45}.Debug|Any CPU.Build.0 = Debug|Any CPU
		{218661DA-ADA1-450B-95F3-917B2635DC45}.Debug|Any CPU.Deploy.0 = Debug|Any CPU
		{218661DA-ADA1-450B-95F3-917B2635DC45}.Debug|ARM.ActiveCfg = Debug|ARM
		{218661DA-ADA1-450B-95F3-917B2635DC45}.Debug|ARM.Build.0 = Debug|ARM
		{218661DA-ADA1-450B-95F3-917B2635DC45}.Debug|ARM.Deploy.0 = Debug|ARM
		{218661DA-ADA1-450B-95F3-917B2635DC45}.Debug|iPhone.ActiveCfg = Debug|Any CPU
		{218661DA-ADA1-450B-95F3-917B2635DC45}.Debug|iPhone.Build.0 = Debug|Any CPU
		{218661DA-ADA1-450B-95F3-917B2635DC45}.Debug|iPhone.Deploy.0 = Debug|Any CPU
		{218661DA-ADA1-450B-95F3-917B2635DC45}.Debug|iPhoneSimulator.ActiveCfg = Debug|Any CPU
		{218661DA-ADA1-450B-95F3-917B2635DC45}.Debug|iPhoneSimulator.Build.0 = Debug|Any CPU
		{218661DA-ADA1-450B-95F3-917B2635DC45}.Debug|iPhoneSimulator.Deploy.0 = Debug|Any CPU
		{218661DA-ADA1-450B-95F3-917B2635DC45}.Debug|x64.ActiveCfg = Debug|Any CPU
		{218661DA-ADA1-450B-95F3-917B2635DC45}.Debug|x64.Build.0 = Debug|Any CPU
		{218661DA-ADA1-450B-95F3-917B2635DC45}.Debug|x64.Deploy.0 = Debug|Any CPU
		{218661DA-ADA1-450B-95F3-917B2635DC45}.Debug|x86.ActiveCfg = Debug|x86
		{218661DA-ADA1-450B-95F3-917B2635DC45}.Debug|x86.Build.0 = Debug|x86
		{218661DA-ADA1-450B-95F3-917B2635DC45}.Debug|x86.Deploy.0 = Debug|x86
		{218661DA-ADA1-450B-95F3-917B2635DC45}.Release|Any CPU.ActiveCfg = Release|Any CPU
		{218661DA-ADA1-450B-95F3-917B2635DC45}.Release|Any CPU.Build.0 = Release|Any CPU
		{218661DA-ADA1-450B-95F3-917B2635DC45}.Release|Any CPU.Deploy.0 = Release|Any CPU
		{218661DA-ADA1-450B-95F3-917B2635DC45}.Release|ARM.ActiveCfg = Release|ARM
		{218661DA-ADA1-450B-95F3-917B2635DC45}.Release|ARM.Build.0 = Release|ARM
		{218661DA-ADA1-450B-95F3-917B2635DC45}.Release|ARM.Deploy.0 = Release|ARM
		{218661DA-ADA1-450B-95F3-917B2635DC45}.Release|iPhone.ActiveCfg = Release|Any CPU
		{218661DA-ADA1-450B-95F3-917B2635DC45}.Release|iPhone.Build.0 = Release|Any CPU
		{218661DA-ADA1-450B-95F3-917B2635DC45}.Release|iPhone.Deploy.0 = Release|Any CPU
		{218661DA-ADA1-450B-95F3-917B2635DC45}.Release|iPhoneSimulator.ActiveCfg = Release|Any CPU
		{218661DA-ADA1-450B-95F3-917B2635DC45}.Release|iPhoneSimulator.Build.0 = Release|Any CPU
		{218661DA-ADA1-450B-95F3-917B2635DC45}.Release|iPhoneSimulator.Deploy.0 = Release|Any CPU
		{218661DA-ADA1-450B-95F3-917B2635DC45}.Release|x64.ActiveCfg = Release|Any CPU
		{218661DA-ADA1-450B-95F3-917B2635DC45}.Release|x64.Build.0 = Release|Any CPU
		{218661DA-ADA1-450B-95F3-917B2635DC45}.Release|x64.Deploy.0 = Release|Any CPU
		{218661DA-ADA1-450B-95F3-917B2635DC45}.Release|x86.ActiveCfg = Release|x86
		{218661DA-ADA1-450B-95F3-917B2635DC45}.Release|x86.Build.0 = Release|x86
		{218661DA-ADA1-450B-95F3-917B2635DC45}.Release|x86.Deploy.0 = Release|x86
		{303BAA24-93D3-4613-9263-EBCC62FC790A}.Ad-Hoc|Any CPU.ActiveCfg = Release|x86
		{303BAA24-93D3-4613-9263-EBCC62FC790A}.Ad-Hoc|Any CPU.Build.0 = Release|x86
		{303BAA24-93D3-4613-9263-EBCC62FC790A}.Ad-Hoc|Any CPU.Deploy.0 = Release|x86
		{303BAA24-93D3-4613-9263-EBCC62FC790A}.Ad-Hoc|ARM.ActiveCfg = Release|ARM
		{303BAA24-93D3-4613-9263-EBCC62FC790A}.Ad-Hoc|ARM.Build.0 = Release|ARM
		{303BAA24-93D3-4613-9263-EBCC62FC790A}.Ad-Hoc|ARM.Deploy.0 = Release|ARM
		{303BAA24-93D3-4613-9263-EBCC62FC790A}.Ad-Hoc|iPhone.ActiveCfg = Release|x86
		{303BAA24-93D3-4613-9263-EBCC62FC790A}.Ad-Hoc|iPhone.Build.0 = Release|x86
		{303BAA24-93D3-4613-9263-EBCC62FC790A}.Ad-Hoc|iPhone.Deploy.0 = Release|x86
		{303BAA24-93D3-4613-9263-EBCC62FC790A}.Ad-Hoc|iPhoneSimulator.ActiveCfg = Release|x86
		{303BAA24-93D3-4613-9263-EBCC62FC790A}.Ad-Hoc|iPhoneSimulator.Build.0 = Release|x86
		{303BAA24-93D3-4613-9263-EBCC62FC790A}.Ad-Hoc|iPhoneSimulator.Deploy.0 = Release|x86
		{303BAA24-93D3-4613-9263-EBCC62FC790A}.Ad-Hoc|x64.ActiveCfg = Release|x64
		{303BAA24-93D3-4613-9263-EBCC62FC790A}.Ad-Hoc|x64.Build.0 = Release|x64
		{303BAA24-93D3-4613-9263-EBCC62FC790A}.Ad-Hoc|x64.Deploy.0 = Release|x64
		{303BAA24-93D3-4613-9263-EBCC62FC790A}.Ad-Hoc|x86.ActiveCfg = Release|x86
		{303BAA24-93D3-4613-9263-EBCC62FC790A}.Ad-Hoc|x86.Build.0 = Release|x86
		{303BAA24-93D3-4613-9263-EBCC62FC790A}.Ad-Hoc|x86.Deploy.0 = Release|x86
		{303BAA24-93D3-4613-9263-EBCC62FC790A}.AppStore|Any CPU.ActiveCfg = Release|x86
		{303BAA24-93D3-4613-9263-EBCC62FC790A}.AppStore|Any CPU.Build.0 = Release|x86
		{303BAA24-93D3-4613-9263-EBCC62FC790A}.AppStore|Any CPU.Deploy.0 = Release|x86
		{303BAA24-93D3-4613-9263-EBCC62FC790A}.AppStore|ARM.ActiveCfg = Release|ARM
		{303BAA24-93D3-4613-9263-EBCC62FC790A}.AppStore|ARM.Build.0 = Release|ARM
		{303BAA24-93D3-4613-9263-EBCC62FC790A}.AppStore|ARM.Deploy.0 = Release|ARM
		{303BAA24-93D3-4613-9263-EBCC62FC790A}.AppStore|iPhone.ActiveCfg = Release|x86
		{303BAA24-93D3-4613-9263-EBCC62FC790A}.AppStore|iPhone.Build.0 = Release|x86
		{303BAA24-93D3-4613-9263-EBCC62FC790A}.AppStore|iPhone.Deploy.0 = Release|x86
		{303BAA24-93D3-4613-9263-EBCC62FC790A}.AppStore|iPhoneSimulator.ActiveCfg = Release|x86
		{303BAA24-93D3-4613-9263-EBCC62FC790A}.AppStore|iPhoneSimulator.Build.0 = Release|x86
		{303BAA24-93D3-4613-9263-EBCC62FC790A}.AppStore|iPhoneSimulator.Deploy.0 = Release|x86
		{303BAA24-93D3-4613-9263-EBCC62FC790A}.AppStore|x64.ActiveCfg = Release|x64
		{303BAA24-93D3-4613-9263-EBCC62FC790A}.AppStore|x64.Build.0 = Release|x64
		{303BAA24-93D3-4613-9263-EBCC62FC790A}.AppStore|x64.Deploy.0 = Release|x64
		{303BAA24-93D3-4613-9263-EBCC62FC790A}.AppStore|x86.ActiveCfg = Release|x86
		{303BAA24-93D3-4613-9263-EBCC62FC790A}.AppStore|x86.Build.0 = Release|x86
		{303BAA24-93D3-4613-9263-EBCC62FC790A}.AppStore|x86.Deploy.0 = Release|x86
		{303BAA24-93D3-4613-9263-EBCC62FC790A}.Debug|Any CPU.ActiveCfg = Debug|x86
		{303BAA24-93D3-4613-9263-EBCC62FC790A}.Debug|ARM.ActiveCfg = Debug|ARM
		{303BAA24-93D3-4613-9263-EBCC62FC790A}.Debug|ARM.Build.0 = Debug|ARM
		{303BAA24-93D3-4613-9263-EBCC62FC790A}.Debug|ARM.Deploy.0 = Debug|ARM
		{303BAA24-93D3-4613-9263-EBCC62FC790A}.Debug|iPhone.ActiveCfg = Debug|x86
		{303BAA24-93D3-4613-9263-EBCC62FC790A}.Debug|iPhoneSimulator.ActiveCfg = Debug|x86
		{303BAA24-93D3-4613-9263-EBCC62FC790A}.Debug|iPhoneSimulator.Build.0 = Debug|x86
		{303BAA24-93D3-4613-9263-EBCC62FC790A}.Debug|iPhoneSimulator.Deploy.0 = Debug|x86
		{303BAA24-93D3-4613-9263-EBCC62FC790A}.Debug|x64.ActiveCfg = Debug|x64
		{303BAA24-93D3-4613-9263-EBCC62FC790A}.Debug|x64.Build.0 = Debug|x64
		{303BAA24-93D3-4613-9263-EBCC62FC790A}.Debug|x64.Deploy.0 = Debug|x64
		{303BAA24-93D3-4613-9263-EBCC62FC790A}.Debug|x86.ActiveCfg = Debug|x86
		{303BAA24-93D3-4613-9263-EBCC62FC790A}.Debug|x86.Build.0 = Debug|x86
		{303BAA24-93D3-4613-9263-EBCC62FC790A}.Debug|x86.Deploy.0 = Debug|x86
		{303BAA24-93D3-4613-9263-EBCC62FC790A}.Release|Any CPU.ActiveCfg = Release|x86
		{303BAA24-93D3-4613-9263-EBCC62FC790A}.Release|ARM.ActiveCfg = Release|ARM
		{303BAA24-93D3-4613-9263-EBCC62FC790A}.Release|ARM.Build.0 = Release|ARM
		{303BAA24-93D3-4613-9263-EBCC62FC790A}.Release|ARM.Deploy.0 = Release|ARM
		{303BAA24-93D3-4613-9263-EBCC62FC790A}.Release|iPhone.ActiveCfg = Release|x86
		{303BAA24-93D3-4613-9263-EBCC62FC790A}.Release|iPhoneSimulator.ActiveCfg = Release|x86
		{303BAA24-93D3-4613-9263-EBCC62FC790A}.Release|x64.ActiveCfg = Release|x64
		{303BAA24-93D3-4613-9263-EBCC62FC790A}.Release|x64.Build.0 = Release|x64
		{303BAA24-93D3-4613-9263-EBCC62FC790A}.Release|x64.Deploy.0 = Release|x64
		{303BAA24-93D3-4613-9263-EBCC62FC790A}.Release|x86.ActiveCfg = Release|x86
		{303BAA24-93D3-4613-9263-EBCC62FC790A}.Release|x86.Build.0 = Release|x86
		{303BAA24-93D3-4613-9263-EBCC62FC790A}.Release|x86.Deploy.0 = Release|x86
		{D2F8EFC3-2258-4523-805C-92B6424007D4}.Ad-Hoc|Any CPU.ActiveCfg = Release|Any CPU
		{D2F8EFC3-2258-4523-805C-92B6424007D4}.Ad-Hoc|Any CPU.Build.0 = Release|Any CPU
		{D2F8EFC3-2258-4523-805C-92B6424007D4}.Ad-Hoc|Any CPU.Deploy.0 = Release|Any CPU
		{D2F8EFC3-2258-4523-805C-92B6424007D4}.Ad-Hoc|ARM.ActiveCfg = Release|ARM
		{D2F8EFC3-2258-4523-805C-92B6424007D4}.Ad-Hoc|ARM.Build.0 = Release|ARM
		{D2F8EFC3-2258-4523-805C-92B6424007D4}.Ad-Hoc|ARM.Deploy.0 = Release|ARM
		{D2F8EFC3-2258-4523-805C-92B6424007D4}.Ad-Hoc|iPhone.ActiveCfg = Release|Any CPU
		{D2F8EFC3-2258-4523-805C-92B6424007D4}.Ad-Hoc|iPhone.Build.0 = Release|Any CPU
		{D2F8EFC3-2258-4523-805C-92B6424007D4}.Ad-Hoc|iPhone.Deploy.0 = Release|Any CPU
		{D2F8EFC3-2258-4523-805C-92B6424007D4}.Ad-Hoc|iPhoneSimulator.ActiveCfg = Release|Any CPU
		{D2F8EFC3-2258-4523-805C-92B6424007D4}.Ad-Hoc|iPhoneSimulator.Build.0 = Release|Any CPU
		{D2F8EFC3-2258-4523-805C-92B6424007D4}.Ad-Hoc|iPhoneSimulator.Deploy.0 = Release|Any CPU
		{D2F8EFC3-2258-4523-805C-92B6424007D4}.Ad-Hoc|x64.ActiveCfg = Release|x64
		{D2F8EFC3-2258-4523-805C-92B6424007D4}.Ad-Hoc|x64.Build.0 = Release|x64
		{D2F8EFC3-2258-4523-805C-92B6424007D4}.Ad-Hoc|x64.Deploy.0 = Release|x64
		{D2F8EFC3-2258-4523-805C-92B6424007D4}.Ad-Hoc|x86.ActiveCfg = Release|x86
		{D2F8EFC3-2258-4523-805C-92B6424007D4}.Ad-Hoc|x86.Build.0 = Release|x86
		{D2F8EFC3-2258-4523-805C-92B6424007D4}.Ad-Hoc|x86.Deploy.0 = Release|x86
		{D2F8EFC3-2258-4523-805C-92B6424007D4}.AppStore|Any CPU.ActiveCfg = Release|Any CPU
		{D2F8EFC3-2258-4523-805C-92B6424007D4}.AppStore|Any CPU.Build.0 = Release|Any CPU
		{D2F8EFC3-2258-4523-805C-92B6424007D4}.AppStore|Any CPU.Deploy.0 = Release|Any CPU
		{D2F8EFC3-2258-4523-805C-92B6424007D4}.AppStore|ARM.ActiveCfg = Release|ARM
		{D2F8EFC3-2258-4523-805C-92B6424007D4}.AppStore|ARM.Build.0 = Release|ARM
		{D2F8EFC3-2258-4523-805C-92B6424007D4}.AppStore|ARM.Deploy.0 = Release|ARM
		{D2F8EFC3-2258-4523-805C-92B6424007D4}.AppStore|iPhone.ActiveCfg = Release|Any CPU
		{D2F8EFC3-2258-4523-805C-92B6424007D4}.AppStore|iPhone.Build.0 = Release|Any CPU
		{D2F8EFC3-2258-4523-805C-92B6424007D4}.AppStore|iPhone.Deploy.0 = Release|Any CPU
		{D2F8EFC3-2258-4523-805C-92B6424007D4}.AppStore|iPhoneSimulator.ActiveCfg = Release|Any CPU
		{D2F8EFC3-2258-4523-805C-92B6424007D4}.AppStore|iPhoneSimulator.Build.0 = Release|Any CPU
		{D2F8EFC3-2258-4523-805C-92B6424007D4}.AppStore|iPhoneSimulator.Deploy.0 = Release|Any CPU
		{D2F8EFC3-2258-4523-805C-92B6424007D4}.AppStore|x64.ActiveCfg = Release|x64
		{D2F8EFC3-2258-4523-805C-92B6424007D4}.AppStore|x64.Build.0 = Release|x64
		{D2F8EFC3-2258-4523-805C-92B6424007D4}.AppStore|x64.Deploy.0 = Release|x64
		{D2F8EFC3-2258-4523-805C-92B6424007D4}.AppStore|x86.ActiveCfg = Release|x86
		{D2F8EFC3-2258-4523-805C-92B6424007D4}.AppStore|x86.Build.0 = Release|x86
		{D2F8EFC3-2258-4523-805C-92B6424007D4}.AppStore|x86.Deploy.0 = Release|x86
		{D2F8EFC3-2258-4523-805C-92B6424007D4}.Debug|Any CPU.ActiveCfg = Debug|Any CPU
		{D2F8EFC3-2258-4523-805C-92B6424007D4}.Debug|Any CPU.Build.0 = Debug|Any CPU
		{D2F8EFC3-2258-4523-805C-92B6424007D4}.Debug|Any CPU.Deploy.0 = Debug|Any CPU
		{D2F8EFC3-2258-4523-805C-92B6424007D4}.Debug|ARM.ActiveCfg = Debug|ARM
		{D2F8EFC3-2258-4523-805C-92B6424007D4}.Debug|ARM.Build.0 = Debug|ARM
		{D2F8EFC3-2258-4523-805C-92B6424007D4}.Debug|ARM.Deploy.0 = Debug|ARM
		{D2F8EFC3-2258-4523-805C-92B6424007D4}.Debug|iPhone.ActiveCfg = Debug|Any CPU
		{D2F8EFC3-2258-4523-805C-92B6424007D4}.Debug|iPhone.Build.0 = Debug|Any CPU
		{D2F8EFC3-2258-4523-805C-92B6424007D4}.Debug|iPhone.Deploy.0 = Debug|Any CPU
		{D2F8EFC3-2258-4523-805C-92B6424007D4}.Debug|iPhoneSimulator.ActiveCfg = Debug|Any CPU
		{D2F8EFC3-2258-4523-805C-92B6424007D4}.Debug|iPhoneSimulator.Build.0 = Debug|Any CPU
		{D2F8EFC3-2258-4523-805C-92B6424007D4}.Debug|iPhoneSimulator.Deploy.0 = Debug|Any CPU
		{D2F8EFC3-2258-4523-805C-92B6424007D4}.Debug|x64.ActiveCfg = Debug|x64
		{D2F8EFC3-2258-4523-805C-92B6424007D4}.Debug|x64.Build.0 = Debug|x64
		{D2F8EFC3-2258-4523-805C-92B6424007D4}.Debug|x64.Deploy.0 = Debug|x64
		{D2F8EFC3-2258-4523-805C-92B6424007D4}.Debug|x86.ActiveCfg = Debug|x86
		{D2F8EFC3-2258-4523-805C-92B6424007D4}.Debug|x86.Build.0 = Debug|x86
		{D2F8EFC3-2258-4523-805C-92B6424007D4}.Debug|x86.Deploy.0 = Debug|x86
		{D2F8EFC3-2258-4523-805C-92B6424007D4}.Release|Any CPU.ActiveCfg = Release|Any CPU
		{D2F8EFC3-2258-4523-805C-92B6424007D4}.Release|Any CPU.Build.0 = Release|Any CPU
		{D2F8EFC3-2258-4523-805C-92B6424007D4}.Release|Any CPU.Deploy.0 = Release|Any CPU
		{D2F8EFC3-2258-4523-805C-92B6424007D4}.Release|ARM.ActiveCfg = Release|ARM
		{D2F8EFC3-2258-4523-805C-92B6424007D4}.Release|ARM.Build.0 = Release|ARM
		{D2F8EFC3-2258-4523-805C-92B6424007D4}.Release|ARM.Deploy.0 = Release|ARM
		{D2F8EFC3-2258-4523-805C-92B6424007D4}.Release|iPhone.ActiveCfg = Release|Any CPU
		{D2F8EFC3-2258-4523-805C-92B6424007D4}.Release|iPhone.Build.0 = Release|Any CPU
		{D2F8EFC3-2258-4523-805C-92B6424007D4}.Release|iPhone.Deploy.0 = Release|Any CPU
		{D2F8EFC3-2258-4523-805C-92B6424007D4}.Release|iPhoneSimulator.ActiveCfg = Release|Any CPU
		{D2F8EFC3-2258-4523-805C-92B6424007D4}.Release|iPhoneSimulator.Build.0 = Release|Any CPU
		{D2F8EFC3-2258-4523-805C-92B6424007D4}.Release|iPhoneSimulator.Deploy.0 = Release|Any CPU
		{D2F8EFC3-2258-4523-805C-92B6424007D4}.Release|x64.ActiveCfg = Release|x64
		{D2F8EFC3-2258-4523-805C-92B6424007D4}.Release|x64.Build.0 = Release|x64
		{D2F8EFC3-2258-4523-805C-92B6424007D4}.Release|x64.Deploy.0 = Release|x64
		{D2F8EFC3-2258-4523-805C-92B6424007D4}.Release|x86.ActiveCfg = Release|x86
		{D2F8EFC3-2258-4523-805C-92B6424007D4}.Release|x86.Build.0 = Release|x86
		{D2F8EFC3-2258-4523-805C-92B6424007D4}.Release|x86.Deploy.0 = Release|x86
		{82D06673-B899-4F7C-941E-09D17730703D}.Ad-Hoc|Any CPU.ActiveCfg = Release|Any CPU
		{82D06673-B899-4F7C-941E-09D17730703D}.Ad-Hoc|Any CPU.Build.0 = Release|Any CPU
		{82D06673-B899-4F7C-941E-09D17730703D}.Ad-Hoc|ARM.ActiveCfg = Release|Any CPU
		{82D06673-B899-4F7C-941E-09D17730703D}.Ad-Hoc|ARM.Build.0 = Release|Any CPU
		{82D06673-B899-4F7C-941E-09D17730703D}.Ad-Hoc|iPhone.ActiveCfg = Release|Any CPU
		{82D06673-B899-4F7C-941E-09D17730703D}.Ad-Hoc|iPhone.Build.0 = Release|Any CPU
		{82D06673-B899-4F7C-941E-09D17730703D}.Ad-Hoc|iPhoneSimulator.ActiveCfg = Release|Any CPU
		{82D06673-B899-4F7C-941E-09D17730703D}.Ad-Hoc|iPhoneSimulator.Build.0 = Release|Any CPU
		{82D06673-B899-4F7C-941E-09D17730703D}.Ad-Hoc|x64.ActiveCfg = Release|Any CPU
		{82D06673-B899-4F7C-941E-09D17730703D}.Ad-Hoc|x64.Build.0 = Release|Any CPU
		{82D06673-B899-4F7C-941E-09D17730703D}.Ad-Hoc|x86.ActiveCfg = Release|Any CPU
		{82D06673-B899-4F7C-941E-09D17730703D}.Ad-Hoc|x86.Build.0 = Release|Any CPU
		{82D06673-B899-4F7C-941E-09D17730703D}.AppStore|Any CPU.ActiveCfg = Release|Any CPU
		{82D06673-B899-4F7C-941E-09D17730703D}.AppStore|Any CPU.Build.0 = Release|Any CPU
		{82D06673-B899-4F7C-941E-09D17730703D}.AppStore|ARM.ActiveCfg = Release|Any CPU
		{82D06673-B899-4F7C-941E-09D17730703D}.AppStore|ARM.Build.0 = Release|Any CPU
		{82D06673-B899-4F7C-941E-09D17730703D}.AppStore|iPhone.ActiveCfg = Release|Any CPU
		{82D06673-B899-4F7C-941E-09D17730703D}.AppStore|iPhone.Build.0 = Release|Any CPU
		{82D06673-B899-4F7C-941E-09D17730703D}.AppStore|iPhoneSimulator.ActiveCfg = Release|Any CPU
		{82D06673-B899-4F7C-941E-09D17730703D}.AppStore|iPhoneSimulator.Build.0 = Release|Any CPU
		{82D06673-B899-4F7C-941E-09D17730703D}.AppStore|x64.ActiveCfg = Release|Any CPU
		{82D06673-B899-4F7C-941E-09D17730703D}.AppStore|x64.Build.0 = Release|Any CPU
		{82D06673-B899-4F7C-941E-09D17730703D}.AppStore|x86.ActiveCfg = Release|Any CPU
		{82D06673-B899-4F7C-941E-09D17730703D}.AppStore|x86.Build.0 = Release|Any CPU
		{82D06673-B899-4F7C-941E-09D17730703D}.Debug|Any CPU.ActiveCfg = Debug|Any CPU
		{82D06673-B899-4F7C-941E-09D17730703D}.Debug|Any CPU.Build.0 = Debug|Any CPU
		{82D06673-B899-4F7C-941E-09D17730703D}.Debug|ARM.ActiveCfg = Debug|Any CPU
		{82D06673-B899-4F7C-941E-09D17730703D}.Debug|ARM.Build.0 = Debug|Any CPU
		{82D06673-B899-4F7C-941E-09D17730703D}.Debug|iPhone.ActiveCfg = Debug|Any CPU
		{82D06673-B899-4F7C-941E-09D17730703D}.Debug|iPhone.Build.0 = Debug|Any CPU
		{82D06673-B899-4F7C-941E-09D17730703D}.Debug|iPhoneSimulator.ActiveCfg = Debug|Any CPU
		{82D06673-B899-4F7C-941E-09D17730703D}.Debug|iPhoneSimulator.Build.0 = Debug|Any CPU
		{82D06673-B899-4F7C-941E-09D17730703D}.Debug|x64.ActiveCfg = Debug|Any CPU
		{82D06673-B899-4F7C-941E-09D17730703D}.Debug|x64.Build.0 = Debug|Any CPU
		{82D06673-B899-4F7C-941E-09D17730703D}.Debug|x86.ActiveCfg = Debug|Any CPU
		{82D06673-B899-4F7C-941E-09D17730703D}.Debug|x86.Build.0 = Debug|Any CPU
		{82D06673-B899-4F7C-941E-09D17730703D}.Release|Any CPU.ActiveCfg = Release|Any CPU
		{82D06673-B899-4F7C-941E-09D17730703D}.Release|Any CPU.Build.0 = Release|Any CPU
		{82D06673-B899-4F7C-941E-09D17730703D}.Release|ARM.ActiveCfg = Release|Any CPU
		{82D06673-B899-4F7C-941E-09D17730703D}.Release|ARM.Build.0 = Release|Any CPU
		{82D06673-B899-4F7C-941E-09D17730703D}.Release|iPhone.ActiveCfg = Release|Any CPU
		{82D06673-B899-4F7C-941E-09D17730703D}.Release|iPhone.Build.0 = Release|Any CPU
		{82D06673-B899-4F7C-941E-09D17730703D}.Release|iPhoneSimulator.ActiveCfg = Release|Any CPU
		{82D06673-B899-4F7C-941E-09D17730703D}.Release|iPhoneSimulator.Build.0 = Release|Any CPU
		{82D06673-B899-4F7C-941E-09D17730703D}.Release|x64.ActiveCfg = Release|Any CPU
		{82D06673-B899-4F7C-941E-09D17730703D}.Release|x64.Build.0 = Release|Any CPU
		{82D06673-B899-4F7C-941E-09D17730703D}.Release|x86.ActiveCfg = Release|Any CPU
		{82D06673-B899-4F7C-941E-09D17730703D}.Release|x86.Build.0 = Release|Any CPU
		{34DBDCE3-5B13-4A05-A311-7D54466E7B54}.Ad-Hoc|Any CPU.ActiveCfg = Release|Any CPU
		{34DBDCE3-5B13-4A05-A311-7D54466E7B54}.Ad-Hoc|Any CPU.Build.0 = Release|Any CPU
		{34DBDCE3-5B13-4A05-A311-7D54466E7B54}.Ad-Hoc|ARM.ActiveCfg = Release|Any CPU
		{34DBDCE3-5B13-4A05-A311-7D54466E7B54}.Ad-Hoc|ARM.Build.0 = Release|Any CPU
		{34DBDCE3-5B13-4A05-A311-7D54466E7B54}.Ad-Hoc|iPhone.ActiveCfg = Release|Any CPU
		{34DBDCE3-5B13-4A05-A311-7D54466E7B54}.Ad-Hoc|iPhone.Build.0 = Release|Any CPU
		{34DBDCE3-5B13-4A05-A311-7D54466E7B54}.Ad-Hoc|iPhoneSimulator.ActiveCfg = Release|Any CPU
		{34DBDCE3-5B13-4A05-A311-7D54466E7B54}.Ad-Hoc|iPhoneSimulator.Build.0 = Release|Any CPU
		{34DBDCE3-5B13-4A05-A311-7D54466E7B54}.Ad-Hoc|x64.ActiveCfg = Release|Any CPU
		{34DBDCE3-5B13-4A05-A311-7D54466E7B54}.Ad-Hoc|x64.Build.0 = Release|Any CPU
		{34DBDCE3-5B13-4A05-A311-7D54466E7B54}.Ad-Hoc|x86.ActiveCfg = Release|Any CPU
		{34DBDCE3-5B13-4A05-A311-7D54466E7B54}.Ad-Hoc|x86.Build.0 = Release|Any CPU
		{34DBDCE3-5B13-4A05-A311-7D54466E7B54}.AppStore|Any CPU.ActiveCfg = Release|Any CPU
		{34DBDCE3-5B13-4A05-A311-7D54466E7B54}.AppStore|Any CPU.Build.0 = Release|Any CPU
		{34DBDCE3-5B13-4A05-A311-7D54466E7B54}.AppStore|ARM.ActiveCfg = Release|Any CPU
		{34DBDCE3-5B13-4A05-A311-7D54466E7B54}.AppStore|ARM.Build.0 = Release|Any CPU
		{34DBDCE3-5B13-4A05-A311-7D54466E7B54}.AppStore|iPhone.ActiveCfg = Release|Any CPU
		{34DBDCE3-5B13-4A05-A311-7D54466E7B54}.AppStore|iPhone.Build.0 = Release|Any CPU
		{34DBDCE3-5B13-4A05-A311-7D54466E7B54}.AppStore|iPhoneSimulator.ActiveCfg = Release|Any CPU
		{34DBDCE3-5B13-4A05-A311-7D54466E7B54}.AppStore|iPhoneSimulator.Build.0 = Release|Any CPU
		{34DBDCE3-5B13-4A05-A311-7D54466E7B54}.AppStore|x64.ActiveCfg = Release|Any CPU
		{34DBDCE3-5B13-4A05-A311-7D54466E7B54}.AppStore|x64.Build.0 = Release|Any CPU
		{34DBDCE3-5B13-4A05-A311-7D54466E7B54}.AppStore|x86.ActiveCfg = Release|Any CPU
		{34DBDCE3-5B13-4A05-A311-7D54466E7B54}.AppStore|x86.Build.0 = Release|Any CPU
		{34DBDCE3-5B13-4A05-A311-7D54466E7B54}.Debug|Any CPU.ActiveCfg = Debug|Any CPU
		{34DBDCE3-5B13-4A05-A311-7D54466E7B54}.Debug|Any CPU.Build.0 = Debug|Any CPU
		{34DBDCE3-5B13-4A05-A311-7D54466E7B54}.Debug|ARM.ActiveCfg = Debug|Any CPU
		{34DBDCE3-5B13-4A05-A311-7D54466E7B54}.Debug|ARM.Build.0 = Debug|Any CPU
		{34DBDCE3-5B13-4A05-A311-7D54466E7B54}.Debug|iPhone.ActiveCfg = Debug|Any CPU
		{34DBDCE3-5B13-4A05-A311-7D54466E7B54}.Debug|iPhone.Build.0 = Debug|Any CPU
		{34DBDCE3-5B13-4A05-A311-7D54466E7B54}.Debug|iPhoneSimulator.ActiveCfg = Debug|Any CPU
		{34DBDCE3-5B13-4A05-A311-7D54466E7B54}.Debug|iPhoneSimulator.Build.0 = Debug|Any CPU
		{34DBDCE3-5B13-4A05-A311-7D54466E7B54}.Debug|x64.ActiveCfg = Debug|Any CPU
		{34DBDCE3-5B13-4A05-A311-7D54466E7B54}.Debug|x64.Build.0 = Debug|Any CPU
		{34DBDCE3-5B13-4A05-A311-7D54466E7B54}.Debug|x86.ActiveCfg = Debug|Any CPU
		{34DBDCE3-5B13-4A05-A311-7D54466E7B54}.Debug|x86.Build.0 = Debug|Any CPU
		{34DBDCE3-5B13-4A05-A311-7D54466E7B54}.Release|Any CPU.ActiveCfg = Release|Any CPU
		{34DBDCE3-5B13-4A05-A311-7D54466E7B54}.Release|Any CPU.Build.0 = Release|Any CPU
		{34DBDCE3-5B13-4A05-A311-7D54466E7B54}.Release|ARM.ActiveCfg = Release|Any CPU
		{34DBDCE3-5B13-4A05-A311-7D54466E7B54}.Release|ARM.Build.0 = Release|Any CPU
		{34DBDCE3-5B13-4A05-A311-7D54466E7B54}.Release|iPhone.ActiveCfg = Release|Any CPU
		{34DBDCE3-5B13-4A05-A311-7D54466E7B54}.Release|iPhone.Build.0 = Release|Any CPU
		{34DBDCE3-5B13-4A05-A311-7D54466E7B54}.Release|iPhoneSimulator.ActiveCfg = Release|Any CPU
		{34DBDCE3-5B13-4A05-A311-7D54466E7B54}.Release|iPhoneSimulator.Build.0 = Release|Any CPU
		{34DBDCE3-5B13-4A05-A311-7D54466E7B54}.Release|x64.ActiveCfg = Release|Any CPU
		{34DBDCE3-5B13-4A05-A311-7D54466E7B54}.Release|x64.Build.0 = Release|Any CPU
		{34DBDCE3-5B13-4A05-A311-7D54466E7B54}.Release|x86.ActiveCfg = Release|Any CPU
		{34DBDCE3-5B13-4A05-A311-7D54466E7B54}.Release|x86.Build.0 = Release|Any CPU
	EndGlobalSection
	GlobalSection(SolutionProperties) = preSolution
		HideSolutionNode = FALSE
	EndGlobalSection
	GlobalSection(NestedProjects) = preSolution
		{3897627E-4F9E-4196-B411-CB4F343038B0} = {C288C14C-2D4A-47E4-825A-618C1527EFE5}
		{6898F811-D4BC-45C0-B844-9CC3F4564CA5} = {C288C14C-2D4A-47E4-825A-618C1527EFE5}
		{218661DA-ADA1-450B-95F3-917B2635DC45} = {C288C14C-2D4A-47E4-825A-618C1527EFE5}
		{303BAA24-93D3-4613-9263-EBCC62FC790A} = {C288C14C-2D4A-47E4-825A-618C1527EFE5}
		{D2F8EFC3-2258-4523-805C-92B6424007D4} = {C288C14C-2D4A-47E4-825A-618C1527EFE5}
		{82D06673-B899-4F7C-941E-09D17730703D} = {C288C14C-2D4A-47E4-825A-618C1527EFE5}
	EndGlobalSection
EndGlobal
