
Microsoft Visual Studio Solution File, Format Version 12.00
# Visual Studio 14
VisualStudioVersion = 14.0.23107.0
MinimumVisualStudioVersion = 10.0.40219.1
Project("{2150E333-8FDC-42A3-9474-1A3956D46DE8}") = "App", "App", "{F26FDDE7-D91C-4F4D-9450-6D8B63048470}"
EndProject
Project("{FAE04EC0-301F-11D3-BF4B-00C04F79EFBC}") = "Calculator", "src\Calculator\Calculator.csproj", "{47465F9A-97E6-465F-AC57-030191C62C5B}"
EndProject
Project("{2150E333-8FDC-42A3-9474-1A3956D46DE8}") = "Tests", "Tests", "{33BE1AD1-AFE4-4C67-AF89-F085BD705AB5}"
EndProject
Project("{FAE04EC0-301F-11D3-BF4B-00C04F79EFBC}") = "Calculator.Tests", "tests\Calculator.Tests\Calculator.Tests.csproj", "{ED6F23A4-0BB1-4C6F-A2F8-6BB1B516BACE}"
EndProject
Project("{2150E333-8FDC-42A3-9474-1A3956D46DE8}") = ".nuget", ".nuget", "{CAD0262E-82AE-477E-9F98-92DF601F6EE3}"
	ProjectSection(SolutionItems) = preProject
		.nuget\NuGet.Config = .nuget\NuGet.Config
		.nuget\NuGet.exe = .nuget\NuGet.exe
		.nuget\NuGet.targets = .nuget\NuGet.targets
	EndProjectSection
EndProject
Project("{FAE04EC0-301F-11D3-BF4B-00C04F79EFBC}") = "Calculator.Android", "src\Calculator.Android\Calculator.Android.csproj", "{541E5706-D876-4384-AB14-501FCB3166A3}"
EndProject
Project("{FAE04EC0-301F-11D3-BF4B-00C04F79EFBC}") = "Calculator.iOS", "src\Calculator.iOS\Calculator.iOS.csproj", "{095830C6-27C4-4A8E-9195-519EEB2A79AD}"
EndProject
Project("{FAE04EC0-301F-11D3-BF4B-00C04F79EFBC}") = "Calculator.UITests", "tests\Calculator.UITests\Calculator.UITests.csproj", "{70C447FC-BDBD-4C2A-9D8F-3904DB8710D0}"
EndProject
Project("{FAE04EC0-301F-11D3-BF4B-00C04F79EFBC}") = "Calculator.WindowsPhone", "src\Calculator.WindowsPhone\Calculator.WindowsPhone\Calculator.WindowsPhone.csproj", "{FAC0FEA3-31AC-4E17-A4FD-6A7D45DF1D06}"
EndProject
Global
	GlobalSection(SolutionConfigurationPlatforms) = preSolution
		Ad-Hoc|Any CPU = Ad-Hoc|Any CPU
		Ad-Hoc|ARM = Ad-Hoc|ARM
		Ad-Hoc|iPhone = Ad-Hoc|iPhone
		Ad-Hoc|iPhoneSimulator = Ad-Hoc|iPhoneSimulator
		Ad-Hoc|Mixed Platforms = Ad-Hoc|Mixed Platforms
		Ad-Hoc|x86 = Ad-Hoc|x86
		AppStore|Any CPU = AppStore|Any CPU
		AppStore|ARM = AppStore|ARM
		AppStore|iPhone = AppStore|iPhone
		AppStore|iPhoneSimulator = AppStore|iPhoneSimulator
		AppStore|Mixed Platforms = AppStore|Mixed Platforms
		AppStore|x86 = AppStore|x86
		Debug|Any CPU = Debug|Any CPU
		Debug|ARM = Debug|ARM
		Debug|iPhone = Debug|iPhone
		Debug|iPhoneSimulator = Debug|iPhoneSimulator
		Debug|Mixed Platforms = Debug|Mixed Platforms
		Debug|x86 = Debug|x86
		Release|Any CPU = Release|Any CPU
		Release|ARM = Release|ARM
		Release|iPhone = Release|iPhone
		Release|iPhoneSimulator = Release|iPhoneSimulator
		Release|Mixed Platforms = Release|Mixed Platforms
		Release|x86 = Release|x86
	EndGlobalSection
	GlobalSection(ProjectConfigurationPlatforms) = postSolution
		{47465F9A-97E6-465F-AC57-030191C62C5B}.Ad-Hoc|Any CPU.ActiveCfg = Release|Any CPU
		{47465F9A-97E6-465F-AC57-030191C62C5B}.Ad-Hoc|Any CPU.Build.0 = Release|Any CPU
		{47465F9A-97E6-465F-AC57-030191C62C5B}.Ad-Hoc|ARM.ActiveCfg = Debug|Any CPU
		{47465F9A-97E6-465F-AC57-030191C62C5B}.Ad-Hoc|iPhone.ActiveCfg = Debug|Any CPU
		{47465F9A-97E6-465F-AC57-030191C62C5B}.Ad-Hoc|iPhone.Build.0 = Debug|Any CPU
		{47465F9A-97E6-465F-AC57-030191C62C5B}.Ad-Hoc|iPhoneSimulator.ActiveCfg = Release|Any CPU
		{47465F9A-97E6-465F-AC57-030191C62C5B}.Ad-Hoc|Mixed Platforms.ActiveCfg = Debug|Any CPU
		{47465F9A-97E6-465F-AC57-030191C62C5B}.Ad-Hoc|Mixed Platforms.Build.0 = Debug|Any CPU
		{47465F9A-97E6-465F-AC57-030191C62C5B}.Ad-Hoc|x86.ActiveCfg = Debug|Any CPU
		{47465F9A-97E6-465F-AC57-030191C62C5B}.AppStore|Any CPU.ActiveCfg = Release|Any CPU
		{47465F9A-97E6-465F-AC57-030191C62C5B}.AppStore|Any CPU.Build.0 = Release|Any CPU
		{47465F9A-97E6-465F-AC57-030191C62C5B}.AppStore|ARM.ActiveCfg = Debug|Any CPU
		{47465F9A-97E6-465F-AC57-030191C62C5B}.AppStore|iPhone.ActiveCfg = Debug|Any CPU
		{47465F9A-97E6-465F-AC57-030191C62C5B}.AppStore|iPhone.Build.0 = Debug|Any CPU
		{47465F9A-97E6-465F-AC57-030191C62C5B}.AppStore|iPhoneSimulator.ActiveCfg = Release|Any CPU
		{47465F9A-97E6-465F-AC57-030191C62C5B}.AppStore|Mixed Platforms.ActiveCfg = Debug|Any CPU
		{47465F9A-97E6-465F-AC57-030191C62C5B}.AppStore|Mixed Platforms.Build.0 = Debug|Any CPU
		{47465F9A-97E6-465F-AC57-030191C62C5B}.AppStore|x86.ActiveCfg = Debug|Any CPU
		{47465F9A-97E6-465F-AC57-030191C62C5B}.Debug|Any CPU.ActiveCfg = Debug|Any CPU
		{47465F9A-97E6-465F-AC57-030191C62C5B}.Debug|Any CPU.Build.0 = Debug|Any CPU
		{47465F9A-97E6-465F-AC57-030191C62C5B}.Debug|ARM.ActiveCfg = Debug|Any CPU
		{47465F9A-97E6-465F-AC57-030191C62C5B}.Debug|iPhone.ActiveCfg = Debug|Any CPU
		{47465F9A-97E6-465F-AC57-030191C62C5B}.Debug|iPhone.Build.0 = Debug|Any CPU
		{47465F9A-97E6-465F-AC57-030191C62C5B}.Debug|iPhoneSimulator.ActiveCfg = Debug|Any CPU
		{47465F9A-97E6-465F-AC57-030191C62C5B}.Debug|iPhoneSimulator.Build.0 = Debug|Any CPU
		{47465F9A-97E6-465F-AC57-030191C62C5B}.Debug|Mixed Platforms.ActiveCfg = Debug|Any CPU
		{47465F9A-97E6-465F-AC57-030191C62C5B}.Debug|Mixed Platforms.Build.0 = Debug|Any CPU
		{47465F9A-97E6-465F-AC57-030191C62C5B}.Debug|x86.ActiveCfg = Debug|Any CPU
		{47465F9A-97E6-465F-AC57-030191C62C5B}.Release|Any CPU.ActiveCfg = Release|Any CPU
		{47465F9A-97E6-465F-AC57-030191C62C5B}.Release|Any CPU.Build.0 = Release|Any CPU
		{47465F9A-97E6-465F-AC57-030191C62C5B}.Release|ARM.ActiveCfg = Release|Any CPU
		{47465F9A-97E6-465F-AC57-030191C62C5B}.Release|iPhone.ActiveCfg = Release|Any CPU
		{47465F9A-97E6-465F-AC57-030191C62C5B}.Release|iPhone.Build.0 = Release|Any CPU
		{47465F9A-97E6-465F-AC57-030191C62C5B}.Release|iPhoneSimulator.ActiveCfg = Release|Any CPU
		{47465F9A-97E6-465F-AC57-030191C62C5B}.Release|iPhoneSimulator.Build.0 = Release|Any CPU
		{47465F9A-97E6-465F-AC57-030191C62C5B}.Release|Mixed Platforms.ActiveCfg = Release|Any CPU
		{47465F9A-97E6-465F-AC57-030191C62C5B}.Release|Mixed Platforms.Build.0 = Release|Any CPU
		{47465F9A-97E6-465F-AC57-030191C62C5B}.Release|x86.ActiveCfg = Release|Any CPU
		{ED6F23A4-0BB1-4C6F-A2F8-6BB1B516BACE}.Ad-Hoc|Any CPU.ActiveCfg = Release|Any CPU
		{ED6F23A4-0BB1-4C6F-A2F8-6BB1B516BACE}.Ad-Hoc|Any CPU.Build.0 = Release|Any CPU
		{ED6F23A4-0BB1-4C6F-A2F8-6BB1B516BACE}.Ad-Hoc|ARM.ActiveCfg = Debug|Any CPU
		{ED6F23A4-0BB1-4C6F-A2F8-6BB1B516BACE}.Ad-Hoc|iPhone.ActiveCfg = Debug|Any CPU
		{ED6F23A4-0BB1-4C6F-A2F8-6BB1B516BACE}.Ad-Hoc|iPhone.Build.0 = Debug|Any CPU
		{ED6F23A4-0BB1-4C6F-A2F8-6BB1B516BACE}.Ad-Hoc|iPhoneSimulator.ActiveCfg = Release|Any CPU
		{ED6F23A4-0BB1-4C6F-A2F8-6BB1B516BACE}.Ad-Hoc|Mixed Platforms.ActiveCfg = Debug|Any CPU
		{ED6F23A4-0BB1-4C6F-A2F8-6BB1B516BACE}.Ad-Hoc|Mixed Platforms.Build.0 = Debug|Any CPU
		{ED6F23A4-0BB1-4C6F-A2F8-6BB1B516BACE}.Ad-Hoc|x86.ActiveCfg = Debug|Any CPU
		{ED6F23A4-0BB1-4C6F-A2F8-6BB1B516BACE}.AppStore|Any CPU.ActiveCfg = Release|Any CPU
		{ED6F23A4-0BB1-4C6F-A2F8-6BB1B516BACE}.AppStore|Any CPU.Build.0 = Release|Any CPU
		{ED6F23A4-0BB1-4C6F-A2F8-6BB1B516BACE}.AppStore|ARM.ActiveCfg = Debug|Any CPU
		{ED6F23A4-0BB1-4C6F-A2F8-6BB1B516BACE}.AppStore|iPhone.ActiveCfg = Debug|Any CPU
		{ED6F23A4-0BB1-4C6F-A2F8-6BB1B516BACE}.AppStore|iPhone.Build.0 = Debug|Any CPU
		{ED6F23A4-0BB1-4C6F-A2F8-6BB1B516BACE}.AppStore|iPhoneSimulator.ActiveCfg = Release|Any CPU
		{ED6F23A4-0BB1-4C6F-A2F8-6BB1B516BACE}.AppStore|Mixed Platforms.ActiveCfg = Debug|Any CPU
		{ED6F23A4-0BB1-4C6F-A2F8-6BB1B516BACE}.AppStore|Mixed Platforms.Build.0 = Debug|Any CPU
		{ED6F23A4-0BB1-4C6F-A2F8-6BB1B516BACE}.AppStore|x86.ActiveCfg = Debug|Any CPU
		{ED6F23A4-0BB1-4C6F-A2F8-6BB1B516BACE}.Debug|Any CPU.ActiveCfg = Debug|Any CPU
		{ED6F23A4-0BB1-4C6F-A2F8-6BB1B516BACE}.Debug|Any CPU.Build.0 = Debug|Any CPU
		{ED6F23A4-0BB1-4C6F-A2F8-6BB1B516BACE}.Debug|ARM.ActiveCfg = Debug|Any CPU
		{ED6F23A4-0BB1-4C6F-A2F8-6BB1B516BACE}.Debug|iPhone.ActiveCfg = Debug|Any CPU
		{ED6F23A4-0BB1-4C6F-A2F8-6BB1B516BACE}.Debug|iPhone.Build.0 = Debug|Any CPU
		{ED6F23A4-0BB1-4C6F-A2F8-6BB1B516BACE}.Debug|iPhoneSimulator.ActiveCfg = Debug|Any CPU
		{ED6F23A4-0BB1-4C6F-A2F8-6BB1B516BACE}.Debug|iPhoneSimulator.Build.0 = Debug|Any CPU
		{ED6F23A4-0BB1-4C6F-A2F8-6BB1B516BACE}.Debug|Mixed Platforms.ActiveCfg = Debug|Any CPU
		{ED6F23A4-0BB1-4C6F-A2F8-6BB1B516BACE}.Debug|Mixed Platforms.Build.0 = Debug|Any CPU
		{ED6F23A4-0BB1-4C6F-A2F8-6BB1B516BACE}.Debug|x86.ActiveCfg = Debug|Any CPU
		{ED6F23A4-0BB1-4C6F-A2F8-6BB1B516BACE}.Release|Any CPU.ActiveCfg = Release|Any CPU
		{ED6F23A4-0BB1-4C6F-A2F8-6BB1B516BACE}.Release|Any CPU.Build.0 = Release|Any CPU
		{ED6F23A4-0BB1-4C6F-A2F8-6BB1B516BACE}.Release|ARM.ActiveCfg = Release|Any CPU
		{ED6F23A4-0BB1-4C6F-A2F8-6BB1B516BACE}.Release|iPhone.ActiveCfg = Release|Any CPU
		{ED6F23A4-0BB1-4C6F-A2F8-6BB1B516BACE}.Release|iPhone.Build.0 = Release|Any CPU
		{ED6F23A4-0BB1-4C6F-A2F8-6BB1B516BACE}.Release|iPhoneSimulator.ActiveCfg = Release|Any CPU
		{ED6F23A4-0BB1-4C6F-A2F8-6BB1B516BACE}.Release|iPhoneSimulator.Build.0 = Release|Any CPU
		{ED6F23A4-0BB1-4C6F-A2F8-6BB1B516BACE}.Release|Mixed Platforms.ActiveCfg = Release|Any CPU
		{ED6F23A4-0BB1-4C6F-A2F8-6BB1B516BACE}.Release|Mixed Platforms.Build.0 = Release|Any CPU
		{ED6F23A4-0BB1-4C6F-A2F8-6BB1B516BACE}.Release|x86.ActiveCfg = Release|Any CPU
		{541E5706-D876-4384-AB14-501FCB3166A3}.Ad-Hoc|Any CPU.ActiveCfg = Release|Any CPU
		{541E5706-D876-4384-AB14-501FCB3166A3}.Ad-Hoc|Any CPU.Build.0 = Release|Any CPU
		{541E5706-D876-4384-AB14-501FCB3166A3}.Ad-Hoc|Any CPU.Deploy.0 = Release|Any CPU
		{541E5706-D876-4384-AB14-501FCB3166A3}.Ad-Hoc|ARM.ActiveCfg = Release|Any CPU
		{541E5706-D876-4384-AB14-501FCB3166A3}.Ad-Hoc|iPhone.ActiveCfg = Debug|Any CPU
		{541E5706-D876-4384-AB14-501FCB3166A3}.Ad-Hoc|iPhone.Build.0 = Debug|Any CPU
		{541E5706-D876-4384-AB14-501FCB3166A3}.Ad-Hoc|iPhoneSimulator.ActiveCfg = Release|Any CPU
		{541E5706-D876-4384-AB14-501FCB3166A3}.Ad-Hoc|Mixed Platforms.ActiveCfg = Release|Any CPU
		{541E5706-D876-4384-AB14-501FCB3166A3}.Ad-Hoc|Mixed Platforms.Build.0 = Release|Any CPU
		{541E5706-D876-4384-AB14-501FCB3166A3}.Ad-Hoc|Mixed Platforms.Deploy.0 = Release|Any CPU
		{541E5706-D876-4384-AB14-501FCB3166A3}.Ad-Hoc|x86.ActiveCfg = Release|Any CPU
		{541E5706-D876-4384-AB14-501FCB3166A3}.AppStore|Any CPU.ActiveCfg = Release|Any CPU
		{541E5706-D876-4384-AB14-501FCB3166A3}.AppStore|Any CPU.Build.0 = Release|Any CPU
		{541E5706-D876-4384-AB14-501FCB3166A3}.AppStore|Any CPU.Deploy.0 = Release|Any CPU
		{541E5706-D876-4384-AB14-501FCB3166A3}.AppStore|ARM.ActiveCfg = Release|Any CPU
		{541E5706-D876-4384-AB14-501FCB3166A3}.AppStore|iPhone.ActiveCfg = Debug|Any CPU
		{541E5706-D876-4384-AB14-501FCB3166A3}.AppStore|iPhone.Build.0 = Debug|Any CPU
		{541E5706-D876-4384-AB14-501FCB3166A3}.AppStore|iPhoneSimulator.ActiveCfg = Release|Any CPU
		{541E5706-D876-4384-AB14-501FCB3166A3}.AppStore|Mixed Platforms.ActiveCfg = Release|Any CPU
		{541E5706-D876-4384-AB14-501FCB3166A3}.AppStore|Mixed Platforms.Build.0 = Release|Any CPU
		{541E5706-D876-4384-AB14-501FCB3166A3}.AppStore|Mixed Platforms.Deploy.0 = Release|Any CPU
		{541E5706-D876-4384-AB14-501FCB3166A3}.AppStore|x86.ActiveCfg = Release|Any CPU
		{541E5706-D876-4384-AB14-501FCB3166A3}.Debug|Any CPU.ActiveCfg = Debug|Any CPU
		{541E5706-D876-4384-AB14-501FCB3166A3}.Debug|Any CPU.Build.0 = Debug|Any CPU
		{541E5706-D876-4384-AB14-501FCB3166A3}.Debug|Any CPU.Deploy.0 = Debug|Any CPU
		{541E5706-D876-4384-AB14-501FCB3166A3}.Debug|ARM.ActiveCfg = Debug|Any CPU
		{541E5706-D876-4384-AB14-501FCB3166A3}.Debug|iPhone.ActiveCfg = Debug|Any CPU
		{541E5706-D876-4384-AB14-501FCB3166A3}.Debug|iPhone.Build.0 = Debug|Any CPU
		{541E5706-D876-4384-AB14-501FCB3166A3}.Debug|iPhoneSimulator.ActiveCfg = Debug|Any CPU
		{541E5706-D876-4384-AB14-501FCB3166A3}.Debug|iPhoneSimulator.Build.0 = Debug|Any CPU
		{541E5706-D876-4384-AB14-501FCB3166A3}.Debug|Mixed Platforms.ActiveCfg = Debug|Any CPU
		{541E5706-D876-4384-AB14-501FCB3166A3}.Debug|Mixed Platforms.Build.0 = Debug|Any CPU
		{541E5706-D876-4384-AB14-501FCB3166A3}.Debug|Mixed Platforms.Deploy.0 = Debug|Any CPU
		{541E5706-D876-4384-AB14-501FCB3166A3}.Debug|x86.ActiveCfg = Debug|Any CPU
		{541E5706-D876-4384-AB14-501FCB3166A3}.Release|Any CPU.ActiveCfg = Release|Any CPU
		{541E5706-D876-4384-AB14-501FCB3166A3}.Release|Any CPU.Build.0 = Release|Any CPU
		{541E5706-D876-4384-AB14-501FCB3166A3}.Release|ARM.ActiveCfg = Release|Any CPU
		{541E5706-D876-4384-AB14-501FCB3166A3}.Release|iPhone.ActiveCfg = Release|Any CPU
		{541E5706-D876-4384-AB14-501FCB3166A3}.Release|iPhone.Build.0 = Release|Any CPU
		{541E5706-D876-4384-AB14-501FCB3166A3}.Release|iPhoneSimulator.ActiveCfg = Release|Any CPU
		{541E5706-D876-4384-AB14-501FCB3166A3}.Release|iPhoneSimulator.Build.0 = Release|Any CPU
		{541E5706-D876-4384-AB14-501FCB3166A3}.Release|Mixed Platforms.ActiveCfg = Release|Any CPU
		{541E5706-D876-4384-AB14-501FCB3166A3}.Release|Mixed Platforms.Build.0 = Release|Any CPU
		{541E5706-D876-4384-AB14-501FCB3166A3}.Release|Mixed Platforms.Deploy.0 = Release|Any CPU
		{541E5706-D876-4384-AB14-501FCB3166A3}.Release|x86.ActiveCfg = Release|Any CPU
		{095830C6-27C4-4A8E-9195-519EEB2A79AD}.Ad-Hoc|Any CPU.ActiveCfg = Ad-Hoc|iPhoneSimulator
		{095830C6-27C4-4A8E-9195-519EEB2A79AD}.Ad-Hoc|ARM.ActiveCfg = Ad-Hoc|iPhoneSimulator
		{095830C6-27C4-4A8E-9195-519EEB2A79AD}.Ad-Hoc|iPhone.ActiveCfg = Ad-Hoc|iPhone
		{095830C6-27C4-4A8E-9195-519EEB2A79AD}.Ad-Hoc|iPhone.Build.0 = Ad-Hoc|iPhone
		{095830C6-27C4-4A8E-9195-519EEB2A79AD}.Ad-Hoc|iPhoneSimulator.ActiveCfg = Ad-Hoc|iPhoneSimulator
		{095830C6-27C4-4A8E-9195-519EEB2A79AD}.Ad-Hoc|iPhoneSimulator.Build.0 = Ad-Hoc|iPhoneSimulator
		{095830C6-27C4-4A8E-9195-519EEB2A79AD}.Ad-Hoc|Mixed Platforms.ActiveCfg = Ad-Hoc|iPhoneSimulator
		{095830C6-27C4-4A8E-9195-519EEB2A79AD}.Ad-Hoc|Mixed Platforms.Build.0 = Ad-Hoc|iPhoneSimulator
		{095830C6-27C4-4A8E-9195-519EEB2A79AD}.Ad-Hoc|x86.ActiveCfg = Ad-Hoc|iPhoneSimulator
		{095830C6-27C4-4A8E-9195-519EEB2A79AD}.AppStore|Any CPU.ActiveCfg = AppStore|iPhoneSimulator
		{095830C6-27C4-4A8E-9195-519EEB2A79AD}.AppStore|ARM.ActiveCfg = AppStore|iPhoneSimulator
		{095830C6-27C4-4A8E-9195-519EEB2A79AD}.AppStore|iPhone.ActiveCfg = AppStore|iPhone
		{095830C6-27C4-4A8E-9195-519EEB2A79AD}.AppStore|iPhone.Build.0 = AppStore|iPhone
		{095830C6-27C4-4A8E-9195-519EEB2A79AD}.AppStore|iPhoneSimulator.ActiveCfg = AppStore|iPhoneSimulator
		{095830C6-27C4-4A8E-9195-519EEB2A79AD}.AppStore|iPhoneSimulator.Build.0 = AppStore|iPhoneSimulator
		{095830C6-27C4-4A8E-9195-519EEB2A79AD}.AppStore|Mixed Platforms.ActiveCfg = AppStore|iPhoneSimulator
		{095830C6-27C4-4A8E-9195-519EEB2A79AD}.AppStore|Mixed Platforms.Build.0 = AppStore|iPhoneSimulator
		{095830C6-27C4-4A8E-9195-519EEB2A79AD}.AppStore|x86.ActiveCfg = AppStore|iPhoneSimulator
		{095830C6-27C4-4A8E-9195-519EEB2A79AD}.Debug|Any CPU.ActiveCfg = Debug|iPhoneSimulator
		{095830C6-27C4-4A8E-9195-519EEB2A79AD}.Debug|Any CPU.Build.0 = Debug|iPhoneSimulator
		{095830C6-27C4-4A8E-9195-519EEB2A79AD}.Debug|ARM.ActiveCfg = Debug|iPhone
		{095830C6-27C4-4A8E-9195-519EEB2A79AD}.Debug|iPhone.ActiveCfg = Debug|iPhone
		{095830C6-27C4-4A8E-9195-519EEB2A79AD}.Debug|iPhone.Build.0 = Debug|iPhone
		{095830C6-27C4-4A8E-9195-519EEB2A79AD}.Debug|iPhoneSimulator.ActiveCfg = Debug|iPhoneSimulator
		{095830C6-27C4-4A8E-9195-519EEB2A79AD}.Debug|iPhoneSimulator.Build.0 = Debug|iPhoneSimulator
		{095830C6-27C4-4A8E-9195-519EEB2A79AD}.Debug|Mixed Platforms.ActiveCfg = Debug|iPhone
		{095830C6-27C4-4A8E-9195-519EEB2A79AD}.Debug|Mixed Platforms.Build.0 = Debug|iPhone
		{095830C6-27C4-4A8E-9195-519EEB2A79AD}.Debug|x86.ActiveCfg = Debug|iPhone
		{095830C6-27C4-4A8E-9195-519EEB2A79AD}.Release|Any CPU.ActiveCfg = Release|iPhoneSimulator
		{095830C6-27C4-4A8E-9195-519EEB2A79AD}.Release|Any CPU.Build.0 = Release|iPhoneSimulator
		{095830C6-27C4-4A8E-9195-519EEB2A79AD}.Release|ARM.ActiveCfg = Release|iPhone
		{095830C6-27C4-4A8E-9195-519EEB2A79AD}.Release|iPhone.ActiveCfg = Release|iPhone
		{095830C6-27C4-4A8E-9195-519EEB2A79AD}.Release|iPhone.Build.0 = Release|iPhone
		{095830C6-27C4-4A8E-9195-519EEB2A79AD}.Release|iPhoneSimulator.ActiveCfg = Release|iPhoneSimulator
		{095830C6-27C4-4A8E-9195-519EEB2A79AD}.Release|iPhoneSimulator.Build.0 = Release|iPhoneSimulator
		{095830C6-27C4-4A8E-9195-519EEB2A79AD}.Release|Mixed Platforms.ActiveCfg = Release|iPhone
		{095830C6-27C4-4A8E-9195-519EEB2A79AD}.Release|Mixed Platforms.Build.0 = Release|iPhone
		{095830C6-27C4-4A8E-9195-519EEB2A79AD}.Release|x86.ActiveCfg = Release|iPhone
		{70C447FC-BDBD-4C2A-9D8F-3904DB8710D0}.Ad-Hoc|Any CPU.ActiveCfg = Release|Any CPU
		{70C447FC-BDBD-4C2A-9D8F-3904DB8710D0}.Ad-Hoc|Any CPU.Build.0 = Release|Any CPU
		{70C447FC-BDBD-4C2A-9D8F-3904DB8710D0}.Ad-Hoc|ARM.ActiveCfg = Release|Any CPU
		{70C447FC-BDBD-4C2A-9D8F-3904DB8710D0}.Ad-Hoc|iPhone.ActiveCfg = Release|Any CPU
		{70C447FC-BDBD-4C2A-9D8F-3904DB8710D0}.Ad-Hoc|iPhoneSimulator.ActiveCfg = Release|Any CPU
		{70C447FC-BDBD-4C2A-9D8F-3904DB8710D0}.Ad-Hoc|Mixed Platforms.ActiveCfg = Release|Any CPU
		{70C447FC-BDBD-4C2A-9D8F-3904DB8710D0}.Ad-Hoc|Mixed Platforms.Build.0 = Release|Any CPU
		{70C447FC-BDBD-4C2A-9D8F-3904DB8710D0}.Ad-Hoc|x86.ActiveCfg = Release|Any CPU
		{70C447FC-BDBD-4C2A-9D8F-3904DB8710D0}.AppStore|Any CPU.ActiveCfg = Release|Any CPU
		{70C447FC-BDBD-4C2A-9D8F-3904DB8710D0}.AppStore|Any CPU.Build.0 = Release|Any CPU
		{70C447FC-BDBD-4C2A-9D8F-3904DB8710D0}.AppStore|ARM.ActiveCfg = Release|Any CPU
		{70C447FC-BDBD-4C2A-9D8F-3904DB8710D0}.AppStore|iPhone.ActiveCfg = Release|Any CPU
		{70C447FC-BDBD-4C2A-9D8F-3904DB8710D0}.AppStore|iPhoneSimulator.ActiveCfg = Release|Any CPU
		{70C447FC-BDBD-4C2A-9D8F-3904DB8710D0}.AppStore|Mixed Platforms.ActiveCfg = Release|Any CPU
		{70C447FC-BDBD-4C2A-9D8F-3904DB8710D0}.AppStore|Mixed Platforms.Build.0 = Release|Any CPU
		{70C447FC-BDBD-4C2A-9D8F-3904DB8710D0}.AppStore|x86.ActiveCfg = Release|Any CPU
		{70C447FC-BDBD-4C2A-9D8F-3904DB8710D0}.Debug|Any CPU.ActiveCfg = Debug|Any CPU
		{70C447FC-BDBD-4C2A-9D8F-3904DB8710D0}.Debug|Any CPU.Build.0 = Debug|Any CPU
		{70C447FC-BDBD-4C2A-9D8F-3904DB8710D0}.Debug|ARM.ActiveCfg = Debug|Any CPU
		{70C447FC-BDBD-4C2A-9D8F-3904DB8710D0}.Debug|iPhone.ActiveCfg = Debug|Any CPU
		{70C447FC-BDBD-4C2A-9D8F-3904DB8710D0}.Debug|iPhoneSimulator.ActiveCfg = Debug|Any CPU
		{70C447FC-BDBD-4C2A-9D8F-3904DB8710D0}.Debug|Mixed Platforms.ActiveCfg = Debug|Any CPU
		{70C447FC-BDBD-4C2A-9D8F-3904DB8710D0}.Debug|Mixed Platforms.Build.0 = Debug|Any CPU
		{70C447FC-BDBD-4C2A-9D8F-3904DB8710D0}.Debug|x86.ActiveCfg = Debug|Any CPU
		{70C447FC-BDBD-4C2A-9D8F-3904DB8710D0}.Release|Any CPU.ActiveCfg = Release|Any CPU
		{70C447FC-BDBD-4C2A-9D8F-3904DB8710D0}.Release|Any CPU.Build.0 = Release|Any CPU
		{70C447FC-BDBD-4C2A-9D8F-3904DB8710D0}.Release|ARM.ActiveCfg = Release|Any CPU
		{70C447FC-BDBD-4C2A-9D8F-3904DB8710D0}.Release|iPhone.ActiveCfg = Release|Any CPU
		{70C447FC-BDBD-4C2A-9D8F-3904DB8710D0}.Release|iPhoneSimulator.ActiveCfg = Release|Any CPU
		{70C447FC-BDBD-4C2A-9D8F-3904DB8710D0}.Release|Mixed Platforms.ActiveCfg = Release|Any CPU
		{70C447FC-BDBD-4C2A-9D8F-3904DB8710D0}.Release|Mixed Platforms.Build.0 = Release|Any CPU
		{70C447FC-BDBD-4C2A-9D8F-3904DB8710D0}.Release|x86.ActiveCfg = Release|Any CPU
		{FAC0FEA3-31AC-4E17-A4FD-6A7D45DF1D06}.Ad-Hoc|Any CPU.ActiveCfg = Release|Any CPU
		{FAC0FEA3-31AC-4E17-A4FD-6A7D45DF1D06}.Ad-Hoc|Any CPU.Build.0 = Release|Any CPU
		{FAC0FEA3-31AC-4E17-A4FD-6A7D45DF1D06}.Ad-Hoc|Any CPU.Deploy.0 = Release|Any CPU
		{FAC0FEA3-31AC-4E17-A4FD-6A7D45DF1D06}.Ad-Hoc|ARM.ActiveCfg = Release|ARM
		{FAC0FEA3-31AC-4E17-A4FD-6A7D45DF1D06}.Ad-Hoc|ARM.Build.0 = Release|ARM
		{FAC0FEA3-31AC-4E17-A4FD-6A7D45DF1D06}.Ad-Hoc|ARM.Deploy.0 = Release|ARM
		{FAC0FEA3-31AC-4E17-A4FD-6A7D45DF1D06}.Ad-Hoc|iPhone.ActiveCfg = Release|Any CPU
		{FAC0FEA3-31AC-4E17-A4FD-6A7D45DF1D06}.Ad-Hoc|iPhoneSimulator.ActiveCfg = Release|Any CPU
		{FAC0FEA3-31AC-4E17-A4FD-6A7D45DF1D06}.Ad-Hoc|Mixed Platforms.ActiveCfg = Release|x86
		{FAC0FEA3-31AC-4E17-A4FD-6A7D45DF1D06}.Ad-Hoc|Mixed Platforms.Build.0 = Release|x86
		{FAC0FEA3-31AC-4E17-A4FD-6A7D45DF1D06}.Ad-Hoc|Mixed Platforms.Deploy.0 = Release|x86
		{FAC0FEA3-31AC-4E17-A4FD-6A7D45DF1D06}.Ad-Hoc|x86.ActiveCfg = Release|x86
		{FAC0FEA3-31AC-4E17-A4FD-6A7D45DF1D06}.Ad-Hoc|x86.Build.0 = Release|x86
		{FAC0FEA3-31AC-4E17-A4FD-6A7D45DF1D06}.Ad-Hoc|x86.Deploy.0 = Release|x86
		{FAC0FEA3-31AC-4E17-A4FD-6A7D45DF1D06}.AppStore|Any CPU.ActiveCfg = Release|Any CPU
		{FAC0FEA3-31AC-4E17-A4FD-6A7D45DF1D06}.AppStore|Any CPU.Build.0 = Release|Any CPU
		{FAC0FEA3-31AC-4E17-A4FD-6A7D45DF1D06}.AppStore|Any CPU.Deploy.0 = Release|Any CPU
		{FAC0FEA3-31AC-4E17-A4FD-6A7D45DF1D06}.AppStore|ARM.ActiveCfg = Release|ARM
		{FAC0FEA3-31AC-4E17-A4FD-6A7D45DF1D06}.AppStore|ARM.Build.0 = Release|ARM
		{FAC0FEA3-31AC-4E17-A4FD-6A7D45DF1D06}.AppStore|ARM.Deploy.0 = Release|ARM
		{FAC0FEA3-31AC-4E17-A4FD-6A7D45DF1D06}.AppStore|iPhone.ActiveCfg = Release|Any CPU
		{FAC0FEA3-31AC-4E17-A4FD-6A7D45DF1D06}.AppStore|iPhoneSimulator.ActiveCfg = Release|Any CPU
		{FAC0FEA3-31AC-4E17-A4FD-6A7D45DF1D06}.AppStore|Mixed Platforms.ActiveCfg = Release|x86
		{FAC0FEA3-31AC-4E17-A4FD-6A7D45DF1D06}.AppStore|Mixed Platforms.Build.0 = Release|x86
		{FAC0FEA3-31AC-4E17-A4FD-6A7D45DF1D06}.AppStore|Mixed Platforms.Deploy.0 = Release|x86
		{FAC0FEA3-31AC-4E17-A4FD-6A7D45DF1D06}.AppStore|x86.ActiveCfg = Release|x86
		{FAC0FEA3-31AC-4E17-A4FD-6A7D45DF1D06}.AppStore|x86.Build.0 = Release|x86
		{FAC0FEA3-31AC-4E17-A4FD-6A7D45DF1D06}.AppStore|x86.Deploy.0 = Release|x86
		{FAC0FEA3-31AC-4E17-A4FD-6A7D45DF1D06}.Debug|Any CPU.ActiveCfg = Debug|Any CPU
		{FAC0FEA3-31AC-4E17-A4FD-6A7D45DF1D06}.Debug|Any CPU.Build.0 = Debug|Any CPU
		{FAC0FEA3-31AC-4E17-A4FD-6A7D45DF1D06}.Debug|Any CPU.Deploy.0 = Debug|Any CPU
		{FAC0FEA3-31AC-4E17-A4FD-6A7D45DF1D06}.Debug|ARM.ActiveCfg = Debug|ARM
		{FAC0FEA3-31AC-4E17-A4FD-6A7D45DF1D06}.Debug|ARM.Build.0 = Debug|ARM
		{FAC0FEA3-31AC-4E17-A4FD-6A7D45DF1D06}.Debug|ARM.Deploy.0 = Debug|ARM
		{FAC0FEA3-31AC-4E17-A4FD-6A7D45DF1D06}.Debug|iPhone.ActiveCfg = Debug|Any CPU
		{FAC0FEA3-31AC-4E17-A4FD-6A7D45DF1D06}.Debug|iPhoneSimulator.ActiveCfg = Debug|Any CPU
		{FAC0FEA3-31AC-4E17-A4FD-6A7D45DF1D06}.Debug|Mixed Platforms.ActiveCfg = Debug|x86
		{FAC0FEA3-31AC-4E17-A4FD-6A7D45DF1D06}.Debug|Mixed Platforms.Build.0 = Debug|x86
		{FAC0FEA3-31AC-4E17-A4FD-6A7D45DF1D06}.Debug|Mixed Platforms.Deploy.0 = Debug|x86
		{FAC0FEA3-31AC-4E17-A4FD-6A7D45DF1D06}.Debug|x86.ActiveCfg = Debug|x86
		{FAC0FEA3-31AC-4E17-A4FD-6A7D45DF1D06}.Debug|x86.Build.0 = Debug|x86
		{FAC0FEA3-31AC-4E17-A4FD-6A7D45DF1D06}.Debug|x86.Deploy.0 = Debug|x86
		{FAC0FEA3-31AC-4E17-A4FD-6A7D45DF1D06}.Release|Any CPU.ActiveCfg = Release|Any CPU
		{FAC0FEA3-31AC-4E17-A4FD-6A7D45DF1D06}.Release|Any CPU.Build.0 = Release|Any CPU
		{FAC0FEA3-31AC-4E17-A4FD-6A7D45DF1D06}.Release|Any CPU.Deploy.0 = Release|Any CPU
		{FAC0FEA3-31AC-4E17-A4FD-6A7D45DF1D06}.Release|ARM.ActiveCfg = Release|ARM
		{FAC0FEA3-31AC-4E17-A4FD-6A7D45DF1D06}.Release|ARM.Build.0 = Release|ARM
		{FAC0FEA3-31AC-4E17-A4FD-6A7D45DF1D06}.Release|ARM.Deploy.0 = Release|ARM
		{FAC0FEA3-31AC-4E17-A4FD-6A7D45DF1D06}.Release|iPhone.ActiveCfg = Release|Any CPU
		{FAC0FEA3-31AC-4E17-A4FD-6A7D45DF1D06}.Release|iPhoneSimulator.ActiveCfg = Release|Any CPU
		{FAC0FEA3-31AC-4E17-A4FD-6A7D45DF1D06}.Release|Mixed Platforms.ActiveCfg = Release|x86
		{FAC0FEA3-31AC-4E17-A4FD-6A7D45DF1D06}.Release|Mixed Platforms.Build.0 = Release|x86
		{FAC0FEA3-31AC-4E17-A4FD-6A7D45DF1D06}.Release|Mixed Platforms.Deploy.0 = Release|x86
		{FAC0FEA3-31AC-4E17-A4FD-6A7D45DF1D06}.Release|x86.ActiveCfg = Release|x86
		{FAC0FEA3-31AC-4E17-A4FD-6A7D45DF1D06}.Release|x86.Build.0 = Release|x86
		{FAC0FEA3-31AC-4E17-A4FD-6A7D45DF1D06}.Release|x86.Deploy.0 = Release|x86
	EndGlobalSection
	GlobalSection(SolutionProperties) = preSolution
		HideSolutionNode = FALSE
	EndGlobalSection
	GlobalSection(NestedProjects) = preSolution
		{47465F9A-97E6-465F-AC57-030191C62C5B} = {F26FDDE7-D91C-4F4D-9450-6D8B63048470}
		{ED6F23A4-0BB1-4C6F-A2F8-6BB1B516BACE} = {33BE1AD1-AFE4-4C67-AF89-F085BD705AB5}
		{541E5706-D876-4384-AB14-501FCB3166A3} = {F26FDDE7-D91C-4F4D-9450-6D8B63048470}
		{095830C6-27C4-4A8E-9195-519EEB2A79AD} = {F26FDDE7-D91C-4F4D-9450-6D8B63048470}
		{70C447FC-BDBD-4C2A-9D8F-3904DB8710D0} = {33BE1AD1-AFE4-4C67-AF89-F085BD705AB5}
		{FAC0FEA3-31AC-4E17-A4FD-6A7D45DF1D06} = {F26FDDE7-D91C-4F4D-9450-6D8B63048470}
	EndGlobalSection
	GlobalSection(MonoDevelopProperties) = preSolution
		StartupItem = src\Calculator\Calculator.csproj
	EndGlobalSection
	GlobalSection(MonoDevelopProperties) = preSolution
		StartupItem = src\Calculator\Calculator.csproj
	EndGlobalSection
	GlobalSection(MonoDevelopProperties) = preSolution
		StartupItem = src\Calculator.iOS\Calculator.iOS.csproj
	EndGlobalSection
EndGlobal
