
Microsoft Visual Studio Solution File, Format Version 12.00
# Visual Studio 2013
VisualStudioVersion = 12.0.40302.0
MinimumVisualStudioVersion = 10.0.40219.1
Project("{FAE04EC0-301F-11D3-BF4B-00C04F79EFBC}") = "HyperlinkCustomRender", "HyperlinkCustomRender\HyperlinkCustomRender\HyperlinkCustomRender.csproj", "{A092F277-22D8-4F70-A156-99519C9FA02B}"
EndProject
Project("{FAE04EC0-301F-11D3-BF4B-00C04F79EFBC}") = "HyperlinkCustomRender.iOS", "HyperlinkCustomRender\HyperlinkCustomRender.iOS\HyperlinkCustomRender.iOS.csproj", "{6482016F-29E3-4FBD-A01A-0FA7345686BE}"
EndProject
Project("{FAE04EC0-301F-11D3-BF4B-00C04F79EFBC}") = "HyperlinkCustomRender.Droid", "HyperlinkCustomRender\HyperlinkCustomRender.Droid\HyperlinkCustomRender.Droid.csproj", "{E8B86436-BBBD-4826-B861-42832B5B6DDD}"
EndProject
Project("{FAE04EC0-301F-11D3-BF4B-00C04F79EFBC}") = "HyperlinkCustomRender.WinPhone", "HyperlinkCustomRender\HyperlinkCustomRender.WinPhone\HyperlinkCustomRender.WinPhone.csproj", "{15BA2A20-1701-419F-A9DF-34AFE0EF60AB}"
EndProject
Global
	GlobalSection(SolutionConfigurationPlatforms) = preSolution
		Ad-Hoc|Any CPU = Ad-Hoc|Any CPU
		Ad-Hoc|ARM = Ad-Hoc|ARM
		Ad-Hoc|iPhone = Ad-Hoc|iPhone
		Ad-Hoc|iPhoneSimulator = Ad-Hoc|iPhoneSimulator
		Ad-Hoc|Mixed Platforms = Ad-Hoc|Mixed Platforms
		Ad-Hoc|x86 = Ad-Hoc|x86
		AppStore|Any CPU = AppStore|Any CPU
		AppStore|ARM = AppStore|ARM
		AppStore|iPhone = AppStore|iPhone
		AppStore|iPhoneSimulator = AppStore|iPhoneSimulator
		AppStore|Mixed Platforms = AppStore|Mixed Platforms
		AppStore|x86 = AppStore|x86
		Debug|Any CPU = Debug|Any CPU
		Debug|ARM = Debug|ARM
		Debug|iPhone = Debug|iPhone
		Debug|iPhoneSimulator = Debug|iPhoneSimulator
		Debug|Mixed Platforms = Debug|Mixed Platforms
		Debug|x86 = Debug|x86
		Release|Any CPU = Release|Any CPU
		Release|ARM = Release|ARM
		Release|iPhone = Release|iPhone
		Release|iPhoneSimulator = Release|iPhoneSimulator
		Release|Mixed Platforms = Release|Mixed Platforms
		Release|x86 = Release|x86
	EndGlobalSection
	GlobalSection(ProjectConfigurationPlatforms) = postSolution
		{A092F277-22D8-4F70-A156-99519C9FA02B}.Ad-Hoc|Any CPU.ActiveCfg = Release|Any CPU
		{A092F277-22D8-4F70-A156-99519C9FA02B}.Ad-Hoc|Any CPU.Build.0 = Release|Any CPU
		{A092F277-22D8-4F70-A156-99519C9FA02B}.Ad-Hoc|ARM.ActiveCfg = Release|Any CPU
		{A092F277-22D8-4F70-A156-99519C9FA02B}.Ad-Hoc|iPhone.ActiveCfg = Release|Any CPU
		{A092F277-22D8-4F70-A156-99519C9FA02B}.Ad-Hoc|iPhoneSimulator.ActiveCfg = Release|Any CPU
		{A092F277-22D8-4F70-A156-99519C9FA02B}.Ad-Hoc|Mixed Platforms.ActiveCfg = Release|Any CPU
		{A092F277-22D8-4F70-A156-99519C9FA02B}.Ad-Hoc|Mixed Platforms.Build.0 = Release|Any CPU
		{A092F277-22D8-4F70-A156-99519C9FA02B}.Ad-Hoc|x86.ActiveCfg = Release|Any CPU
		{A092F277-22D8-4F70-A156-99519C9FA02B}.AppStore|Any CPU.ActiveCfg = Release|Any CPU
		{A092F277-22D8-4F70-A156-99519C9FA02B}.AppStore|Any CPU.Build.0 = Release|Any CPU
		{A092F277-22D8-4F70-A156-99519C9FA02B}.AppStore|ARM.ActiveCfg = Release|Any CPU
		{A092F277-22D8-4F70-A156-99519C9FA02B}.AppStore|iPhone.ActiveCfg = Release|Any CPU
		{A092F277-22D8-4F70-A156-99519C9FA02B}.AppStore|iPhoneSimulator.ActiveCfg = Release|Any CPU
		{A092F277-22D8-4F70-A156-99519C9FA02B}.AppStore|Mixed Platforms.ActiveCfg = Release|Any CPU
		{A092F277-22D8-4F70-A156-99519C9FA02B}.AppStore|Mixed Platforms.Build.0 = Release|Any CPU
		{A092F277-22D8-4F70-A156-99519C9FA02B}.AppStore|x86.ActiveCfg = Release|Any CPU
		{A092F277-22D8-4F70-A156-99519C9FA02B}.Debug|Any CPU.ActiveCfg = Debug|Any CPU
		{A092F277-22D8-4F70-A156-99519C9FA02B}.Debug|Any CPU.Build.0 = Debug|Any CPU
		{A092F277-22D8-4F70-A156-99519C9FA02B}.Debug|ARM.ActiveCfg = Debug|Any CPU
		{A092F277-22D8-4F70-A156-99519C9FA02B}.Debug|iPhone.ActiveCfg = Debug|Any CPU
		{A092F277-22D8-4F70-A156-99519C9FA02B}.Debug|iPhoneSimulator.ActiveCfg = Debug|Any CPU
		{A092F277-22D8-4F70-A156-99519C9FA02B}.Debug|Mixed Platforms.ActiveCfg = Debug|Any CPU
		{A092F277-22D8-4F70-A156-99519C9FA02B}.Debug|Mixed Platforms.Build.0 = Debug|Any CPU
		{A092F277-22D8-4F70-A156-99519C9FA02B}.Debug|x86.ActiveCfg = Debug|Any CPU
		{A092F277-22D8-4F70-A156-99519C9FA02B}.Release|Any CPU.ActiveCfg = Release|Any CPU
		{A092F277-22D8-4F70-A156-99519C9FA02B}.Release|Any CPU.Build.0 = Release|Any CPU
		{A092F277-22D8-4F70-A156-99519C9FA02B}.Release|ARM.ActiveCfg = Release|Any CPU
		{A092F277-22D8-4F70-A156-99519C9FA02B}.Release|iPhone.ActiveCfg = Release|Any CPU
		{A092F277-22D8-4F70-A156-99519C9FA02B}.Release|iPhoneSimulator.ActiveCfg = Release|Any CPU
		{A092F277-22D8-4F70-A156-99519C9FA02B}.Release|Mixed Platforms.ActiveCfg = Release|Any CPU
		{A092F277-22D8-4F70-A156-99519C9FA02B}.Release|Mixed Platforms.Build.0 = Release|Any CPU
		{A092F277-22D8-4F70-A156-99519C9FA02B}.Release|x86.ActiveCfg = Release|Any CPU
		{6482016F-29E3-4FBD-A01A-0FA7345686BE}.Ad-Hoc|Any CPU.ActiveCfg = Ad-Hoc|iPhone
		{6482016F-29E3-4FBD-A01A-0FA7345686BE}.Ad-Hoc|ARM.ActiveCfg = Ad-Hoc|iPhone
		{6482016F-29E3-4FBD-A01A-0FA7345686BE}.Ad-Hoc|iPhone.ActiveCfg = Ad-Hoc|iPhone
		{6482016F-29E3-4FBD-A01A-0FA7345686BE}.Ad-Hoc|iPhone.Build.0 = Ad-Hoc|iPhone
		{6482016F-29E3-4FBD-A01A-0FA7345686BE}.Ad-Hoc|iPhoneSimulator.ActiveCfg = Ad-Hoc|iPhoneSimulator
		{6482016F-29E3-4FBD-A01A-0FA7345686BE}.Ad-Hoc|iPhoneSimulator.Build.0 = Ad-Hoc|iPhoneSimulator
		{6482016F-29E3-4FBD-A01A-0FA7345686BE}.Ad-Hoc|Mixed Platforms.ActiveCfg = Ad-Hoc|iPhone
		{6482016F-29E3-4FBD-A01A-0FA7345686BE}.Ad-Hoc|Mixed Platforms.Build.0 = Ad-Hoc|iPhone
		{6482016F-29E3-4FBD-A01A-0FA7345686BE}.Ad-Hoc|x86.ActiveCfg = Ad-Hoc|iPhone
		{6482016F-29E3-4FBD-A01A-0FA7345686BE}.AppStore|Any CPU.ActiveCfg = AppStore|iPhone
		{6482016F-29E3-4FBD-A01A-0FA7345686BE}.AppStore|ARM.ActiveCfg = AppStore|iPhone
		{6482016F-29E3-4FBD-A01A-0FA7345686BE}.AppStore|iPhone.ActiveCfg = AppStore|iPhone
		{6482016F-29E3-4FBD-A01A-0FA7345686BE}.AppStore|iPhone.Build.0 = AppStore|iPhone
		{6482016F-29E3-4FBD-A01A-0FA7345686BE}.AppStore|iPhoneSimulator.ActiveCfg = AppStore|iPhoneSimulator
		{6482016F-29E3-4FBD-A01A-0FA7345686BE}.AppStore|iPhoneSimulator.Build.0 = AppStore|iPhoneSimulator
		{6482016F-29E3-4FBD-A01A-0FA7345686BE}.AppStore|Mixed Platforms.ActiveCfg = AppStore|iPhone
		{6482016F-29E3-4FBD-A01A-0FA7345686BE}.AppStore|Mixed Platforms.Build.0 = AppStore|iPhone
		{6482016F-29E3-4FBD-A01A-0FA7345686BE}.AppStore|x86.ActiveCfg = AppStore|iPhone
		{6482016F-29E3-4FBD-A01A-0FA7345686BE}.Debug|Any CPU.ActiveCfg = Debug|iPhone
		{6482016F-29E3-4FBD-A01A-0FA7345686BE}.Debug|ARM.ActiveCfg = Debug|iPhone
		{6482016F-29E3-4FBD-A01A-0FA7345686BE}.Debug|iPhone.ActiveCfg = Debug|iPhone
		{6482016F-29E3-4FBD-A01A-0FA7345686BE}.Debug|iPhone.Build.0 = Debug|iPhone
		{6482016F-29E3-4FBD-A01A-0FA7345686BE}.Debug|iPhoneSimulator.ActiveCfg = Debug|iPhoneSimulator
		{6482016F-29E3-4FBD-A01A-0FA7345686BE}.Debug|iPhoneSimulator.Build.0 = Debug|iPhoneSimulator
		{6482016F-29E3-4FBD-A01A-0FA7345686BE}.Debug|Mixed Platforms.ActiveCfg = Debug|iPhone
		{6482016F-29E3-4FBD-A01A-0FA7345686BE}.Debug|Mixed Platforms.Build.0 = Debug|iPhone
		{6482016F-29E3-4FBD-A01A-0FA7345686BE}.Debug|x86.ActiveCfg = Debug|iPhone
		{6482016F-29E3-4FBD-A01A-0FA7345686BE}.Release|Any CPU.ActiveCfg = Release|iPhone
		{6482016F-29E3-4FBD-A01A-0FA7345686BE}.Release|ARM.ActiveCfg = Release|iPhone
		{6482016F-29E3-4FBD-A01A-0FA7345686BE}.Release|iPhone.ActiveCfg = Release|iPhone
		{6482016F-29E3-4FBD-A01A-0FA7345686BE}.Release|iPhone.Build.0 = Release|iPhone
		{6482016F-29E3-4FBD-A01A-0FA7345686BE}.Release|iPhoneSimulator.ActiveCfg = Release|iPhoneSimulator
		{6482016F-29E3-4FBD-A01A-0FA7345686BE}.Release|iPhoneSimulator.Build.0 = Release|iPhoneSimulator
		{6482016F-29E3-4FBD-A01A-0FA7345686BE}.Release|Mixed Platforms.ActiveCfg = Release|iPhone
		{6482016F-29E3-4FBD-A01A-0FA7345686BE}.Release|Mixed Platforms.Build.0 = Release|iPhone
		{6482016F-29E3-4FBD-A01A-0FA7345686BE}.Release|x86.ActiveCfg = Release|iPhone
		{E8B86436-BBBD-4826-B861-42832B5B6DDD}.Ad-Hoc|Any CPU.ActiveCfg = Release|Any CPU
		{E8B86436-BBBD-4826-B861-42832B5B6DDD}.Ad-Hoc|Any CPU.Build.0 = Release|Any CPU
		{E8B86436-BBBD-4826-B861-42832B5B6DDD}.Ad-Hoc|Any CPU.Deploy.0 = Release|Any CPU
		{E8B86436-BBBD-4826-B861-42832B5B6DDD}.Ad-Hoc|ARM.ActiveCfg = Release|Any CPU
		{E8B86436-BBBD-4826-B861-42832B5B6DDD}.Ad-Hoc|iPhone.ActiveCfg = Release|Any CPU
		{E8B86436-BBBD-4826-B861-42832B5B6DDD}.Ad-Hoc|iPhoneSimulator.ActiveCfg = Release|Any CPU
		{E8B86436-BBBD-4826-B861-42832B5B6DDD}.Ad-Hoc|Mixed Platforms.ActiveCfg = Release|Any CPU
		{E8B86436-BBBD-4826-B861-42832B5B6DDD}.Ad-Hoc|Mixed Platforms.Build.0 = Release|Any CPU
		{E8B86436-BBBD-4826-B861-42832B5B6DDD}.Ad-Hoc|Mixed Platforms.Deploy.0 = Release|Any CPU
		{E8B86436-BBBD-4826-B861-42832B5B6DDD}.Ad-Hoc|x86.ActiveCfg = Release|Any CPU
		{E8B86436-BBBD-4826-B861-42832B5B6DDD}.AppStore|Any CPU.ActiveCfg = Release|Any CPU
		{E8B86436-BBBD-4826-B861-42832B5B6DDD}.AppStore|Any CPU.Build.0 = Release|Any CPU
		{E8B86436-BBBD-4826-B861-42832B5B6DDD}.AppStore|Any CPU.Deploy.0 = Release|Any CPU
		{E8B86436-BBBD-4826-B861-42832B5B6DDD}.AppStore|ARM.ActiveCfg = Release|Any CPU
		{E8B86436-BBBD-4826-B861-42832B5B6DDD}.AppStore|iPhone.ActiveCfg = Release|Any CPU
		{E8B86436-BBBD-4826-B861-42832B5B6DDD}.AppStore|iPhoneSimulator.ActiveCfg = Release|Any CPU
		{E8B86436-BBBD-4826-B861-42832B5B6DDD}.AppStore|Mixed Platforms.ActiveCfg = Release|Any CPU
		{E8B86436-BBBD-4826-B861-42832B5B6DDD}.AppStore|Mixed Platforms.Build.0 = Release|Any CPU
		{E8B86436-BBBD-4826-B861-42832B5B6DDD}.AppStore|Mixed Platforms.Deploy.0 = Release|Any CPU
		{E8B86436-BBBD-4826-B861-42832B5B6DDD}.AppStore|x86.ActiveCfg = Release|Any CPU
		{E8B86436-BBBD-4826-B861-42832B5B6DDD}.Debug|Any CPU.ActiveCfg = Debug|Any CPU
		{E8B86436-BBBD-4826-B861-42832B5B6DDD}.Debug|Any CPU.Build.0 = Debug|Any CPU
		{E8B86436-BBBD-4826-B861-42832B5B6DDD}.Debug|Any CPU.Deploy.0 = Debug|Any CPU
		{E8B86436-BBBD-4826-B861-42832B5B6DDD}.Debug|ARM.ActiveCfg = Debug|Any CPU
		{E8B86436-BBBD-4826-B861-42832B5B6DDD}.Debug|iPhone.ActiveCfg = Debug|Any CPU
		{E8B86436-BBBD-4826-B861-42832B5B6DDD}.Debug|iPhoneSimulator.ActiveCfg = Debug|Any CPU
		{E8B86436-BBBD-4826-B861-42832B5B6DDD}.Debug|Mixed Platforms.ActiveCfg = Debug|Any CPU
		{E8B86436-BBBD-4826-B861-42832B5B6DDD}.Debug|Mixed Platforms.Build.0 = Debug|Any CPU
		{E8B86436-BBBD-4826-B861-42832B5B6DDD}.Debug|Mixed Platforms.Deploy.0 = Debug|Any CPU
		{E8B86436-BBBD-4826-B861-42832B5B6DDD}.Debug|x86.ActiveCfg = Debug|Any CPU
		{E8B86436-BBBD-4826-B861-42832B5B6DDD}.Release|Any CPU.ActiveCfg = Release|Any CPU
		{E8B86436-BBBD-4826-B861-42832B5B6DDD}.Release|Any CPU.Build.0 = Release|Any CPU
		{E8B86436-BBBD-4826-B861-42832B5B6DDD}.Release|Any CPU.Deploy.0 = Release|Any CPU
		{E8B86436-BBBD-4826-B861-42832B5B6DDD}.Release|ARM.ActiveCfg = Release|Any CPU
		{E8B86436-BBBD-4826-B861-42832B5B6DDD}.Release|iPhone.ActiveCfg = Release|Any CPU
		{E8B86436-BBBD-4826-B861-42832B5B6DDD}.Release|iPhoneSimulator.ActiveCfg = Release|Any CPU
		{E8B86436-BBBD-4826-B861-42832B5B6DDD}.Release|Mixed Platforms.ActiveCfg = Release|Any CPU
		{E8B86436-BBBD-4826-B861-42832B5B6DDD}.Release|Mixed Platforms.Build.0 = Release|Any CPU
		{E8B86436-BBBD-4826-B861-42832B5B6DDD}.Release|Mixed Platforms.Deploy.0 = Release|Any CPU
		{E8B86436-BBBD-4826-B861-42832B5B6DDD}.Release|x86.ActiveCfg = Release|Any CPU
		{15BA2A20-1701-419F-A9DF-34AFE0EF60AB}.Ad-Hoc|Any CPU.ActiveCfg = Release|Any CPU
		{15BA2A20-1701-419F-A9DF-34AFE0EF60AB}.Ad-Hoc|Any CPU.Build.0 = Release|Any CPU
		{15BA2A20-1701-419F-A9DF-34AFE0EF60AB}.Ad-Hoc|Any CPU.Deploy.0 = Release|Any CPU
		{15BA2A20-1701-419F-A9DF-34AFE0EF60AB}.Ad-Hoc|ARM.ActiveCfg = Release|ARM
		{15BA2A20-1701-419F-A9DF-34AFE0EF60AB}.Ad-Hoc|ARM.Build.0 = Release|ARM
		{15BA2A20-1701-419F-A9DF-34AFE0EF60AB}.Ad-Hoc|ARM.Deploy.0 = Release|ARM
		{15BA2A20-1701-419F-A9DF-34AFE0EF60AB}.Ad-Hoc|iPhone.ActiveCfg = Release|Any CPU
		{15BA2A20-1701-419F-A9DF-34AFE0EF60AB}.Ad-Hoc|iPhoneSimulator.ActiveCfg = Release|Any CPU
		{15BA2A20-1701-419F-A9DF-34AFE0EF60AB}.Ad-Hoc|Mixed Platforms.ActiveCfg = Release|x86
		{15BA2A20-1701-419F-A9DF-34AFE0EF60AB}.Ad-Hoc|Mixed Platforms.Build.0 = Release|x86
		{15BA2A20-1701-419F-A9DF-34AFE0EF60AB}.Ad-Hoc|Mixed Platforms.Deploy.0 = Release|x86
		{15BA2A20-1701-419F-A9DF-34AFE0EF60AB}.Ad-Hoc|x86.ActiveCfg = Release|x86
		{15BA2A20-1701-419F-A9DF-34AFE0EF60AB}.Ad-Hoc|x86.Build.0 = Release|x86
		{15BA2A20-1701-419F-A9DF-34AFE0EF60AB}.Ad-Hoc|x86.Deploy.0 = Release|x86
		{15BA2A20-1701-419F-A9DF-34AFE0EF60AB}.AppStore|Any CPU.ActiveCfg = Release|Any CPU
		{15BA2A20-1701-419F-A9DF-34AFE0EF60AB}.AppStore|Any CPU.Build.0 = Release|Any CPU
		{15BA2A20-1701-419F-A9DF-34AFE0EF60AB}.AppStore|Any CPU.Deploy.0 = Release|Any CPU
		{15BA2A20-1701-419F-A9DF-34AFE0EF60AB}.AppStore|ARM.ActiveCfg = Release|ARM
		{15BA2A20-1701-419F-A9DF-34AFE0EF60AB}.AppStore|ARM.Build.0 = Release|ARM
		{15BA2A20-1701-419F-A9DF-34AFE0EF60AB}.AppStore|ARM.Deploy.0 = Release|ARM
		{15BA2A20-1701-419F-A9DF-34AFE0EF60AB}.AppStore|iPhone.ActiveCfg = Release|Any CPU
		{15BA2A20-1701-419F-A9DF-34AFE0EF60AB}.AppStore|iPhoneSimulator.ActiveCfg = Release|Any CPU
		{15BA2A20-1701-419F-A9DF-34AFE0EF60AB}.AppStore|Mixed Platforms.ActiveCfg = Release|x86
		{15BA2A20-1701-419F-A9DF-34AFE0EF60AB}.AppStore|Mixed Platforms.Build.0 = Release|x86
		{15BA2A20-1701-419F-A9DF-34AFE0EF60AB}.AppStore|Mixed Platforms.Deploy.0 = Release|x86
		{15BA2A20-1701-419F-A9DF-34AFE0EF60AB}.AppStore|x86.ActiveCfg = Release|x86
		{15BA2A20-1701-419F-A9DF-34AFE0EF60AB}.AppStore|x86.Build.0 = Release|x86
		{15BA2A20-1701-419F-A9DF-34AFE0EF60AB}.AppStore|x86.Deploy.0 = Release|x86
		{15BA2A20-1701-419F-A9DF-34AFE0EF60AB}.Debug|Any CPU.ActiveCfg = Debug|Any CPU
		{15BA2A20-1701-419F-A9DF-34AFE0EF60AB}.Debug|Any CPU.Build.0 = Debug|Any CPU
		{15BA2A20-1701-419F-A9DF-34AFE0EF60AB}.Debug|Any CPU.Deploy.0 = Debug|Any CPU
		{15BA2A20-1701-419F-A9DF-34AFE0EF60AB}.Debug|ARM.ActiveCfg = Debug|ARM
		{15BA2A20-1701-419F-A9DF-34AFE0EF60AB}.Debug|ARM.Build.0 = Debug|ARM
		{15BA2A20-1701-419F-A9DF-34AFE0EF60AB}.Debug|ARM.Deploy.0 = Debug|ARM
		{15BA2A20-1701-419F-A9DF-34AFE0EF60AB}.Debug|iPhone.ActiveCfg = Debug|Any CPU
		{15BA2A20-1701-419F-A9DF-34AFE0EF60AB}.Debug|iPhoneSimulator.ActiveCfg = Debug|Any CPU
		{15BA2A20-1701-419F-A9DF-34AFE0EF60AB}.Debug|Mixed Platforms.ActiveCfg = Debug|x86
		{15BA2A20-1701-419F-A9DF-34AFE0EF60AB}.Debug|Mixed Platforms.Build.0 = Debug|x86
		{15BA2A20-1701-419F-A9DF-34AFE0EF60AB}.Debug|Mixed Platforms.Deploy.0 = Debug|x86
		{15BA2A20-1701-419F-A9DF-34AFE0EF60AB}.Debug|x86.ActiveCfg = Debug|x86
		{15BA2A20-1701-419F-A9DF-34AFE0EF60AB}.Debug|x86.Build.0 = Debug|x86
		{15BA2A20-1701-419F-A9DF-34AFE0EF60AB}.Debug|x86.Deploy.0 = Debug|x86
		{15BA2A20-1701-419F-A9DF-34AFE0EF60AB}.Release|Any CPU.ActiveCfg = Release|Any CPU
		{15BA2A20-1701-419F-A9DF-34AFE0EF60AB}.Release|Any CPU.Build.0 = Release|Any CPU
		{15BA2A20-1701-419F-A9DF-34AFE0EF60AB}.Release|Any CPU.Deploy.0 = Release|Any CPU
		{15BA2A20-1701-419F-A9DF-34AFE0EF60AB}.Release|ARM.ActiveCfg = Release|ARM
		{15BA2A20-1701-419F-A9DF-34AFE0EF60AB}.Release|ARM.Build.0 = Release|ARM
		{15BA2A20-1701-419F-A9DF-34AFE0EF60AB}.Release|ARM.Deploy.0 = Release|ARM
		{15BA2A20-1701-419F-A9DF-34AFE0EF60AB}.Release|iPhone.ActiveCfg = Release|Any CPU
		{15BA2A20-1701-419F-A9DF-34AFE0EF60AB}.Release|iPhoneSimulator.ActiveCfg = Release|Any CPU
		{15BA2A20-1701-419F-A9DF-34AFE0EF60AB}.Release|Mixed Platforms.ActiveCfg = Release|x86
		{15BA2A20-1701-419F-A9DF-34AFE0EF60AB}.Release|Mixed Platforms.Build.0 = Release|x86
		{15BA2A20-1701-419F-A9DF-34AFE0EF60AB}.Release|Mixed Platforms.Deploy.0 = Release|x86
		{15BA2A20-1701-419F-A9DF-34AFE0EF60AB}.Release|x86.ActiveCfg = Release|x86
		{15BA2A20-1701-419F-A9DF-34AFE0EF60AB}.Release|x86.Build.0 = Release|x86
		{15BA2A20-1701-419F-A9DF-34AFE0EF60AB}.Release|x86.Deploy.0 = Release|x86
	EndGlobalSection
	GlobalSection(SolutionProperties) = preSolution
		HideSolutionNode = FALSE
	EndGlobalSection
EndGlobal
