
Microsoft Visual Studio Solution File, Format Version 12.00
# Visual Studio 2013
VisualStudioVersion = 12.0.30723.0
MinimumVisualStudioVersion = 10.0.40219.1
Project("{FAE04EC0-301F-11D3-BF4B-00C04F79EFBC}") = "Xamarin_Behaviors", "Xamarin Behaviors\Xamarin_Behaviors\Xamarin_Behaviors.csproj", "{04DE9612-3820-47DA-817D-04A549F7251A}"
EndProject
Project("{FAE04EC0-301F-11D3-BF4B-00C04F79EFBC}") = "Xamarin_Behaviors.iOS", "Xamarin Behaviors\Xamarin_Behaviors.iOS\Xamarin_Behaviors.iOS.csproj", "{414B6DFE-0B4B-4606-A4E1-53DB935A2226}"
EndProject
Project("{FAE04EC0-301F-11D3-BF4B-00C04F79EFBC}") = "Xamarin_Behaviors.Android", "Xamarin Behaviors\Xamarin_Behaviors.Android\Xamarin_Behaviors.Android.csproj", "{C3911B99-FF0D-45F8-8239-65E7C601551C}"
EndProject
Project("{FAE04EC0-301F-11D3-BF4B-00C04F79EFBC}") = "Xamarin_Behaviors.WinPhone", "Xamarin Behaviors\Xamarin_Behaviors.WinPhone\Xamarin_Behaviors.WinPhone.csproj", "{05C95D2A-60B8-4D5A-9388-3B9D876F9A26}"
EndProject
Project("{2150E333-8FDC-42A3-9474-1A3956D46DE8}") = ".nuget", ".nuget", "{9181E7FE-8E92-4529-850F-CA45A028ECB0}"
	ProjectSection(SolutionItems) = preProject
		.nuget\NuGet.Config = .nuget\NuGet.Config
		.nuget\NuGet.exe = .nuget\NuGet.exe
		.nuget\NuGet.targets = .nuget\NuGet.targets
	EndProjectSection
EndProject
Global
	GlobalSection(SolutionConfigurationPlatforms) = preSolution
		Ad-Hoc|Any CPU = Ad-Hoc|Any CPU
		Ad-Hoc|ARM = Ad-Hoc|ARM
		Ad-Hoc|iPhone = Ad-Hoc|iPhone
		Ad-Hoc|iPhoneSimulator = Ad-Hoc|iPhoneSimulator
		Ad-Hoc|Mixed Platforms = Ad-Hoc|Mixed Platforms
		Ad-Hoc|x86 = Ad-Hoc|x86
		AppStore|Any CPU = AppStore|Any CPU
		AppStore|ARM = AppStore|ARM
		AppStore|iPhone = AppStore|iPhone
		AppStore|iPhoneSimulator = AppStore|iPhoneSimulator
		AppStore|Mixed Platforms = AppStore|Mixed Platforms
		AppStore|x86 = AppStore|x86
		Debug|Any CPU = Debug|Any CPU
		Debug|ARM = Debug|ARM
		Debug|iPhone = Debug|iPhone
		Debug|iPhoneSimulator = Debug|iPhoneSimulator
		Debug|Mixed Platforms = Debug|Mixed Platforms
		Debug|x86 = Debug|x86
		Release|Any CPU = Release|Any CPU
		Release|ARM = Release|ARM
		Release|iPhone = Release|iPhone
		Release|iPhoneSimulator = Release|iPhoneSimulator
		Release|Mixed Platforms = Release|Mixed Platforms
		Release|x86 = Release|x86
	EndGlobalSection
	GlobalSection(ProjectConfigurationPlatforms) = postSolution
		{04DE9612-3820-47DA-817D-04A549F7251A}.Ad-Hoc|Any CPU.ActiveCfg = Release|Any CPU
		{04DE9612-3820-47DA-817D-04A549F7251A}.Ad-Hoc|Any CPU.Build.0 = Release|Any CPU
		{04DE9612-3820-47DA-817D-04A549F7251A}.Ad-Hoc|ARM.ActiveCfg = Release|Any CPU
		{04DE9612-3820-47DA-817D-04A549F7251A}.Ad-Hoc|iPhone.ActiveCfg = Release|Any CPU
		{04DE9612-3820-47DA-817D-04A549F7251A}.Ad-Hoc|iPhoneSimulator.ActiveCfg = Release|Any CPU
		{04DE9612-3820-47DA-817D-04A549F7251A}.Ad-Hoc|Mixed Platforms.ActiveCfg = Release|Any CPU
		{04DE9612-3820-47DA-817D-04A549F7251A}.Ad-Hoc|Mixed Platforms.Build.0 = Release|Any CPU
		{04DE9612-3820-47DA-817D-04A549F7251A}.Ad-Hoc|x86.ActiveCfg = Release|Any CPU
		{04DE9612-3820-47DA-817D-04A549F7251A}.AppStore|Any CPU.ActiveCfg = Release|Any CPU
		{04DE9612-3820-47DA-817D-04A549F7251A}.AppStore|Any CPU.Build.0 = Release|Any CPU
		{04DE9612-3820-47DA-817D-04A549F7251A}.AppStore|ARM.ActiveCfg = Release|Any CPU
		{04DE9612-3820-47DA-817D-04A549F7251A}.AppStore|iPhone.ActiveCfg = Release|Any CPU
		{04DE9612-3820-47DA-817D-04A549F7251A}.AppStore|iPhoneSimulator.ActiveCfg = Release|Any CPU
		{04DE9612-3820-47DA-817D-04A549F7251A}.AppStore|Mixed Platforms.ActiveCfg = Release|Any CPU
		{04DE9612-3820-47DA-817D-04A549F7251A}.AppStore|Mixed Platforms.Build.0 = Release|Any CPU
		{04DE9612-3820-47DA-817D-04A549F7251A}.AppStore|x86.ActiveCfg = Release|Any CPU
		{04DE9612-3820-47DA-817D-04A549F7251A}.Debug|Any CPU.ActiveCfg = Debug|Any CPU
		{04DE9612-3820-47DA-817D-04A549F7251A}.Debug|Any CPU.Build.0 = Debug|Any CPU
		{04DE9612-3820-47DA-817D-04A549F7251A}.Debug|ARM.ActiveCfg = Debug|Any CPU
		{04DE9612-3820-47DA-817D-04A549F7251A}.Debug|iPhone.ActiveCfg = Debug|Any CPU
		{04DE9612-3820-47DA-817D-04A549F7251A}.Debug|iPhoneSimulator.ActiveCfg = Debug|Any CPU
		{04DE9612-3820-47DA-817D-04A549F7251A}.Debug|Mixed Platforms.ActiveCfg = Debug|Any CPU
		{04DE9612-3820-47DA-817D-04A549F7251A}.Debug|Mixed Platforms.Build.0 = Debug|Any CPU
		{04DE9612-3820-47DA-817D-04A549F7251A}.Debug|x86.ActiveCfg = Debug|Any CPU
		{04DE9612-3820-47DA-817D-04A549F7251A}.Release|Any CPU.ActiveCfg = Release|Any CPU
		{04DE9612-3820-47DA-817D-04A549F7251A}.Release|Any CPU.Build.0 = Release|Any CPU
		{04DE9612-3820-47DA-817D-04A549F7251A}.Release|ARM.ActiveCfg = Release|Any CPU
		{04DE9612-3820-47DA-817D-04A549F7251A}.Release|iPhone.ActiveCfg = Release|Any CPU
		{04DE9612-3820-47DA-817D-04A549F7251A}.Release|iPhoneSimulator.ActiveCfg = Release|Any CPU
		{04DE9612-3820-47DA-817D-04A549F7251A}.Release|Mixed Platforms.ActiveCfg = Release|Any CPU
		{04DE9612-3820-47DA-817D-04A549F7251A}.Release|Mixed Platforms.Build.0 = Release|Any CPU
		{04DE9612-3820-47DA-817D-04A549F7251A}.Release|x86.ActiveCfg = Release|Any CPU
		{414B6DFE-0B4B-4606-A4E1-53DB935A2226}.Ad-Hoc|Any CPU.ActiveCfg = Ad-Hoc|iPhone
		{414B6DFE-0B4B-4606-A4E1-53DB935A2226}.Ad-Hoc|ARM.ActiveCfg = Ad-Hoc|iPhone
		{414B6DFE-0B4B-4606-A4E1-53DB935A2226}.Ad-Hoc|iPhone.ActiveCfg = Ad-Hoc|iPhone
		{414B6DFE-0B4B-4606-A4E1-53DB935A2226}.Ad-Hoc|iPhone.Build.0 = Ad-Hoc|iPhone
		{414B6DFE-0B4B-4606-A4E1-53DB935A2226}.Ad-Hoc|iPhoneSimulator.ActiveCfg = Ad-Hoc|iPhoneSimulator
		{414B6DFE-0B4B-4606-A4E1-53DB935A2226}.Ad-Hoc|iPhoneSimulator.Build.0 = Ad-Hoc|iPhoneSimulator
		{414B6DFE-0B4B-4606-A4E1-53DB935A2226}.Ad-Hoc|Mixed Platforms.ActiveCfg = Ad-Hoc|iPhone
		{414B6DFE-0B4B-4606-A4E1-53DB935A2226}.Ad-Hoc|Mixed Platforms.Build.0 = Ad-Hoc|iPhone
		{414B6DFE-0B4B-4606-A4E1-53DB935A2226}.Ad-Hoc|x86.ActiveCfg = Ad-Hoc|iPhone
		{414B6DFE-0B4B-4606-A4E1-53DB935A2226}.AppStore|Any CPU.ActiveCfg = AppStore|iPhone
		{414B6DFE-0B4B-4606-A4E1-53DB935A2226}.AppStore|ARM.ActiveCfg = AppStore|iPhone
		{414B6DFE-0B4B-4606-A4E1-53DB935A2226}.AppStore|iPhone.ActiveCfg = AppStore|iPhone
		{414B6DFE-0B4B-4606-A4E1-53DB935A2226}.AppStore|iPhone.Build.0 = AppStore|iPhone
		{414B6DFE-0B4B-4606-A4E1-53DB935A2226}.AppStore|iPhoneSimulator.ActiveCfg = AppStore|iPhoneSimulator
		{414B6DFE-0B4B-4606-A4E1-53DB935A2226}.AppStore|iPhoneSimulator.Build.0 = AppStore|iPhoneSimulator
		{414B6DFE-0B4B-4606-A4E1-53DB935A2226}.AppStore|Mixed Platforms.ActiveCfg = AppStore|iPhone
		{414B6DFE-0B4B-4606-A4E1-53DB935A2226}.AppStore|Mixed Platforms.Build.0 = AppStore|iPhone
		{414B6DFE-0B4B-4606-A4E1-53DB935A2226}.AppStore|x86.ActiveCfg = AppStore|iPhone
		{414B6DFE-0B4B-4606-A4E1-53DB935A2226}.Debug|Any CPU.ActiveCfg = Debug|iPhone
		{414B6DFE-0B4B-4606-A4E1-53DB935A2226}.Debug|ARM.ActiveCfg = Debug|iPhone
		{414B6DFE-0B4B-4606-A4E1-53DB935A2226}.Debug|iPhone.ActiveCfg = Debug|iPhone
		{414B6DFE-0B4B-4606-A4E1-53DB935A2226}.Debug|iPhone.Build.0 = Debug|iPhone
		{414B6DFE-0B4B-4606-A4E1-53DB935A2226}.Debug|iPhoneSimulator.ActiveCfg = Debug|iPhoneSimulator
		{414B6DFE-0B4B-4606-A4E1-53DB935A2226}.Debug|iPhoneSimulator.Build.0 = Debug|iPhoneSimulator
		{414B6DFE-0B4B-4606-A4E1-53DB935A2226}.Debug|Mixed Platforms.ActiveCfg = Debug|iPhone
		{414B6DFE-0B4B-4606-A4E1-53DB935A2226}.Debug|Mixed Platforms.Build.0 = Debug|iPhone
		{414B6DFE-0B4B-4606-A4E1-53DB935A2226}.Debug|x86.ActiveCfg = Debug|iPhone
		{414B6DFE-0B4B-4606-A4E1-53DB935A2226}.Release|Any CPU.ActiveCfg = Release|iPhone
		{414B6DFE-0B4B-4606-A4E1-53DB935A2226}.Release|ARM.ActiveCfg = Release|iPhone
		{414B6DFE-0B4B-4606-A4E1-53DB935A2226}.Release|iPhone.ActiveCfg = Release|iPhone
		{414B6DFE-0B4B-4606-A4E1-53DB935A2226}.Release|iPhone.Build.0 = Release|iPhone
		{414B6DFE-0B4B-4606-A4E1-53DB935A2226}.Release|iPhoneSimulator.ActiveCfg = Release|iPhoneSimulator
		{414B6DFE-0B4B-4606-A4E1-53DB935A2226}.Release|iPhoneSimulator.Build.0 = Release|iPhoneSimulator
		{414B6DFE-0B4B-4606-A4E1-53DB935A2226}.Release|Mixed Platforms.ActiveCfg = Release|iPhone
		{414B6DFE-0B4B-4606-A4E1-53DB935A2226}.Release|Mixed Platforms.Build.0 = Release|iPhone
		{414B6DFE-0B4B-4606-A4E1-53DB935A2226}.Release|x86.ActiveCfg = Release|iPhone
		{C3911B99-FF0D-45F8-8239-65E7C601551C}.Ad-Hoc|Any CPU.ActiveCfg = Release|Any CPU
		{C3911B99-FF0D-45F8-8239-65E7C601551C}.Ad-Hoc|Any CPU.Build.0 = Release|Any CPU
		{C3911B99-FF0D-45F8-8239-65E7C601551C}.Ad-Hoc|Any CPU.Deploy.0 = Release|Any CPU
		{C3911B99-FF0D-45F8-8239-65E7C601551C}.Ad-Hoc|ARM.ActiveCfg = Release|Any CPU
		{C3911B99-FF0D-45F8-8239-65E7C601551C}.Ad-Hoc|iPhone.ActiveCfg = Release|Any CPU
		{C3911B99-FF0D-45F8-8239-65E7C601551C}.Ad-Hoc|iPhoneSimulator.ActiveCfg = Release|Any CPU
		{C3911B99-FF0D-45F8-8239-65E7C601551C}.Ad-Hoc|Mixed Platforms.ActiveCfg = Release|Any CPU
		{C3911B99-FF0D-45F8-8239-65E7C601551C}.Ad-Hoc|Mixed Platforms.Build.0 = Release|Any CPU
		{C3911B99-FF0D-45F8-8239-65E7C601551C}.Ad-Hoc|Mixed Platforms.Deploy.0 = Release|Any CPU
		{C3911B99-FF0D-45F8-8239-65E7C601551C}.Ad-Hoc|x86.ActiveCfg = Release|Any CPU
		{C3911B99-FF0D-45F8-8239-65E7C601551C}.AppStore|Any CPU.ActiveCfg = Release|Any CPU
		{C3911B99-FF0D-45F8-8239-65E7C601551C}.AppStore|Any CPU.Build.0 = Release|Any CPU
		{C3911B99-FF0D-45F8-8239-65E7C601551C}.AppStore|Any CPU.Deploy.0 = Release|Any CPU
		{C3911B99-FF0D-45F8-8239-65E7C601551C}.AppStore|ARM.ActiveCfg = Release|Any CPU
		{C3911B99-FF0D-45F8-8239-65E7C601551C}.AppStore|iPhone.ActiveCfg = Release|Any CPU
		{C3911B99-FF0D-45F8-8239-65E7C601551C}.AppStore|iPhoneSimulator.ActiveCfg = Release|Any CPU
		{C3911B99-FF0D-45F8-8239-65E7C601551C}.AppStore|Mixed Platforms.ActiveCfg = Release|Any CPU
		{C3911B99-FF0D-45F8-8239-65E7C601551C}.AppStore|Mixed Platforms.Build.0 = Release|Any CPU
		{C3911B99-FF0D-45F8-8239-65E7C601551C}.AppStore|Mixed Platforms.Deploy.0 = Release|Any CPU
		{C3911B99-FF0D-45F8-8239-65E7C601551C}.AppStore|x86.ActiveCfg = Release|Any CPU
		{C3911B99-FF0D-45F8-8239-65E7C601551C}.Debug|Any CPU.ActiveCfg = Debug|Any CPU
		{C3911B99-FF0D-45F8-8239-65E7C601551C}.Debug|Any CPU.Build.0 = Debug|Any CPU
		{C3911B99-FF0D-45F8-8239-65E7C601551C}.Debug|Any CPU.Deploy.0 = Debug|Any CPU
		{C3911B99-FF0D-45F8-8239-65E7C601551C}.Debug|ARM.ActiveCfg = Debug|Any CPU
		{C3911B99-FF0D-45F8-8239-65E7C601551C}.Debug|iPhone.ActiveCfg = Debug|Any CPU
		{C3911B99-FF0D-45F8-8239-65E7C601551C}.Debug|iPhoneSimulator.ActiveCfg = Debug|Any CPU
		{C3911B99-FF0D-45F8-8239-65E7C601551C}.Debug|Mixed Platforms.ActiveCfg = Debug|Any CPU
		{C3911B99-FF0D-45F8-8239-65E7C601551C}.Debug|Mixed Platforms.Build.0 = Debug|Any CPU
		{C3911B99-FF0D-45F8-8239-65E7C601551C}.Debug|Mixed Platforms.Deploy.0 = Debug|Any CPU
		{C3911B99-FF0D-45F8-8239-65E7C601551C}.Debug|x86.ActiveCfg = Debug|Any CPU
		{C3911B99-FF0D-45F8-8239-65E7C601551C}.Release|Any CPU.ActiveCfg = Release|Any CPU
		{C3911B99-FF0D-45F8-8239-65E7C601551C}.Release|Any CPU.Build.0 = Release|Any CPU
		{C3911B99-FF0D-45F8-8239-65E7C601551C}.Release|Any CPU.Deploy.0 = Release|Any CPU
		{C3911B99-FF0D-45F8-8239-65E7C601551C}.Release|ARM.ActiveCfg = Release|Any CPU
		{C3911B99-FF0D-45F8-8239-65E7C601551C}.Release|iPhone.ActiveCfg = Release|Any CPU
		{C3911B99-FF0D-45F8-8239-65E7C601551C}.Release|iPhoneSimulator.ActiveCfg = Release|Any CPU
		{C3911B99-FF0D-45F8-8239-65E7C601551C}.Release|Mixed Platforms.ActiveCfg = Release|Any CPU
		{C3911B99-FF0D-45F8-8239-65E7C601551C}.Release|Mixed Platforms.Build.0 = Release|Any CPU
		{C3911B99-FF0D-45F8-8239-65E7C601551C}.Release|Mixed Platforms.Deploy.0 = Release|Any CPU
		{C3911B99-FF0D-45F8-8239-65E7C601551C}.Release|x86.ActiveCfg = Release|Any CPU
		{05C95D2A-60B8-4D5A-9388-3B9D876F9A26}.Ad-Hoc|Any CPU.ActiveCfg = Release|Any CPU
		{05C95D2A-60B8-4D5A-9388-3B9D876F9A26}.Ad-Hoc|Any CPU.Build.0 = Release|Any CPU
		{05C95D2A-60B8-4D5A-9388-3B9D876F9A26}.Ad-Hoc|Any CPU.Deploy.0 = Release|Any CPU
		{05C95D2A-60B8-4D5A-9388-3B9D876F9A26}.Ad-Hoc|ARM.ActiveCfg = Release|ARM
		{05C95D2A-60B8-4D5A-9388-3B9D876F9A26}.Ad-Hoc|ARM.Build.0 = Release|ARM
		{05C95D2A-60B8-4D5A-9388-3B9D876F9A26}.Ad-Hoc|ARM.Deploy.0 = Release|ARM
		{05C95D2A-60B8-4D5A-9388-3B9D876F9A26}.Ad-Hoc|iPhone.ActiveCfg = Release|Any CPU
		{05C95D2A-60B8-4D5A-9388-3B9D876F9A26}.Ad-Hoc|iPhoneSimulator.ActiveCfg = Release|Any CPU
		{05C95D2A-60B8-4D5A-9388-3B9D876F9A26}.Ad-Hoc|Mixed Platforms.ActiveCfg = Release|x86
		{05C95D2A-60B8-4D5A-9388-3B9D876F9A26}.Ad-Hoc|Mixed Platforms.Build.0 = Release|x86
		{05C95D2A-60B8-4D5A-9388-3B9D876F9A26}.Ad-Hoc|Mixed Platforms.Deploy.0 = Release|x86
		{05C95D2A-60B8-4D5A-9388-3B9D876F9A26}.Ad-Hoc|x86.ActiveCfg = Release|x86
		{05C95D2A-60B8-4D5A-9388-3B9D876F9A26}.Ad-Hoc|x86.Build.0 = Release|x86
		{05C95D2A-60B8-4D5A-9388-3B9D876F9A26}.Ad-Hoc|x86.Deploy.0 = Release|x86
		{05C95D2A-60B8-4D5A-9388-3B9D876F9A26}.AppStore|Any CPU.ActiveCfg = Release|Any CPU
		{05C95D2A-60B8-4D5A-9388-3B9D876F9A26}.AppStore|Any CPU.Build.0 = Release|Any CPU
		{05C95D2A-60B8-4D5A-9388-3B9D876F9A26}.AppStore|Any CPU.Deploy.0 = Release|Any CPU
		{05C95D2A-60B8-4D5A-9388-3B9D876F9A26}.AppStore|ARM.ActiveCfg = Release|ARM
		{05C95D2A-60B8-4D5A-9388-3B9D876F9A26}.AppStore|ARM.Build.0 = Release|ARM
		{05C95D2A-60B8-4D5A-9388-3B9D876F9A26}.AppStore|ARM.Deploy.0 = Release|ARM
		{05C95D2A-60B8-4D5A-9388-3B9D876F9A26}.AppStore|iPhone.ActiveCfg = Release|Any CPU
		{05C95D2A-60B8-4D5A-9388-3B9D876F9A26}.AppStore|iPhoneSimulator.ActiveCfg = Release|Any CPU
		{05C95D2A-60B8-4D5A-9388-3B9D876F9A26}.AppStore|Mixed Platforms.ActiveCfg = Release|x86
		{05C95D2A-60B8-4D5A-9388-3B9D876F9A26}.AppStore|Mixed Platforms.Build.0 = Release|x86
		{05C95D2A-60B8-4D5A-9388-3B9D876F9A26}.AppStore|Mixed Platforms.Deploy.0 = Release|x86
		{05C95D2A-60B8-4D5A-9388-3B9D876F9A26}.AppStore|x86.ActiveCfg = Release|x86
		{05C95D2A-60B8-4D5A-9388-3B9D876F9A26}.AppStore|x86.Build.0 = Release|x86
		{05C95D2A-60B8-4D5A-9388-3B9D876F9A26}.AppStore|x86.Deploy.0 = Release|x86
		{05C95D2A-60B8-4D5A-9388-3B9D876F9A26}.Debug|Any CPU.ActiveCfg = Debug|Any CPU
		{05C95D2A-60B8-4D5A-9388-3B9D876F9A26}.Debug|Any CPU.Build.0 = Debug|Any CPU
		{05C95D2A-60B8-4D5A-9388-3B9D876F9A26}.Debug|Any CPU.Deploy.0 = Debug|Any CPU
		{05C95D2A-60B8-4D5A-9388-3B9D876F9A26}.Debug|ARM.ActiveCfg = Debug|ARM
		{05C95D2A-60B8-4D5A-9388-3B9D876F9A26}.Debug|ARM.Build.0 = Debug|ARM
		{05C95D2A-60B8-4D5A-9388-3B9D876F9A26}.Debug|ARM.Deploy.0 = Debug|ARM
		{05C95D2A-60B8-4D5A-9388-3B9D876F9A26}.Debug|iPhone.ActiveCfg = Debug|Any CPU
		{05C95D2A-60B8-4D5A-9388-3B9D876F9A26}.Debug|iPhoneSimulator.ActiveCfg = Debug|Any CPU
		{05C95D2A-60B8-4D5A-9388-3B9D876F9A26}.Debug|Mixed Platforms.ActiveCfg = Debug|x86
		{05C95D2A-60B8-4D5A-9388-3B9D876F9A26}.Debug|Mixed Platforms.Build.0 = Debug|x86
		{05C95D2A-60B8-4D5A-9388-3B9D876F9A26}.Debug|Mixed Platforms.Deploy.0 = Debug|x86
		{05C95D2A-60B8-4D5A-9388-3B9D876F9A26}.Debug|x86.ActiveCfg = Debug|x86
		{05C95D2A-60B8-4D5A-9388-3B9D876F9A26}.Debug|x86.Build.0 = Debug|x86
		{05C95D2A-60B8-4D5A-9388-3B9D876F9A26}.Debug|x86.Deploy.0 = Debug|x86
		{05C95D2A-60B8-4D5A-9388-3B9D876F9A26}.Release|Any CPU.ActiveCfg = Release|Any CPU
		{05C95D2A-60B8-4D5A-9388-3B9D876F9A26}.Release|Any CPU.Build.0 = Release|Any CPU
		{05C95D2A-60B8-4D5A-9388-3B9D876F9A26}.Release|Any CPU.Deploy.0 = Release|Any CPU
		{05C95D2A-60B8-4D5A-9388-3B9D876F9A26}.Release|ARM.ActiveCfg = Release|ARM
		{05C95D2A-60B8-4D5A-9388-3B9D876F9A26}.Release|ARM.Build.0 = Release|ARM
		{05C95D2A-60B8-4D5A-9388-3B9D876F9A26}.Release|ARM.Deploy.0 = Release|ARM
		{05C95D2A-60B8-4D5A-9388-3B9D876F9A26}.Release|iPhone.ActiveCfg = Release|Any CPU
		{05C95D2A-60B8-4D5A-9388-3B9D876F9A26}.Release|iPhoneSimulator.ActiveCfg = Release|Any CPU
		{05C95D2A-60B8-4D5A-9388-3B9D876F9A26}.Release|Mixed Platforms.ActiveCfg = Release|x86
		{05C95D2A-60B8-4D5A-9388-3B9D876F9A26}.Release|Mixed Platforms.Build.0 = Release|x86
		{05C95D2A-60B8-4D5A-9388-3B9D876F9A26}.Release|Mixed Platforms.Deploy.0 = Release|x86
		{05C95D2A-60B8-4D5A-9388-3B9D876F9A26}.Release|x86.ActiveCfg = Release|x86
		{05C95D2A-60B8-4D5A-9388-3B9D876F9A26}.Release|x86.Build.0 = Release|x86
		{05C95D2A-60B8-4D5A-9388-3B9D876F9A26}.Release|x86.Deploy.0 = Release|x86
	EndGlobalSection
	GlobalSection(SolutionProperties) = preSolution
		HideSolutionNode = FALSE
	EndGlobalSection
EndGlobal
