
Microsoft Visual Studio Solution File, Format Version 12.00
# Visual Studio 2013
VisualStudioVersion = 12.0.30723.0
MinimumVisualStudioVersion = 10.0.40219.1
Project("{FAE04EC0-301F-11D3-BF4B-00C04F79EFBC}") = "Xamarin_Triggers", "Xamarin Triggers\Xamarin_Triggers\Xamarin_Triggers.csproj", "{6BC60B57-B8C6-43CB-A3AD-390D9BB2A046}"
EndProject
Project("{FAE04EC0-301F-11D3-BF4B-00C04F79EFBC}") = "Xamarin_Triggers.iOS", "Xamarin Triggers\Xamarin_Triggers.iOS\Xamarin_Triggers.iOS.csproj", "{56DFEC75-0C33-4592-840E-21D277FF35C5}"
EndProject
Project("{FAE04EC0-301F-11D3-BF4B-00C04F79EFBC}") = "Xamarin_Triggers.Android", "Xamarin Triggers\Xamarin_Triggers.Android\Xamarin_Triggers.Android.csproj", "{A1312F45-1EEB-45E3-A1E0-0F8CA3C455B7}"
EndProject
Project("{FAE04EC0-301F-11D3-BF4B-00C04F79EFBC}") = "Xamarin_Triggers.WinPhone", "Xamarin Triggers\Xamarin_Triggers.WinPhone\Xamarin_Triggers.WinPhone.csproj", "{3BF79BCA-0530-42D1-AC68-186CB96B11DE}"
EndProject
Project("{2150E333-8FDC-42A3-9474-1A3956D46DE8}") = ".nuget", ".nuget", "{BDD436FF-A58A-403C-98E7-1569643C1C47}"
	ProjectSection(SolutionItems) = preProject
		.nuget\NuGet.Config = .nuget\NuGet.Config
		.nuget\NuGet.exe = .nuget\NuGet.exe
		.nuget\NuGet.targets = .nuget\NuGet.targets
	EndProjectSection
EndProject
Global
	GlobalSection(SolutionConfigurationPlatforms) = preSolution
		Ad-Hoc|Any CPU = Ad-Hoc|Any CPU
		Ad-Hoc|ARM = Ad-Hoc|ARM
		Ad-Hoc|iPhone = Ad-Hoc|iPhone
		Ad-Hoc|iPhoneSimulator = Ad-Hoc|iPhoneSimulator
		Ad-Hoc|Mixed Platforms = Ad-Hoc|Mixed Platforms
		Ad-Hoc|x86 = Ad-Hoc|x86
		AppStore|Any CPU = AppStore|Any CPU
		AppStore|ARM = AppStore|ARM
		AppStore|iPhone = AppStore|iPhone
		AppStore|iPhoneSimulator = AppStore|iPhoneSimulator
		AppStore|Mixed Platforms = AppStore|Mixed Platforms
		AppStore|x86 = AppStore|x86
		Debug|Any CPU = Debug|Any CPU
		Debug|ARM = Debug|ARM
		Debug|iPhone = Debug|iPhone
		Debug|iPhoneSimulator = Debug|iPhoneSimulator
		Debug|Mixed Platforms = Debug|Mixed Platforms
		Debug|x86 = Debug|x86
		Release|Any CPU = Release|Any CPU
		Release|ARM = Release|ARM
		Release|iPhone = Release|iPhone
		Release|iPhoneSimulator = Release|iPhoneSimulator
		Release|Mixed Platforms = Release|Mixed Platforms
		Release|x86 = Release|x86
	EndGlobalSection
	GlobalSection(ProjectConfigurationPlatforms) = postSolution
		{6BC60B57-B8C6-43CB-A3AD-390D9BB2A046}.Ad-Hoc|Any CPU.ActiveCfg = Release|Any CPU
		{6BC60B57-B8C6-43CB-A3AD-390D9BB2A046}.Ad-Hoc|Any CPU.Build.0 = Release|Any CPU
		{6BC60B57-B8C6-43CB-A3AD-390D9BB2A046}.Ad-Hoc|ARM.ActiveCfg = Release|Any CPU
		{6BC60B57-B8C6-43CB-A3AD-390D9BB2A046}.Ad-Hoc|iPhone.ActiveCfg = Release|Any CPU
		{6BC60B57-B8C6-43CB-A3AD-390D9BB2A046}.Ad-Hoc|iPhoneSimulator.ActiveCfg = Release|Any CPU
		{6BC60B57-B8C6-43CB-A3AD-390D9BB2A046}.Ad-Hoc|Mixed Platforms.ActiveCfg = Release|Any CPU
		{6BC60B57-B8C6-43CB-A3AD-390D9BB2A046}.Ad-Hoc|Mixed Platforms.Build.0 = Release|Any CPU
		{6BC60B57-B8C6-43CB-A3AD-390D9BB2A046}.Ad-Hoc|x86.ActiveCfg = Release|Any CPU
		{6BC60B57-B8C6-43CB-A3AD-390D9BB2A046}.AppStore|Any CPU.ActiveCfg = Release|Any CPU
		{6BC60B57-B8C6-43CB-A3AD-390D9BB2A046}.AppStore|Any CPU.Build.0 = Release|Any CPU
		{6BC60B57-B8C6-43CB-A3AD-390D9BB2A046}.AppStore|ARM.ActiveCfg = Release|Any CPU
		{6BC60B57-B8C6-43CB-A3AD-390D9BB2A046}.AppStore|iPhone.ActiveCfg = Release|Any CPU
		{6BC60B57-B8C6-43CB-A3AD-390D9BB2A046}.AppStore|iPhoneSimulator.ActiveCfg = Release|Any CPU
		{6BC60B57-B8C6-43CB-A3AD-390D9BB2A046}.AppStore|Mixed Platforms.ActiveCfg = Release|Any CPU
		{6BC60B57-B8C6-43CB-A3AD-390D9BB2A046}.AppStore|Mixed Platforms.Build.0 = Release|Any CPU
		{6BC60B57-B8C6-43CB-A3AD-390D9BB2A046}.AppStore|x86.ActiveCfg = Release|Any CPU
		{6BC60B57-B8C6-43CB-A3AD-390D9BB2A046}.Debug|Any CPU.ActiveCfg = Debug|Any CPU
		{6BC60B57-B8C6-43CB-A3AD-390D9BB2A046}.Debug|Any CPU.Build.0 = Debug|Any CPU
		{6BC60B57-B8C6-43CB-A3AD-390D9BB2A046}.Debug|ARM.ActiveCfg = Debug|Any CPU
		{6BC60B57-B8C6-43CB-A3AD-390D9BB2A046}.Debug|iPhone.ActiveCfg = Debug|Any CPU
		{6BC60B57-B8C6-43CB-A3AD-390D9BB2A046}.Debug|iPhoneSimulator.ActiveCfg = Debug|Any CPU
		{6BC60B57-B8C6-43CB-A3AD-390D9BB2A046}.Debug|Mixed Platforms.ActiveCfg = Debug|Any CPU
		{6BC60B57-B8C6-43CB-A3AD-390D9BB2A046}.Debug|Mixed Platforms.Build.0 = Debug|Any CPU
		{6BC60B57-B8C6-43CB-A3AD-390D9BB2A046}.Debug|x86.ActiveCfg = Debug|Any CPU
		{6BC60B57-B8C6-43CB-A3AD-390D9BB2A046}.Release|Any CPU.ActiveCfg = Release|Any CPU
		{6BC60B57-B8C6-43CB-A3AD-390D9BB2A046}.Release|Any CPU.Build.0 = Release|Any CPU
		{6BC60B57-B8C6-43CB-A3AD-390D9BB2A046}.Release|ARM.ActiveCfg = Release|Any CPU
		{6BC60B57-B8C6-43CB-A3AD-390D9BB2A046}.Release|iPhone.ActiveCfg = Release|Any CPU
		{6BC60B57-B8C6-43CB-A3AD-390D9BB2A046}.Release|iPhoneSimulator.ActiveCfg = Release|Any CPU
		{6BC60B57-B8C6-43CB-A3AD-390D9BB2A046}.Release|Mixed Platforms.ActiveCfg = Release|Any CPU
		{6BC60B57-B8C6-43CB-A3AD-390D9BB2A046}.Release|Mixed Platforms.Build.0 = Release|Any CPU
		{6BC60B57-B8C6-43CB-A3AD-390D9BB2A046}.Release|x86.ActiveCfg = Release|Any CPU
		{56DFEC75-0C33-4592-840E-21D277FF35C5}.Ad-Hoc|Any CPU.ActiveCfg = Ad-Hoc|iPhone
		{56DFEC75-0C33-4592-840E-21D277FF35C5}.Ad-Hoc|ARM.ActiveCfg = Ad-Hoc|iPhone
		{56DFEC75-0C33-4592-840E-21D277FF35C5}.Ad-Hoc|iPhone.ActiveCfg = Ad-Hoc|iPhone
		{56DFEC75-0C33-4592-840E-21D277FF35C5}.Ad-Hoc|iPhone.Build.0 = Ad-Hoc|iPhone
		{56DFEC75-0C33-4592-840E-21D277FF35C5}.Ad-Hoc|iPhoneSimulator.ActiveCfg = Ad-Hoc|iPhoneSimulator
		{56DFEC75-0C33-4592-840E-21D277FF35C5}.Ad-Hoc|iPhoneSimulator.Build.0 = Ad-Hoc|iPhoneSimulator
		{56DFEC75-0C33-4592-840E-21D277FF35C5}.Ad-Hoc|Mixed Platforms.ActiveCfg = Ad-Hoc|iPhone
		{56DFEC75-0C33-4592-840E-21D277FF35C5}.Ad-Hoc|Mixed Platforms.Build.0 = Ad-Hoc|iPhone
		{56DFEC75-0C33-4592-840E-21D277FF35C5}.Ad-Hoc|x86.ActiveCfg = Ad-Hoc|iPhone
		{56DFEC75-0C33-4592-840E-21D277FF35C5}.AppStore|Any CPU.ActiveCfg = AppStore|iPhone
		{56DFEC75-0C33-4592-840E-21D277FF35C5}.AppStore|ARM.ActiveCfg = AppStore|iPhone
		{56DFEC75-0C33-4592-840E-21D277FF35C5}.AppStore|iPhone.ActiveCfg = AppStore|iPhone
		{56DFEC75-0C33-4592-840E-21D277FF35C5}.AppStore|iPhone.Build.0 = AppStore|iPhone
		{56DFEC75-0C33-4592-840E-21D277FF35C5}.AppStore|iPhoneSimulator.ActiveCfg = AppStore|iPhoneSimulator
		{56DFEC75-0C33-4592-840E-21D277FF35C5}.AppStore|iPhoneSimulator.Build.0 = AppStore|iPhoneSimulator
		{56DFEC75-0C33-4592-840E-21D277FF35C5}.AppStore|Mixed Platforms.ActiveCfg = AppStore|iPhone
		{56DFEC75-0C33-4592-840E-21D277FF35C5}.AppStore|Mixed Platforms.Build.0 = AppStore|iPhone
		{56DFEC75-0C33-4592-840E-21D277FF35C5}.AppStore|x86.ActiveCfg = AppStore|iPhone
		{56DFEC75-0C33-4592-840E-21D277FF35C5}.Debug|Any CPU.ActiveCfg = Debug|iPhone
		{56DFEC75-0C33-4592-840E-21D277FF35C5}.Debug|ARM.ActiveCfg = Debug|iPhone
		{56DFEC75-0C33-4592-840E-21D277FF35C5}.Debug|iPhone.ActiveCfg = Debug|iPhone
		{56DFEC75-0C33-4592-840E-21D277FF35C5}.Debug|iPhone.Build.0 = Debug|iPhone
		{56DFEC75-0C33-4592-840E-21D277FF35C5}.Debug|iPhoneSimulator.ActiveCfg = Debug|iPhoneSimulator
		{56DFEC75-0C33-4592-840E-21D277FF35C5}.Debug|iPhoneSimulator.Build.0 = Debug|iPhoneSimulator
		{56DFEC75-0C33-4592-840E-21D277FF35C5}.Debug|Mixed Platforms.ActiveCfg = Debug|iPhone
		{56DFEC75-0C33-4592-840E-21D277FF35C5}.Debug|Mixed Platforms.Build.0 = Debug|iPhone
		{56DFEC75-0C33-4592-840E-21D277FF35C5}.Debug|x86.ActiveCfg = Debug|iPhone
		{56DFEC75-0C33-4592-840E-21D277FF35C5}.Release|Any CPU.ActiveCfg = Release|iPhone
		{56DFEC75-0C33-4592-840E-21D277FF35C5}.Release|ARM.ActiveCfg = Release|iPhone
		{56DFEC75-0C33-4592-840E-21D277FF35C5}.Release|iPhone.ActiveCfg = Release|iPhone
		{56DFEC75-0C33-4592-840E-21D277FF35C5}.Release|iPhone.Build.0 = Release|iPhone
		{56DFEC75-0C33-4592-840E-21D277FF35C5}.Release|iPhoneSimulator.ActiveCfg = Release|iPhoneSimulator
		{56DFEC75-0C33-4592-840E-21D277FF35C5}.Release|iPhoneSimulator.Build.0 = Release|iPhoneSimulator
		{56DFEC75-0C33-4592-840E-21D277FF35C5}.Release|Mixed Platforms.ActiveCfg = Release|iPhone
		{56DFEC75-0C33-4592-840E-21D277FF35C5}.Release|Mixed Platforms.Build.0 = Release|iPhone
		{56DFEC75-0C33-4592-840E-21D277FF35C5}.Release|x86.ActiveCfg = Release|iPhone
		{A1312F45-1EEB-45E3-A1E0-0F8CA3C455B7}.Ad-Hoc|Any CPU.ActiveCfg = Release|Any CPU
		{A1312F45-1EEB-45E3-A1E0-0F8CA3C455B7}.Ad-Hoc|Any CPU.Build.0 = Release|Any CPU
		{A1312F45-1EEB-45E3-A1E0-0F8CA3C455B7}.Ad-Hoc|Any CPU.Deploy.0 = Release|Any CPU
		{A1312F45-1EEB-45E3-A1E0-0F8CA3C455B7}.Ad-Hoc|ARM.ActiveCfg = Release|Any CPU
		{A1312F45-1EEB-45E3-A1E0-0F8CA3C455B7}.Ad-Hoc|iPhone.ActiveCfg = Release|Any CPU
		{A1312F45-1EEB-45E3-A1E0-0F8CA3C455B7}.Ad-Hoc|iPhoneSimulator.ActiveCfg = Release|Any CPU
		{A1312F45-1EEB-45E3-A1E0-0F8CA3C455B7}.Ad-Hoc|Mixed Platforms.ActiveCfg = Release|Any CPU
		{A1312F45-1EEB-45E3-A1E0-0F8CA3C455B7}.Ad-Hoc|Mixed Platforms.Build.0 = Release|Any CPU
		{A1312F45-1EEB-45E3-A1E0-0F8CA3C455B7}.Ad-Hoc|Mixed Platforms.Deploy.0 = Release|Any CPU
		{A1312F45-1EEB-45E3-A1E0-0F8CA3C455B7}.Ad-Hoc|x86.ActiveCfg = Release|Any CPU
		{A1312F45-1EEB-45E3-A1E0-0F8CA3C455B7}.AppStore|Any CPU.ActiveCfg = Release|Any CPU
		{A1312F45-1EEB-45E3-A1E0-0F8CA3C455B7}.AppStore|Any CPU.Build.0 = Release|Any CPU
		{A1312F45-1EEB-45E3-A1E0-0F8CA3C455B7}.AppStore|Any CPU.Deploy.0 = Release|Any CPU
		{A1312F45-1EEB-45E3-A1E0-0F8CA3C455B7}.AppStore|ARM.ActiveCfg = Release|Any CPU
		{A1312F45-1EEB-45E3-A1E0-0F8CA3C455B7}.AppStore|iPhone.ActiveCfg = Release|Any CPU
		{A1312F45-1EEB-45E3-A1E0-0F8CA3C455B7}.AppStore|iPhoneSimulator.ActiveCfg = Release|Any CPU
		{A1312F45-1EEB-45E3-A1E0-0F8CA3C455B7}.AppStore|Mixed Platforms.ActiveCfg = Release|Any CPU
		{A1312F45-1EEB-45E3-A1E0-0F8CA3C455B7}.AppStore|Mixed Platforms.Build.0 = Release|Any CPU
		{A1312F45-1EEB-45E3-A1E0-0F8CA3C455B7}.AppStore|Mixed Platforms.Deploy.0 = Release|Any CPU
		{A1312F45-1EEB-45E3-A1E0-0F8CA3C455B7}.AppStore|x86.ActiveCfg = Release|Any CPU
		{A1312F45-1EEB-45E3-A1E0-0F8CA3C455B7}.Debug|Any CPU.ActiveCfg = Debug|Any CPU
		{A1312F45-1EEB-45E3-A1E0-0F8CA3C455B7}.Debug|Any CPU.Build.0 = Debug|Any CPU
		{A1312F45-1EEB-45E3-A1E0-0F8CA3C455B7}.Debug|Any CPU.Deploy.0 = Debug|Any CPU
		{A1312F45-1EEB-45E3-A1E0-0F8CA3C455B7}.Debug|ARM.ActiveCfg = Debug|Any CPU
		{A1312F45-1EEB-45E3-A1E0-0F8CA3C455B7}.Debug|iPhone.ActiveCfg = Debug|Any CPU
		{A1312F45-1EEB-45E3-A1E0-0F8CA3C455B7}.Debug|iPhoneSimulator.ActiveCfg = Debug|Any CPU
		{A1312F45-1EEB-45E3-A1E0-0F8CA3C455B7}.Debug|Mixed Platforms.ActiveCfg = Debug|Any CPU
		{A1312F45-1EEB-45E3-A1E0-0F8CA3C455B7}.Debug|Mixed Platforms.Build.0 = Debug|Any CPU
		{A1312F45-1EEB-45E3-A1E0-0F8CA3C455B7}.Debug|Mixed Platforms.Deploy.0 = Debug|Any CPU
		{A1312F45-1EEB-45E3-A1E0-0F8CA3C455B7}.Debug|x86.ActiveCfg = Debug|Any CPU
		{A1312F45-1EEB-45E3-A1E0-0F8CA3C455B7}.Release|Any CPU.ActiveCfg = Release|Any CPU
		{A1312F45-1EEB-45E3-A1E0-0F8CA3C455B7}.Release|Any CPU.Build.0 = Release|Any CPU
		{A1312F45-1EEB-45E3-A1E0-0F8CA3C455B7}.Release|Any CPU.Deploy.0 = Release|Any CPU
		{A1312F45-1EEB-45E3-A1E0-0F8CA3C455B7}.Release|ARM.ActiveCfg = Release|Any CPU
		{A1312F45-1EEB-45E3-A1E0-0F8CA3C455B7}.Release|iPhone.ActiveCfg = Release|Any CPU
		{A1312F45-1EEB-45E3-A1E0-0F8CA3C455B7}.Release|iPhoneSimulator.ActiveCfg = Release|Any CPU
		{A1312F45-1EEB-45E3-A1E0-0F8CA3C455B7}.Release|Mixed Platforms.ActiveCfg = Release|Any CPU
		{A1312F45-1EEB-45E3-A1E0-0F8CA3C455B7}.Release|Mixed Platforms.Build.0 = Release|Any CPU
		{A1312F45-1EEB-45E3-A1E0-0F8CA3C455B7}.Release|Mixed Platforms.Deploy.0 = Release|Any CPU
		{A1312F45-1EEB-45E3-A1E0-0F8CA3C455B7}.Release|x86.ActiveCfg = Release|Any CPU
		{3BF79BCA-0530-42D1-AC68-186CB96B11DE}.Ad-Hoc|Any CPU.ActiveCfg = Release|Any CPU
		{3BF79BCA-0530-42D1-AC68-186CB96B11DE}.Ad-Hoc|Any CPU.Build.0 = Release|Any CPU
		{3BF79BCA-0530-42D1-AC68-186CB96B11DE}.Ad-Hoc|Any CPU.Deploy.0 = Release|Any CPU
		{3BF79BCA-0530-42D1-AC68-186CB96B11DE}.Ad-Hoc|ARM.ActiveCfg = Release|ARM
		{3BF79BCA-0530-42D1-AC68-186CB96B11DE}.Ad-Hoc|ARM.Build.0 = Release|ARM
		{3BF79BCA-0530-42D1-AC68-186CB96B11DE}.Ad-Hoc|ARM.Deploy.0 = Release|ARM
		{3BF79BCA-0530-42D1-AC68-186CB96B11DE}.Ad-Hoc|iPhone.ActiveCfg = Release|Any CPU
		{3BF79BCA-0530-42D1-AC68-186CB96B11DE}.Ad-Hoc|iPhoneSimulator.ActiveCfg = Release|Any CPU
		{3BF79BCA-0530-42D1-AC68-186CB96B11DE}.Ad-Hoc|Mixed Platforms.ActiveCfg = Release|x86
		{3BF79BCA-0530-42D1-AC68-186CB96B11DE}.Ad-Hoc|Mixed Platforms.Build.0 = Release|x86
		{3BF79BCA-0530-42D1-AC68-186CB96B11DE}.Ad-Hoc|Mixed Platforms.Deploy.0 = Release|x86
		{3BF79BCA-0530-42D1-AC68-186CB96B11DE}.Ad-Hoc|x86.ActiveCfg = Release|x86
		{3BF79BCA-0530-42D1-AC68-186CB96B11DE}.Ad-Hoc|x86.Build.0 = Release|x86
		{3BF79BCA-0530-42D1-AC68-186CB96B11DE}.Ad-Hoc|x86.Deploy.0 = Release|x86
		{3BF79BCA-0530-42D1-AC68-186CB96B11DE}.AppStore|Any CPU.ActiveCfg = Release|Any CPU
		{3BF79BCA-0530-42D1-AC68-186CB96B11DE}.AppStore|Any CPU.Build.0 = Release|Any CPU
		{3BF79BCA-0530-42D1-AC68-186CB96B11DE}.AppStore|Any CPU.Deploy.0 = Release|Any CPU
		{3BF79BCA-0530-42D1-AC68-186CB96B11DE}.AppStore|ARM.ActiveCfg = Release|ARM
		{3BF79BCA-0530-42D1-AC68-186CB96B11DE}.AppStore|ARM.Build.0 = Release|ARM
		{3BF79BCA-0530-42D1-AC68-186CB96B11DE}.AppStore|ARM.Deploy.0 = Release|ARM
		{3BF79BCA-0530-42D1-AC68-186CB96B11DE}.AppStore|iPhone.ActiveCfg = Release|Any CPU
		{3BF79BCA-0530-42D1-AC68-186CB96B11DE}.AppStore|iPhoneSimulator.ActiveCfg = Release|Any CPU
		{3BF79BCA-0530-42D1-AC68-186CB96B11DE}.AppStore|Mixed Platforms.ActiveCfg = Release|x86
		{3BF79BCA-0530-42D1-AC68-186CB96B11DE}.AppStore|Mixed Platforms.Build.0 = Release|x86
		{3BF79BCA-0530-42D1-AC68-186CB96B11DE}.AppStore|Mixed Platforms.Deploy.0 = Release|x86
		{3BF79BCA-0530-42D1-AC68-186CB96B11DE}.AppStore|x86.ActiveCfg = Release|x86
		{3BF79BCA-0530-42D1-AC68-186CB96B11DE}.AppStore|x86.Build.0 = Release|x86
		{3BF79BCA-0530-42D1-AC68-186CB96B11DE}.AppStore|x86.Deploy.0 = Release|x86
		{3BF79BCA-0530-42D1-AC68-186CB96B11DE}.Debug|Any CPU.ActiveCfg = Debug|Any CPU
		{3BF79BCA-0530-42D1-AC68-186CB96B11DE}.Debug|Any CPU.Build.0 = Debug|Any CPU
		{3BF79BCA-0530-42D1-AC68-186CB96B11DE}.Debug|Any CPU.Deploy.0 = Debug|Any CPU
		{3BF79BCA-0530-42D1-AC68-186CB96B11DE}.Debug|ARM.ActiveCfg = Debug|ARM
		{3BF79BCA-0530-42D1-AC68-186CB96B11DE}.Debug|ARM.Build.0 = Debug|ARM
		{3BF79BCA-0530-42D1-AC68-186CB96B11DE}.Debug|ARM.Deploy.0 = Debug|ARM
		{3BF79BCA-0530-42D1-AC68-186CB96B11DE}.Debug|iPhone.ActiveCfg = Debug|Any CPU
		{3BF79BCA-0530-42D1-AC68-186CB96B11DE}.Debug|iPhoneSimulator.ActiveCfg = Debug|Any CPU
		{3BF79BCA-0530-42D1-AC68-186CB96B11DE}.Debug|Mixed Platforms.ActiveCfg = Debug|x86
		{3BF79BCA-0530-42D1-AC68-186CB96B11DE}.Debug|Mixed Platforms.Build.0 = Debug|x86
		{3BF79BCA-0530-42D1-AC68-186CB96B11DE}.Debug|Mixed Platforms.Deploy.0 = Debug|x86
		{3BF79BCA-0530-42D1-AC68-186CB96B11DE}.Debug|x86.ActiveCfg = Debug|x86
		{3BF79BCA-0530-42D1-AC68-186CB96B11DE}.Debug|x86.Build.0 = Debug|x86
		{3BF79BCA-0530-42D1-AC68-186CB96B11DE}.Debug|x86.Deploy.0 = Debug|x86
		{3BF79BCA-0530-42D1-AC68-186CB96B11DE}.Release|Any CPU.ActiveCfg = Release|Any CPU
		{3BF79BCA-0530-42D1-AC68-186CB96B11DE}.Release|Any CPU.Build.0 = Release|Any CPU
		{3BF79BCA-0530-42D1-AC68-186CB96B11DE}.Release|Any CPU.Deploy.0 = Release|Any CPU
		{3BF79BCA-0530-42D1-AC68-186CB96B11DE}.Release|ARM.ActiveCfg = Release|ARM
		{3BF79BCA-0530-42D1-AC68-186CB96B11DE}.Release|ARM.Build.0 = Release|ARM
		{3BF79BCA-0530-42D1-AC68-186CB96B11DE}.Release|ARM.Deploy.0 = Release|ARM
		{3BF79BCA-0530-42D1-AC68-186CB96B11DE}.Release|iPhone.ActiveCfg = Release|Any CPU
		{3BF79BCA-0530-42D1-AC68-186CB96B11DE}.Release|iPhoneSimulator.ActiveCfg = Release|Any CPU
		{3BF79BCA-0530-42D1-AC68-186CB96B11DE}.Release|Mixed Platforms.ActiveCfg = Release|x86
		{3BF79BCA-0530-42D1-AC68-186CB96B11DE}.Release|Mixed Platforms.Build.0 = Release|x86
		{3BF79BCA-0530-42D1-AC68-186CB96B11DE}.Release|Mixed Platforms.Deploy.0 = Release|x86
		{3BF79BCA-0530-42D1-AC68-186CB96B11DE}.Release|x86.ActiveCfg = Release|x86
		{3BF79BCA-0530-42D1-AC68-186CB96B11DE}.Release|x86.Build.0 = Release|x86
		{3BF79BCA-0530-42D1-AC68-186CB96B11DE}.Release|x86.Deploy.0 = Release|x86
	EndGlobalSection
	GlobalSection(SolutionProperties) = preSolution
		HideSolutionNode = FALSE
	EndGlobalSection
EndGlobal
