
Microsoft Visual Studio Solution File, Format Version 12.00
# Visual Studio 15
VisualStudioVersion = 15.0.27428.2005
MinimumVisualStudioVersion = 10.0.40219.1
Project("{FAE04EC0-301F-11D3-BF4B-00C04F79EFBC}") = "OouiForms", "OouiForms\OouiForms.csproj", "{C04C0B28-CCAE-43A8-AC47-B93F074F2FAA}"
EndProject
Global
	GlobalSection(SolutionConfigurationPlatforms) = preSolution
		Debug|Any CPU = Debug|Any CPU
		Release|Any CPU = Release|Any CPU
	EndGlobalSection
	GlobalSection(ProjectConfigurationPlatforms) = postSolution
		{C04C0B28-CCAE-43A8-AC47-B93F074F2FAA}.Debug|Any CPU.ActiveCfg = Debug|Any CPU
		{C04C0B28-CCAE-43A8-AC47-B93F074F2FAA}.Debug|Any CPU.Build.0 = Debug|Any CPU
		{C04C0B28-CCAE-43A8-AC47-B93F074F2FAA}.Release|Any CPU.ActiveCfg = Release|Any CPU
		{C04C0B28-CCAE-43A8-AC47-B93F074F2FAA}.Release|Any CPU.Build.0 = Release|Any CPU
	EndGlobalSection
	GlobalSection(SolutionProperties) = preSolution
		HideSolutionNode = FALSE
	EndGlobalSection
	GlobalSection(ExtensibilityGlobals) = postSolution
		SolutionGuid = {35B7EF3C-4ABB-49CA-916F-C6E84D936CEE}
	EndGlobalSection
EndGlobal
