
Microsoft Visual Studio Solution File, Format Version 12.00
# Visual Studio 15
VisualStudioVersion = 15.0.28010.2046
MinimumVisualStudioVersion = 10.0.40219.1
Project("{FAE04EC0-301F-11D3-BF4B-00C04F79EFBC}") = "CompiledBindingsSample.Android", "CompiledBindingsSample\CompiledBindingsSample.Android\CompiledBindingsSample.Android.csproj", "{9A6FB5B6-719D-4589-B609-A7D4032A5E03}"
EndProject
Project("{FAE04EC0-301F-11D3-BF4B-00C04F79EFBC}") = "CompiledBindingsSample.iOS", "CompiledBindingsSample\CompiledBindingsSample.iOS\CompiledBindingsSample.iOS.csproj", "{7535ED45-F91D-4FBE-BF86-6286837E3730}"
EndProject
Project("{FAE04EC0-301F-11D3-BF4B-00C04F79EFBC}") = "CompiledBindingsSample.UWP", "CompiledBindingsSample\CompiledBindingsSample.UWP\CompiledBindingsSample.UWP.csproj", "{5F97031F-6B9F-45EC-A0D9-2B783F07DBEA}"
EndProject
Project("{FAE04EC0-301F-11D3-BF4B-00C04F79EFBC}") = "CompiledBindingsSample", "CompiledBindingsSample\CompiledBindingsSample\CompiledBindingsSample.csproj", "{0DBECB89-3075-4326-9BA0-FD49E2671325}"
EndProject
Global
	GlobalSection(SolutionConfigurationPlatforms) = preSolution
		Ad-Hoc|Any CPU = Ad-Hoc|Any CPU
		Ad-Hoc|ARM = Ad-Hoc|ARM
		Ad-Hoc|iPhone = Ad-Hoc|iPhone
		Ad-Hoc|iPhoneSimulator = Ad-Hoc|iPhoneSimulator
		Ad-Hoc|x64 = Ad-Hoc|x64
		Ad-Hoc|x86 = Ad-Hoc|x86
		AppStore|Any CPU = AppStore|Any CPU
		AppStore|ARM = AppStore|ARM
		AppStore|iPhone = AppStore|iPhone
		AppStore|iPhoneSimulator = AppStore|iPhoneSimulator
		AppStore|x64 = AppStore|x64
		AppStore|x86 = AppStore|x86
		Debug|Any CPU = Debug|Any CPU
		Debug|ARM = Debug|ARM
		Debug|iPhone = Debug|iPhone
		Debug|iPhoneSimulator = Debug|iPhoneSimulator
		Debug|x64 = Debug|x64
		Debug|x86 = Debug|x86
		Release|Any CPU = Release|Any CPU
		Release|ARM = Release|ARM
		Release|iPhone = Release|iPhone
		Release|iPhoneSimulator = Release|iPhoneSimulator
		Release|x64 = Release|x64
		Release|x86 = Release|x86
	EndGlobalSection
	GlobalSection(ProjectConfigurationPlatforms) = postSolution
		{9A6FB5B6-719D-4589-B609-A7D4032A5E03}.Ad-Hoc|Any CPU.ActiveCfg = Release|Any CPU
		{9A6FB5B6-719D-4589-B609-A7D4032A5E03}.Ad-Hoc|Any CPU.Build.0 = Release|Any CPU
		{9A6FB5B6-719D-4589-B609-A7D4032A5E03}.Ad-Hoc|Any CPU.Deploy.0 = Release|Any CPU
		{9A6FB5B6-719D-4589-B609-A7D4032A5E03}.Ad-Hoc|ARM.ActiveCfg = Release|Any CPU
		{9A6FB5B6-719D-4589-B609-A7D4032A5E03}.Ad-Hoc|ARM.Build.0 = Release|Any CPU
		{9A6FB5B6-719D-4589-B609-A7D4032A5E03}.Ad-Hoc|ARM.Deploy.0 = Release|Any CPU
		{9A6FB5B6-719D-4589-B609-A7D4032A5E03}.Ad-Hoc|iPhone.ActiveCfg = Release|Any CPU
		{9A6FB5B6-719D-4589-B609-A7D4032A5E03}.Ad-Hoc|iPhone.Build.0 = Release|Any CPU
		{9A6FB5B6-719D-4589-B609-A7D4032A5E03}.Ad-Hoc|iPhone.Deploy.0 = Release|Any CPU
		{9A6FB5B6-719D-4589-B609-A7D4032A5E03}.Ad-Hoc|iPhoneSimulator.ActiveCfg = Release|Any CPU
		{9A6FB5B6-719D-4589-B609-A7D4032A5E03}.Ad-Hoc|iPhoneSimulator.Build.0 = Release|Any CPU
		{9A6FB5B6-719D-4589-B609-A7D4032A5E03}.Ad-Hoc|iPhoneSimulator.Deploy.0 = Release|Any CPU
		{9A6FB5B6-719D-4589-B609-A7D4032A5E03}.Ad-Hoc|x64.ActiveCfg = Release|Any CPU
		{9A6FB5B6-719D-4589-B609-A7D4032A5E03}.Ad-Hoc|x64.Build.0 = Release|Any CPU
		{9A6FB5B6-719D-4589-B609-A7D4032A5E03}.Ad-Hoc|x64.Deploy.0 = Release|Any CPU
		{9A6FB5B6-719D-4589-B609-A7D4032A5E03}.Ad-Hoc|x86.ActiveCfg = Release|Any CPU
		{9A6FB5B6-719D-4589-B609-A7D4032A5E03}.Ad-Hoc|x86.Build.0 = Release|Any CPU
		{9A6FB5B6-719D-4589-B609-A7D4032A5E03}.Ad-Hoc|x86.Deploy.0 = Release|Any CPU
		{9A6FB5B6-719D-4589-B609-A7D4032A5E03}.AppStore|Any CPU.ActiveCfg = Release|Any CPU
		{9A6FB5B6-719D-4589-B609-A7D4032A5E03}.AppStore|Any CPU.Build.0 = Release|Any CPU
		{9A6FB5B6-719D-4589-B609-A7D4032A5E03}.AppStore|Any CPU.Deploy.0 = Release|Any CPU
		{9A6FB5B6-719D-4589-B609-A7D4032A5E03}.AppStore|ARM.ActiveCfg = Release|Any CPU
		{9A6FB5B6-719D-4589-B609-A7D4032A5E03}.AppStore|ARM.Build.0 = Release|Any CPU
		{9A6FB5B6-719D-4589-B609-A7D4032A5E03}.AppStore|ARM.Deploy.0 = Release|Any CPU
		{9A6FB5B6-719D-4589-B609-A7D4032A5E03}.AppStore|iPhone.ActiveCfg = Release|Any CPU
		{9A6FB5B6-719D-4589-B609-A7D4032A5E03}.AppStore|iPhone.Build.0 = Release|Any CPU
		{9A6FB5B6-719D-4589-B609-A7D4032A5E03}.AppStore|iPhone.Deploy.0 = Release|Any CPU
		{9A6FB5B6-719D-4589-B609-A7D4032A5E03}.AppStore|iPhoneSimulator.ActiveCfg = Release|Any CPU
		{9A6FB5B6-719D-4589-B609-A7D4032A5E03}.AppStore|iPhoneSimulator.Build.0 = Release|Any CPU
		{9A6FB5B6-719D-4589-B609-A7D4032A5E03}.AppStore|iPhoneSimulator.Deploy.0 = Release|Any CPU
		{9A6FB5B6-719D-4589-B609-A7D4032A5E03}.AppStore|x64.ActiveCfg = Release|Any CPU
		{9A6FB5B6-719D-4589-B609-A7D4032A5E03}.AppStore|x64.Build.0 = Release|Any CPU
		{9A6FB5B6-719D-4589-B609-A7D4032A5E03}.AppStore|x64.Deploy.0 = Release|Any CPU
		{9A6FB5B6-719D-4589-B609-A7D4032A5E03}.AppStore|x86.ActiveCfg = Release|Any CPU
		{9A6FB5B6-719D-4589-B609-A7D4032A5E03}.AppStore|x86.Build.0 = Release|Any CPU
		{9A6FB5B6-719D-4589-B609-A7D4032A5E03}.AppStore|x86.Deploy.0 = Release|Any CPU
		{9A6FB5B6-719D-4589-B609-A7D4032A5E03}.Debug|Any CPU.ActiveCfg = Debug|Any CPU
		{9A6FB5B6-719D-4589-B609-A7D4032A5E03}.Debug|Any CPU.Build.0 = Debug|Any CPU
		{9A6FB5B6-719D-4589-B609-A7D4032A5E03}.Debug|Any CPU.Deploy.0 = Debug|Any CPU
		{9A6FB5B6-719D-4589-B609-A7D4032A5E03}.Debug|ARM.ActiveCfg = Debug|Any CPU
		{9A6FB5B6-719D-4589-B609-A7D4032A5E03}.Debug|ARM.Build.0 = Debug|Any CPU
		{9A6FB5B6-719D-4589-B609-A7D4032A5E03}.Debug|ARM.Deploy.0 = Debug|Any CPU
		{9A6FB5B6-719D-4589-B609-A7D4032A5E03}.Debug|iPhone.ActiveCfg = Debug|Any CPU
		{9A6FB5B6-719D-4589-B609-A7D4032A5E03}.Debug|iPhone.Build.0 = Debug|Any CPU
		{9A6FB5B6-719D-4589-B609-A7D4032A5E03}.Debug|iPhone.Deploy.0 = Debug|Any CPU
		{9A6FB5B6-719D-4589-B609-A7D4032A5E03}.Debug|iPhoneSimulator.ActiveCfg = Debug|Any CPU
		{9A6FB5B6-719D-4589-B609-A7D4032A5E03}.Debug|iPhoneSimulator.Build.0 = Debug|Any CPU
		{9A6FB5B6-719D-4589-B609-A7D4032A5E03}.Debug|iPhoneSimulator.Deploy.0 = Debug|Any CPU
		{9A6FB5B6-719D-4589-B609-A7D4032A5E03}.Debug|x64.ActiveCfg = Debug|Any CPU
		{9A6FB5B6-719D-4589-B609-A7D4032A5E03}.Debug|x64.Build.0 = Debug|Any CPU
		{9A6FB5B6-719D-4589-B609-A7D4032A5E03}.Debug|x64.Deploy.0 = Debug|Any CPU
		{9A6FB5B6-719D-4589-B609-A7D4032A5E03}.Debug|x86.ActiveCfg = Debug|Any CPU
		{9A6FB5B6-719D-4589-B609-A7D4032A5E03}.Debug|x86.Build.0 = Debug|Any CPU
		{9A6FB5B6-719D-4589-B609-A7D4032A5E03}.Debug|x86.Deploy.0 = Debug|Any CPU
		{9A6FB5B6-719D-4589-B609-A7D4032A5E03}.Release|Any CPU.ActiveCfg = Release|Any CPU
		{9A6FB5B6-719D-4589-B609-A7D4032A5E03}.Release|Any CPU.Build.0 = Release|Any CPU
		{9A6FB5B6-719D-4589-B609-A7D4032A5E03}.Release|Any CPU.Deploy.0 = Release|Any CPU
		{9A6FB5B6-719D-4589-B609-A7D4032A5E03}.Release|ARM.ActiveCfg = Release|Any CPU
		{9A6FB5B6-719D-4589-B609-A7D4032A5E03}.Release|ARM.Build.0 = Release|Any CPU
		{9A6FB5B6-719D-4589-B609-A7D4032A5E03}.Release|ARM.Deploy.0 = Release|Any CPU
		{9A6FB5B6-719D-4589-B609-A7D4032A5E03}.Release|iPhone.ActiveCfg = Release|Any CPU
		{9A6FB5B6-719D-4589-B609-A7D4032A5E03}.Release|iPhone.Build.0 = Release|Any CPU
		{9A6FB5B6-719D-4589-B609-A7D4032A5E03}.Release|iPhone.Deploy.0 = Release|Any CPU
		{9A6FB5B6-719D-4589-B609-A7D4032A5E03}.Release|iPhoneSimulator.ActiveCfg = Release|Any CPU
		{9A6FB5B6-719D-4589-B609-A7D4032A5E03}.Release|iPhoneSimulator.Build.0 = Release|Any CPU
		{9A6FB5B6-719D-4589-B609-A7D4032A5E03}.Release|iPhoneSimulator.Deploy.0 = Release|Any CPU
		{9A6FB5B6-719D-4589-B609-A7D4032A5E03}.Release|x64.ActiveCfg = Release|Any CPU
		{9A6FB5B6-719D-4589-B609-A7D4032A5E03}.Release|x64.Build.0 = Release|Any CPU
		{9A6FB5B6-719D-4589-B609-A7D4032A5E03}.Release|x64.Deploy.0 = Release|Any CPU
		{9A6FB5B6-719D-4589-B609-A7D4032A5E03}.Release|x86.ActiveCfg = Release|Any CPU
		{9A6FB5B6-719D-4589-B609-A7D4032A5E03}.Release|x86.Build.0 = Release|Any CPU
		{9A6FB5B6-719D-4589-B609-A7D4032A5E03}.Release|x86.Deploy.0 = Release|Any CPU
		{7535ED45-F91D-4FBE-BF86-6286837E3730}.Ad-Hoc|Any CPU.ActiveCfg = Ad-Hoc|iPhone
		{7535ED45-F91D-4FBE-BF86-6286837E3730}.Ad-Hoc|Any CPU.Build.0 = Ad-Hoc|iPhone
		{7535ED45-F91D-4FBE-BF86-6286837E3730}.Ad-Hoc|Any CPU.Deploy.0 = Ad-Hoc|iPhone
		{7535ED45-F91D-4FBE-BF86-6286837E3730}.Ad-Hoc|ARM.ActiveCfg = Ad-Hoc|iPhone
		{7535ED45-F91D-4FBE-BF86-6286837E3730}.Ad-Hoc|ARM.Build.0 = Ad-Hoc|iPhone
		{7535ED45-F91D-4FBE-BF86-6286837E3730}.Ad-Hoc|ARM.Deploy.0 = Ad-Hoc|iPhone
		{7535ED45-F91D-4FBE-BF86-6286837E3730}.Ad-Hoc|iPhone.ActiveCfg = Ad-Hoc|iPhone
		{7535ED45-F91D-4FBE-BF86-6286837E3730}.Ad-Hoc|iPhone.Build.0 = Ad-Hoc|iPhone
		{7535ED45-F91D-4FBE-BF86-6286837E3730}.Ad-Hoc|iPhone.Deploy.0 = Ad-Hoc|iPhone
		{7535ED45-F91D-4FBE-BF86-6286837E3730}.Ad-Hoc|iPhoneSimulator.ActiveCfg = Ad-Hoc|iPhoneSimulator
		{7535ED45-F91D-4FBE-BF86-6286837E3730}.Ad-Hoc|iPhoneSimulator.Build.0 = Ad-Hoc|iPhoneSimulator
		{7535ED45-F91D-4FBE-BF86-6286837E3730}.Ad-Hoc|iPhoneSimulator.Deploy.0 = Ad-Hoc|iPhoneSimulator
		{7535ED45-F91D-4FBE-BF86-6286837E3730}.Ad-Hoc|x64.ActiveCfg = Ad-Hoc|iPhone
		{7535ED45-F91D-4FBE-BF86-6286837E3730}.Ad-Hoc|x64.Build.0 = Ad-Hoc|iPhone
		{7535ED45-F91D-4FBE-BF86-6286837E3730}.Ad-Hoc|x64.Deploy.0 = Ad-Hoc|iPhone
		{7535ED45-F91D-4FBE-BF86-6286837E3730}.Ad-Hoc|x86.ActiveCfg = Ad-Hoc|iPhone
		{7535ED45-F91D-4FBE-BF86-6286837E3730}.Ad-Hoc|x86.Build.0 = Ad-Hoc|iPhone
		{7535ED45-F91D-4FBE-BF86-6286837E3730}.Ad-Hoc|x86.Deploy.0 = Ad-Hoc|iPhone
		{7535ED45-F91D-4FBE-BF86-6286837E3730}.AppStore|Any CPU.ActiveCfg = AppStore|iPhone
		{7535ED45-F91D-4FBE-BF86-6286837E3730}.AppStore|Any CPU.Build.0 = AppStore|iPhone
		{7535ED45-F91D-4FBE-BF86-6286837E3730}.AppStore|Any CPU.Deploy.0 = AppStore|iPhone
		{7535ED45-F91D-4FBE-BF86-6286837E3730}.AppStore|ARM.ActiveCfg = AppStore|iPhone
		{7535ED45-F91D-4FBE-BF86-6286837E3730}.AppStore|ARM.Build.0 = AppStore|iPhone
		{7535ED45-F91D-4FBE-BF86-6286837E3730}.AppStore|ARM.Deploy.0 = AppStore|iPhone
		{7535ED45-F91D-4FBE-BF86-6286837E3730}.AppStore|iPhone.ActiveCfg = AppStore|iPhone
		{7535ED45-F91D-4FBE-BF86-6286837E3730}.AppStore|iPhone.Build.0 = AppStore|iPhone
		{7535ED45-F91D-4FBE-BF86-6286837E3730}.AppStore|iPhone.Deploy.0 = AppStore|iPhone
		{7535ED45-F91D-4FBE-BF86-6286837E3730}.AppStore|iPhoneSimulator.ActiveCfg = AppStore|iPhoneSimulator
		{7535ED45-F91D-4FBE-BF86-6286837E3730}.AppStore|iPhoneSimulator.Build.0 = AppStore|iPhoneSimulator
		{7535ED45-F91D-4FBE-BF86-6286837E3730}.AppStore|iPhoneSimulator.Deploy.0 = AppStore|iPhoneSimulator
		{7535ED45-F91D-4FBE-BF86-6286837E3730}.AppStore|x64.ActiveCfg = AppStore|iPhone
		{7535ED45-F91D-4FBE-BF86-6286837E3730}.AppStore|x64.Build.0 = AppStore|iPhone
		{7535ED45-F91D-4FBE-BF86-6286837E3730}.AppStore|x64.Deploy.0 = AppStore|iPhone
		{7535ED45-F91D-4FBE-BF86-6286837E3730}.AppStore|x86.ActiveCfg = AppStore|iPhone
		{7535ED45-F91D-4FBE-BF86-6286837E3730}.AppStore|x86.Build.0 = AppStore|iPhone
		{7535ED45-F91D-4FBE-BF86-6286837E3730}.AppStore|x86.Deploy.0 = AppStore|iPhone
		{7535ED45-F91D-4FBE-BF86-6286837E3730}.Debug|Any CPU.ActiveCfg = Debug|iPhoneSimulator
		{7535ED45-F91D-4FBE-BF86-6286837E3730}.Debug|Any CPU.Build.0 = Debug|iPhoneSimulator
		{7535ED45-F91D-4FBE-BF86-6286837E3730}.Debug|Any CPU.Deploy.0 = Debug|iPhoneSimulator
		{7535ED45-F91D-4FBE-BF86-6286837E3730}.Debug|ARM.ActiveCfg = Debug|iPhone
		{7535ED45-F91D-4FBE-BF86-6286837E3730}.Debug|ARM.Build.0 = Debug|iPhone
		{7535ED45-F91D-4FBE-BF86-6286837E3730}.Debug|ARM.Deploy.0 = Debug|iPhone
		{7535ED45-F91D-4FBE-BF86-6286837E3730}.Debug|iPhone.ActiveCfg = Debug|iPhone
		{7535ED45-F91D-4FBE-BF86-6286837E3730}.Debug|iPhone.Build.0 = Debug|iPhone
		{7535ED45-F91D-4FBE-BF86-6286837E3730}.Debug|iPhone.Deploy.0 = Debug|iPhone
		{7535ED45-F91D-4FBE-BF86-6286837E3730}.Debug|iPhoneSimulator.ActiveCfg = Debug|iPhoneSimulator
		{7535ED45-F91D-4FBE-BF86-6286837E3730}.Debug|iPhoneSimulator.Build.0 = Debug|iPhoneSimulator
		{7535ED45-F91D-4FBE-BF86-6286837E3730}.Debug|iPhoneSimulator.Deploy.0 = Debug|iPhoneSimulator
		{7535ED45-F91D-4FBE-BF86-6286837E3730}.Debug|x64.ActiveCfg = Debug|iPhone
		{7535ED45-F91D-4FBE-BF86-6286837E3730}.Debug|x64.Build.0 = Debug|iPhone
		{7535ED45-F91D-4FBE-BF86-6286837E3730}.Debug|x64.Deploy.0 = Debug|iPhone
		{7535ED45-F91D-4FBE-BF86-6286837E3730}.Debug|x86.ActiveCfg = Debug|iPhone
		{7535ED45-F91D-4FBE-BF86-6286837E3730}.Debug|x86.Build.0 = Debug|iPhone
		{7535ED45-F91D-4FBE-BF86-6286837E3730}.Debug|x86.Deploy.0 = Debug|iPhone
		{7535ED45-F91D-4FBE-BF86-6286837E3730}.Release|Any CPU.ActiveCfg = Release|iPhone
		{7535ED45-F91D-4FBE-BF86-6286837E3730}.Release|Any CPU.Build.0 = Release|iPhone
		{7535ED45-F91D-4FBE-BF86-6286837E3730}.Release|Any CPU.Deploy.0 = Release|iPhone
		{7535ED45-F91D-4FBE-BF86-6286837E3730}.Release|ARM.ActiveCfg = Release|iPhone
		{7535ED45-F91D-4FBE-BF86-6286837E3730}.Release|ARM.Build.0 = Release|iPhone
		{7535ED45-F91D-4FBE-BF86-6286837E3730}.Release|ARM.Deploy.0 = Release|iPhone
		{7535ED45-F91D-4FBE-BF86-6286837E3730}.Release|iPhone.ActiveCfg = Release|iPhone
		{7535ED45-F91D-4FBE-BF86-6286837E3730}.Release|iPhone.Build.0 = Release|iPhone
		{7535ED45-F91D-4FBE-BF86-6286837E3730}.Release|iPhone.Deploy.0 = Release|iPhone
		{7535ED45-F91D-4FBE-BF86-6286837E3730}.Release|iPhoneSimulator.ActiveCfg = Release|iPhoneSimulator
		{7535ED45-F91D-4FBE-BF86-6286837E3730}.Release|iPhoneSimulator.Build.0 = Release|iPhoneSimulator
		{7535ED45-F91D-4FBE-BF86-6286837E3730}.Release|iPhoneSimulator.Deploy.0 = Release|iPhoneSimulator
		{7535ED45-F91D-4FBE-BF86-6286837E3730}.Release|x64.ActiveCfg = Release|iPhone
		{7535ED45-F91D-4FBE-BF86-6286837E3730}.Release|x64.Build.0 = Release|iPhone
		{7535ED45-F91D-4FBE-BF86-6286837E3730}.Release|x64.Deploy.0 = Release|iPhone
		{7535ED45-F91D-4FBE-BF86-6286837E3730}.Release|x86.ActiveCfg = Release|iPhone
		{7535ED45-F91D-4FBE-BF86-6286837E3730}.Release|x86.Build.0 = Release|iPhone
		{7535ED45-F91D-4FBE-BF86-6286837E3730}.Release|x86.Deploy.0 = Release|iPhone
		{5F97031F-6B9F-45EC-A0D9-2B783F07DBEA}.Ad-Hoc|Any CPU.ActiveCfg = Release|x86
		{5F97031F-6B9F-45EC-A0D9-2B783F07DBEA}.Ad-Hoc|Any CPU.Build.0 = Release|x86
		{5F97031F-6B9F-45EC-A0D9-2B783F07DBEA}.Ad-Hoc|Any CPU.Deploy.0 = Release|x86
		{5F97031F-6B9F-45EC-A0D9-2B783F07DBEA}.Ad-Hoc|ARM.ActiveCfg = Release|ARM
		{5F97031F-6B9F-45EC-A0D9-2B783F07DBEA}.Ad-Hoc|ARM.Build.0 = Release|ARM
		{5F97031F-6B9F-45EC-A0D9-2B783F07DBEA}.Ad-Hoc|ARM.Deploy.0 = Release|ARM
		{5F97031F-6B9F-45EC-A0D9-2B783F07DBEA}.Ad-Hoc|iPhone.ActiveCfg = Release|x86
		{5F97031F-6B9F-45EC-A0D9-2B783F07DBEA}.Ad-Hoc|iPhone.Build.0 = Release|x86
		{5F97031F-6B9F-45EC-A0D9-2B783F07DBEA}.Ad-Hoc|iPhone.Deploy.0 = Release|x86
		{5F97031F-6B9F-45EC-A0D9-2B783F07DBEA}.Ad-Hoc|iPhoneSimulator.ActiveCfg = Release|x86
		{5F97031F-6B9F-45EC-A0D9-2B783F07DBEA}.Ad-Hoc|iPhoneSimulator.Build.0 = Release|x86
		{5F97031F-6B9F-45EC-A0D9-2B783F07DBEA}.Ad-Hoc|iPhoneSimulator.Deploy.0 = Release|x86
		{5F97031F-6B9F-45EC-A0D9-2B783F07DBEA}.Ad-Hoc|x64.ActiveCfg = Release|x64
		{5F97031F-6B9F-45EC-A0D9-2B783F07DBEA}.Ad-Hoc|x64.Build.0 = Release|x64
		{5F97031F-6B9F-45EC-A0D9-2B783F07DBEA}.Ad-Hoc|x64.Deploy.0 = Release|x64
		{5F97031F-6B9F-45EC-A0D9-2B783F07DBEA}.Ad-Hoc|x86.ActiveCfg = Release|x86
		{5F97031F-6B9F-45EC-A0D9-2B783F07DBEA}.Ad-Hoc|x86.Build.0 = Release|x86
		{5F97031F-6B9F-45EC-A0D9-2B783F07DBEA}.Ad-Hoc|x86.Deploy.0 = Release|x86
		{5F97031F-6B9F-45EC-A0D9-2B783F07DBEA}.AppStore|Any CPU.ActiveCfg = Release|x86
		{5F97031F-6B9F-45EC-A0D9-2B783F07DBEA}.AppStore|Any CPU.Build.0 = Release|x86
		{5F97031F-6B9F-45EC-A0D9-2B783F07DBEA}.AppStore|Any CPU.Deploy.0 = Release|x86
		{5F97031F-6B9F-45EC-A0D9-2B783F07DBEA}.AppStore|ARM.ActiveCfg = Release|ARM
		{5F97031F-6B9F-45EC-A0D9-2B783F07DBEA}.AppStore|ARM.Build.0 = Release|ARM
		{5F97031F-6B9F-45EC-A0D9-2B783F07DBEA}.AppStore|ARM.Deploy.0 = Release|ARM
		{5F97031F-6B9F-45EC-A0D9-2B783F07DBEA}.AppStore|iPhone.ActiveCfg = Release|x86
		{5F97031F-6B9F-45EC-A0D9-2B783F07DBEA}.AppStore|iPhone.Build.0 = Release|x86
		{5F97031F-6B9F-45EC-A0D9-2B783F07DBEA}.AppStore|iPhone.Deploy.0 = Release|x86
		{5F97031F-6B9F-45EC-A0D9-2B783F07DBEA}.AppStore|iPhoneSimulator.ActiveCfg = Release|x86
		{5F97031F-6B9F-45EC-A0D9-2B783F07DBEA}.AppStore|iPhoneSimulator.Build.0 = Release|x86
		{5F97031F-6B9F-45EC-A0D9-2B783F07DBEA}.AppStore|iPhoneSimulator.Deploy.0 = Release|x86
		{5F97031F-6B9F-45EC-A0D9-2B783F07DBEA}.AppStore|x64.ActiveCfg = Release|x64
		{5F97031F-6B9F-45EC-A0D9-2B783F07DBEA}.AppStore|x64.Build.0 = Release|x64
		{5F97031F-6B9F-45EC-A0D9-2B783F07DBEA}.AppStore|x64.Deploy.0 = Release|x64
		{5F97031F-6B9F-45EC-A0D9-2B783F07DBEA}.AppStore|x86.ActiveCfg = Release|x86
		{5F97031F-6B9F-45EC-A0D9-2B783F07DBEA}.AppStore|x86.Build.0 = Release|x86
		{5F97031F-6B9F-45EC-A0D9-2B783F07DBEA}.AppStore|x86.Deploy.0 = Release|x86
		{5F97031F-6B9F-45EC-A0D9-2B783F07DBEA}.Debug|Any CPU.ActiveCfg = Debug|x86
		{5F97031F-6B9F-45EC-A0D9-2B783F07DBEA}.Debug|Any CPU.Build.0 = Debug|x86
		{5F97031F-6B9F-45EC-A0D9-2B783F07DBEA}.Debug|Any CPU.Deploy.0 = Debug|x86
		{5F97031F-6B9F-45EC-A0D9-2B783F07DBEA}.Debug|ARM.ActiveCfg = Debug|ARM
		{5F97031F-6B9F-45EC-A0D9-2B783F07DBEA}.Debug|ARM.Build.0 = Debug|ARM
		{5F97031F-6B9F-45EC-A0D9-2B783F07DBEA}.Debug|ARM.Deploy.0 = Debug|ARM
		{5F97031F-6B9F-45EC-A0D9-2B783F07DBEA}.Debug|iPhone.ActiveCfg = Debug|x86
		{5F97031F-6B9F-45EC-A0D9-2B783F07DBEA}.Debug|iPhone.Build.0 = Debug|x86
		{5F97031F-6B9F-45EC-A0D9-2B783F07DBEA}.Debug|iPhone.Deploy.0 = Debug|x86
		{5F97031F-6B9F-45EC-A0D9-2B783F07DBEA}.Debug|iPhoneSimulator.ActiveCfg = Debug|x86
		{5F97031F-6B9F-45EC-A0D9-2B783F07DBEA}.Debug|iPhoneSimulator.Build.0 = Debug|x86
		{5F97031F-6B9F-45EC-A0D9-2B783F07DBEA}.Debug|iPhoneSimulator.Deploy.0 = Debug|x86
		{5F97031F-6B9F-45EC-A0D9-2B783F07DBEA}.Debug|x64.ActiveCfg = Debug|x64
		{5F97031F-6B9F-45EC-A0D9-2B783F07DBEA}.Debug|x64.Build.0 = Debug|x64
		{5F97031F-6B9F-45EC-A0D9-2B783F07DBEA}.Debug|x64.Deploy.0 = Debug|x64
		{5F97031F-6B9F-45EC-A0D9-2B783F07DBEA}.Debug|x86.ActiveCfg = Debug|x86
		{5F97031F-6B9F-45EC-A0D9-2B783F07DBEA}.Debug|x86.Build.0 = Debug|x86
		{5F97031F-6B9F-45EC-A0D9-2B783F07DBEA}.Debug|x86.Deploy.0 = Debug|x86
		{5F97031F-6B9F-45EC-A0D9-2B783F07DBEA}.Release|Any CPU.ActiveCfg = Release|x86
		{5F97031F-6B9F-45EC-A0D9-2B783F07DBEA}.Release|Any CPU.Build.0 = Release|x86
		{5F97031F-6B9F-45EC-A0D9-2B783F07DBEA}.Release|Any CPU.Deploy.0 = Release|x86
		{5F97031F-6B9F-45EC-A0D9-2B783F07DBEA}.Release|ARM.ActiveCfg = Release|ARM
		{5F97031F-6B9F-45EC-A0D9-2B783F07DBEA}.Release|ARM.Build.0 = Release|ARM
		{5F97031F-6B9F-45EC-A0D9-2B783F07DBEA}.Release|ARM.Deploy.0 = Release|ARM
		{5F97031F-6B9F-45EC-A0D9-2B783F07DBEA}.Release|iPhone.ActiveCfg = Release|x86
		{5F97031F-6B9F-45EC-A0D9-2B783F07DBEA}.Release|iPhone.Build.0 = Release|x86
		{5F97031F-6B9F-45EC-A0D9-2B783F07DBEA}.Release|iPhone.Deploy.0 = Release|x86
		{5F97031F-6B9F-45EC-A0D9-2B783F07DBEA}.Release|iPhoneSimulator.ActiveCfg = Release|x86
		{5F97031F-6B9F-45EC-A0D9-2B783F07DBEA}.Release|iPhoneSimulator.Build.0 = Release|x86
		{5F97031F-6B9F-45EC-A0D9-2B783F07DBEA}.Release|iPhoneSimulator.Deploy.0 = Release|x86
		{5F97031F-6B9F-45EC-A0D9-2B783F07DBEA}.Release|x64.ActiveCfg = Release|x64
		{5F97031F-6B9F-45EC-A0D9-2B783F07DBEA}.Release|x64.Build.0 = Release|x64
		{5F97031F-6B9F-45EC-A0D9-2B783F07DBEA}.Release|x64.Deploy.0 = Release|x64
		{5F97031F-6B9F-45EC-A0D9-2B783F07DBEA}.Release|x86.ActiveCfg = Release|x86
		{5F97031F-6B9F-45EC-A0D9-2B783F07DBEA}.Release|x86.Build.0 = Release|x86
		{5F97031F-6B9F-45EC-A0D9-2B783F07DBEA}.Release|x86.Deploy.0 = Release|x86
		{0DBECB89-3075-4326-9BA0-FD49E2671325}.Ad-Hoc|Any CPU.ActiveCfg = Debug|Any CPU
		{0DBECB89-3075-4326-9BA0-FD49E2671325}.Ad-Hoc|Any CPU.Build.0 = Debug|Any CPU
		{0DBECB89-3075-4326-9BA0-FD49E2671325}.Ad-Hoc|Any CPU.Deploy.0 = Debug|Any CPU
		{0DBECB89-3075-4326-9BA0-FD49E2671325}.Ad-Hoc|ARM.ActiveCfg = Debug|Any CPU
		{0DBECB89-3075-4326-9BA0-FD49E2671325}.Ad-Hoc|ARM.Build.0 = Debug|Any CPU
		{0DBECB89-3075-4326-9BA0-FD49E2671325}.Ad-Hoc|ARM.Deploy.0 = Debug|Any CPU
		{0DBECB89-3075-4326-9BA0-FD49E2671325}.Ad-Hoc|iPhone.ActiveCfg = Debug|Any CPU
		{0DBECB89-3075-4326-9BA0-FD49E2671325}.Ad-Hoc|iPhone.Build.0 = Debug|Any CPU
		{0DBECB89-3075-4326-9BA0-FD49E2671325}.Ad-Hoc|iPhone.Deploy.0 = Debug|Any CPU
		{0DBECB89-3075-4326-9BA0-FD49E2671325}.Ad-Hoc|iPhoneSimulator.ActiveCfg = Debug|Any CPU
		{0DBECB89-3075-4326-9BA0-FD49E2671325}.Ad-Hoc|iPhoneSimulator.Build.0 = Debug|Any CPU
		{0DBECB89-3075-4326-9BA0-FD49E2671325}.Ad-Hoc|iPhoneSimulator.Deploy.0 = Debug|Any CPU
		{0DBECB89-3075-4326-9BA0-FD49E2671325}.Ad-Hoc|x64.ActiveCfg = Debug|Any CPU
		{0DBECB89-3075-4326-9BA0-FD49E2671325}.Ad-Hoc|x64.Build.0 = Debug|Any CPU
		{0DBECB89-3075-4326-9BA0-FD49E2671325}.Ad-Hoc|x64.Deploy.0 = Debug|Any CPU
		{0DBECB89-3075-4326-9BA0-FD49E2671325}.Ad-Hoc|x86.ActiveCfg = Debug|Any CPU
		{0DBECB89-3075-4326-9BA0-FD49E2671325}.Ad-Hoc|x86.Build.0 = Debug|Any CPU
		{0DBECB89-3075-4326-9BA0-FD49E2671325}.Ad-Hoc|x86.Deploy.0 = Debug|Any CPU
		{0DBECB89-3075-4326-9BA0-FD49E2671325}.AppStore|Any CPU.ActiveCfg = Debug|Any CPU
		{0DBECB89-3075-4326-9BA0-FD49E2671325}.AppStore|Any CPU.Build.0 = Debug|Any CPU
		{0DBECB89-3075-4326-9BA0-FD49E2671325}.AppStore|Any CPU.Deploy.0 = Debug|Any CPU
		{0DBECB89-3075-4326-9BA0-FD49E2671325}.AppStore|ARM.ActiveCfg = Debug|Any CPU
		{0DBECB89-3075-4326-9BA0-FD49E2671325}.AppStore|ARM.Build.0 = Debug|Any CPU
		{0DBECB89-3075-4326-9BA0-FD49E2671325}.AppStore|ARM.Deploy.0 = Debug|Any CPU
		{0DBECB89-3075-4326-9BA0-FD49E2671325}.AppStore|iPhone.ActiveCfg = Debug|Any CPU
		{0DBECB89-3075-4326-9BA0-FD49E2671325}.AppStore|iPhone.Build.0 = Debug|Any CPU
		{0DBECB89-3075-4326-9BA0-FD49E2671325}.AppStore|iPhone.Deploy.0 = Debug|Any CPU
		{0DBECB89-3075-4326-9BA0-FD49E2671325}.AppStore|iPhoneSimulator.ActiveCfg = Debug|Any CPU
		{0DBECB89-3075-4326-9BA0-FD49E2671325}.AppStore|iPhoneSimulator.Build.0 = Debug|Any CPU
		{0DBECB89-3075-4326-9BA0-FD49E2671325}.AppStore|iPhoneSimulator.Deploy.0 = Debug|Any CPU
		{0DBECB89-3075-4326-9BA0-FD49E2671325}.AppStore|x64.ActiveCfg = Debug|Any CPU
		{0DBECB89-3075-4326-9BA0-FD49E2671325}.AppStore|x64.Build.0 = Debug|Any CPU
		{0DBECB89-3075-4326-9BA0-FD49E2671325}.AppStore|x64.Deploy.0 = Debug|Any CPU
		{0DBECB89-3075-4326-9BA0-FD49E2671325}.AppStore|x86.ActiveCfg = Debug|Any CPU
		{0DBECB89-3075-4326-9BA0-FD49E2671325}.AppStore|x86.Build.0 = Debug|Any CPU
		{0DBECB89-3075-4326-9BA0-FD49E2671325}.AppStore|x86.Deploy.0 = Debug|Any CPU
		{0DBECB89-3075-4326-9BA0-FD49E2671325}.Debug|Any CPU.ActiveCfg = Debug|Any CPU
		{0DBECB89-3075-4326-9BA0-FD49E2671325}.Debug|Any CPU.Build.0 = Debug|Any CPU
		{0DBECB89-3075-4326-9BA0-FD49E2671325}.Debug|Any CPU.Deploy.0 = Debug|Any CPU
		{0DBECB89-3075-4326-9BA0-FD49E2671325}.Debug|ARM.ActiveCfg = Debug|Any CPU
		{0DBECB89-3075-4326-9BA0-FD49E2671325}.Debug|ARM.Build.0 = Debug|Any CPU
		{0DBECB89-3075-4326-9BA0-FD49E2671325}.Debug|ARM.Deploy.0 = Debug|Any CPU
		{0DBECB89-3075-4326-9BA0-FD49E2671325}.Debug|iPhone.ActiveCfg = Debug|Any CPU
		{0DBECB89-3075-4326-9BA0-FD49E2671325}.Debug|iPhone.Build.0 = Debug|Any CPU
		{0DBECB89-3075-4326-9BA0-FD49E2671325}.Debug|iPhone.Deploy.0 = Debug|Any CPU
		{0DBECB89-3075-4326-9BA0-FD49E2671325}.Debug|iPhoneSimulator.ActiveCfg = Debug|Any CPU
		{0DBECB89-3075-4326-9BA0-FD49E2671325}.Debug|iPhoneSimulator.Build.0 = Debug|Any CPU
		{0DBECB89-3075-4326-9BA0-FD49E2671325}.Debug|iPhoneSimulator.Deploy.0 = Debug|Any CPU
		{0DBECB89-3075-4326-9BA0-FD49E2671325}.Debug|x64.ActiveCfg = Debug|Any CPU
		{0DBECB89-3075-4326-9BA0-FD49E2671325}.Debug|x64.Build.0 = Debug|Any CPU
		{0DBECB89-3075-4326-9BA0-FD49E2671325}.Debug|x64.Deploy.0 = Debug|Any CPU
		{0DBECB89-3075-4326-9BA0-FD49E2671325}.Debug|x86.ActiveCfg = Debug|Any CPU
		{0DBECB89-3075-4326-9BA0-FD49E2671325}.Debug|x86.Build.0 = Debug|Any CPU
		{0DBECB89-3075-4326-9BA0-FD49E2671325}.Debug|x86.Deploy.0 = Debug|Any CPU
		{0DBECB89-3075-4326-9BA0-FD49E2671325}.Release|Any CPU.ActiveCfg = Release|Any CPU
		{0DBECB89-3075-4326-9BA0-FD49E2671325}.Release|Any CPU.Build.0 = Release|Any CPU
		{0DBECB89-3075-4326-9BA0-FD49E2671325}.Release|Any CPU.Deploy.0 = Release|Any CPU
		{0DBECB89-3075-4326-9BA0-FD49E2671325}.Release|ARM.ActiveCfg = Release|Any CPU
		{0DBECB89-3075-4326-9BA0-FD49E2671325}.Release|ARM.Build.0 = Release|Any CPU
		{0DBECB89-3075-4326-9BA0-FD49E2671325}.Release|ARM.Deploy.0 = Release|Any CPU
		{0DBECB89-3075-4326-9BA0-FD49E2671325}.Release|iPhone.ActiveCfg = Release|Any CPU
		{0DBECB89-3075-4326-9BA0-FD49E2671325}.Release|iPhone.Build.0 = Release|Any CPU
		{0DBECB89-3075-4326-9BA0-FD49E2671325}.Release|iPhone.Deploy.0 = Release|Any CPU
		{0DBECB89-3075-4326-9BA0-FD49E2671325}.Release|iPhoneSimulator.ActiveCfg = Release|Any CPU
		{0DBECB89-3075-4326-9BA0-FD49E2671325}.Release|iPhoneSimulator.Build.0 = Release|Any CPU
		{0DBECB89-3075-4326-9BA0-FD49E2671325}.Release|iPhoneSimulator.Deploy.0 = Release|Any CPU
		{0DBECB89-3075-4326-9BA0-FD49E2671325}.Release|x64.ActiveCfg = Release|Any CPU
		{0DBECB89-3075-4326-9BA0-FD49E2671325}.Release|x64.Build.0 = Release|Any CPU
		{0DBECB89-3075-4326-9BA0-FD49E2671325}.Release|x64.Deploy.0 = Release|Any CPU
		{0DBECB89-3075-4326-9BA0-FD49E2671325}.Release|x86.ActiveCfg = Release|Any CPU
		{0DBECB89-3075-4326-9BA0-FD49E2671325}.Release|x86.Build.0 = Release|Any CPU
		{0DBECB89-3075-4326-9BA0-FD49E2671325}.Release|x86.Deploy.0 = Release|Any CPU
	EndGlobalSection
	GlobalSection(SolutionProperties) = preSolution
		HideSolutionNode = FALSE
	EndGlobalSection
	GlobalSection(ExtensibilityGlobals) = postSolution
		SolutionGuid = {E428705A-DBF6-47F8-9BD0-B4260A7B0A9D}
	EndGlobalSection
EndGlobal
