
Microsoft Visual Studio Solution File, Format Version 12.00
# Visual Studio 2013
VisualStudioVersion = 12.0.31101.0
MinimumVisualStudioVersion = 10.0.40219.1
Project("{FAE04EC0-301F-11D3-BF4B-00C04F79EFBC}") = "PullToRefresh", "PullToRefresh\PullToRefresh\PullToRefresh.csproj", "{7BE2FB73-10F0-4C8B-8B9D-41D05C4F3F0D}"
EndProject
Project("{FAE04EC0-301F-11D3-BF4B-00C04F79EFBC}") = "PullToRefresh.iOS", "PullToRefresh\PullToRefresh.iOS\PullToRefresh.iOS.csproj", "{8C1E1AE0-2F79-4131-BC57-9723DFAC39C1}"
EndProject
Project("{FAE04EC0-301F-11D3-BF4B-00C04F79EFBC}") = "PullToRefresh.Droid", "PullToRefresh\PullToRefresh.Droid\PullToRefresh.Droid.csproj", "{3DBA415A-A7B3-414D-B698-064A20D99610}"
EndProject
Project("{FAE04EC0-301F-11D3-BF4B-00C04F79EFBC}") = "PullToRefresh.WinPhone", "PullToRefresh\PullToRefresh.WinPhone\PullToRefresh.WinPhone.csproj", "{F9793FDD-3E0A-406A-A8CC-73583EEA506C}"
EndProject
Global
	GlobalSection(SolutionConfigurationPlatforms) = preSolution
		Ad-Hoc|Any CPU = Ad-Hoc|Any CPU
		Ad-Hoc|ARM = Ad-Hoc|ARM
		Ad-Hoc|iPhone = Ad-Hoc|iPhone
		Ad-Hoc|iPhoneSimulator = Ad-Hoc|iPhoneSimulator
		Ad-Hoc|Mixed Platforms = Ad-Hoc|Mixed Platforms
		Ad-Hoc|x86 = Ad-Hoc|x86
		AppStore|Any CPU = AppStore|Any CPU
		AppStore|ARM = AppStore|ARM
		AppStore|iPhone = AppStore|iPhone
		AppStore|iPhoneSimulator = AppStore|iPhoneSimulator
		AppStore|Mixed Platforms = AppStore|Mixed Platforms
		AppStore|x86 = AppStore|x86
		Debug|Any CPU = Debug|Any CPU
		Debug|ARM = Debug|ARM
		Debug|iPhone = Debug|iPhone
		Debug|iPhoneSimulator = Debug|iPhoneSimulator
		Debug|Mixed Platforms = Debug|Mixed Platforms
		Debug|x86 = Debug|x86
		Release|Any CPU = Release|Any CPU
		Release|ARM = Release|ARM
		Release|iPhone = Release|iPhone
		Release|iPhoneSimulator = Release|iPhoneSimulator
		Release|Mixed Platforms = Release|Mixed Platforms
		Release|x86 = Release|x86
	EndGlobalSection
	GlobalSection(ProjectConfigurationPlatforms) = postSolution
		{7BE2FB73-10F0-4C8B-8B9D-41D05C4F3F0D}.Ad-Hoc|Any CPU.ActiveCfg = Release|Any CPU
		{7BE2FB73-10F0-4C8B-8B9D-41D05C4F3F0D}.Ad-Hoc|Any CPU.Build.0 = Release|Any CPU
		{7BE2FB73-10F0-4C8B-8B9D-41D05C4F3F0D}.Ad-Hoc|ARM.ActiveCfg = Release|Any CPU
		{7BE2FB73-10F0-4C8B-8B9D-41D05C4F3F0D}.Ad-Hoc|iPhone.ActiveCfg = Release|Any CPU
		{7BE2FB73-10F0-4C8B-8B9D-41D05C4F3F0D}.Ad-Hoc|iPhoneSimulator.ActiveCfg = Release|Any CPU
		{7BE2FB73-10F0-4C8B-8B9D-41D05C4F3F0D}.Ad-Hoc|Mixed Platforms.ActiveCfg = Release|Any CPU
		{7BE2FB73-10F0-4C8B-8B9D-41D05C4F3F0D}.Ad-Hoc|Mixed Platforms.Build.0 = Release|Any CPU
		{7BE2FB73-10F0-4C8B-8B9D-41D05C4F3F0D}.Ad-Hoc|x86.ActiveCfg = Release|Any CPU
		{7BE2FB73-10F0-4C8B-8B9D-41D05C4F3F0D}.AppStore|Any CPU.ActiveCfg = Release|Any CPU
		{7BE2FB73-10F0-4C8B-8B9D-41D05C4F3F0D}.AppStore|Any CPU.Build.0 = Release|Any CPU
		{7BE2FB73-10F0-4C8B-8B9D-41D05C4F3F0D}.AppStore|ARM.ActiveCfg = Release|Any CPU
		{7BE2FB73-10F0-4C8B-8B9D-41D05C4F3F0D}.AppStore|iPhone.ActiveCfg = Release|Any CPU
		{7BE2FB73-10F0-4C8B-8B9D-41D05C4F3F0D}.AppStore|iPhoneSimulator.ActiveCfg = Release|Any CPU
		{7BE2FB73-10F0-4C8B-8B9D-41D05C4F3F0D}.AppStore|Mixed Platforms.ActiveCfg = Release|Any CPU
		{7BE2FB73-10F0-4C8B-8B9D-41D05C4F3F0D}.AppStore|Mixed Platforms.Build.0 = Release|Any CPU
		{7BE2FB73-10F0-4C8B-8B9D-41D05C4F3F0D}.AppStore|x86.ActiveCfg = Release|Any CPU
		{7BE2FB73-10F0-4C8B-8B9D-41D05C4F3F0D}.Debug|Any CPU.ActiveCfg = Debug|Any CPU
		{7BE2FB73-10F0-4C8B-8B9D-41D05C4F3F0D}.Debug|Any CPU.Build.0 = Debug|Any CPU
		{7BE2FB73-10F0-4C8B-8B9D-41D05C4F3F0D}.Debug|ARM.ActiveCfg = Debug|Any CPU
		{7BE2FB73-10F0-4C8B-8B9D-41D05C4F3F0D}.Debug|iPhone.ActiveCfg = Debug|Any CPU
		{7BE2FB73-10F0-4C8B-8B9D-41D05C4F3F0D}.Debug|iPhoneSimulator.ActiveCfg = Debug|Any CPU
		{7BE2FB73-10F0-4C8B-8B9D-41D05C4F3F0D}.Debug|Mixed Platforms.ActiveCfg = Debug|Any CPU
		{7BE2FB73-10F0-4C8B-8B9D-41D05C4F3F0D}.Debug|Mixed Platforms.Build.0 = Debug|Any CPU
		{7BE2FB73-10F0-4C8B-8B9D-41D05C4F3F0D}.Debug|x86.ActiveCfg = Debug|Any CPU
		{7BE2FB73-10F0-4C8B-8B9D-41D05C4F3F0D}.Release|Any CPU.ActiveCfg = Release|Any CPU
		{7BE2FB73-10F0-4C8B-8B9D-41D05C4F3F0D}.Release|Any CPU.Build.0 = Release|Any CPU
		{7BE2FB73-10F0-4C8B-8B9D-41D05C4F3F0D}.Release|ARM.ActiveCfg = Release|Any CPU
		{7BE2FB73-10F0-4C8B-8B9D-41D05C4F3F0D}.Release|iPhone.ActiveCfg = Release|Any CPU
		{7BE2FB73-10F0-4C8B-8B9D-41D05C4F3F0D}.Release|iPhoneSimulator.ActiveCfg = Release|Any CPU
		{7BE2FB73-10F0-4C8B-8B9D-41D05C4F3F0D}.Release|Mixed Platforms.ActiveCfg = Release|Any CPU
		{7BE2FB73-10F0-4C8B-8B9D-41D05C4F3F0D}.Release|Mixed Platforms.Build.0 = Release|Any CPU
		{7BE2FB73-10F0-4C8B-8B9D-41D05C4F3F0D}.Release|x86.ActiveCfg = Release|Any CPU
		{8C1E1AE0-2F79-4131-BC57-9723DFAC39C1}.Ad-Hoc|Any CPU.ActiveCfg = Ad-Hoc|iPhone
		{8C1E1AE0-2F79-4131-BC57-9723DFAC39C1}.Ad-Hoc|ARM.ActiveCfg = Ad-Hoc|iPhone
		{8C1E1AE0-2F79-4131-BC57-9723DFAC39C1}.Ad-Hoc|iPhone.ActiveCfg = Ad-Hoc|iPhone
		{8C1E1AE0-2F79-4131-BC57-9723DFAC39C1}.Ad-Hoc|iPhone.Build.0 = Ad-Hoc|iPhone
		{8C1E1AE0-2F79-4131-BC57-9723DFAC39C1}.Ad-Hoc|iPhoneSimulator.ActiveCfg = Ad-Hoc|iPhoneSimulator
		{8C1E1AE0-2F79-4131-BC57-9723DFAC39C1}.Ad-Hoc|iPhoneSimulator.Build.0 = Ad-Hoc|iPhoneSimulator
		{8C1E1AE0-2F79-4131-BC57-9723DFAC39C1}.Ad-Hoc|Mixed Platforms.ActiveCfg = Ad-Hoc|iPhone
		{8C1E1AE0-2F79-4131-BC57-9723DFAC39C1}.Ad-Hoc|Mixed Platforms.Build.0 = Ad-Hoc|iPhone
		{8C1E1AE0-2F79-4131-BC57-9723DFAC39C1}.Ad-Hoc|x86.ActiveCfg = Ad-Hoc|iPhone
		{8C1E1AE0-2F79-4131-BC57-9723DFAC39C1}.AppStore|Any CPU.ActiveCfg = AppStore|iPhone
		{8C1E1AE0-2F79-4131-BC57-9723DFAC39C1}.AppStore|ARM.ActiveCfg = AppStore|iPhone
		{8C1E1AE0-2F79-4131-BC57-9723DFAC39C1}.AppStore|iPhone.ActiveCfg = AppStore|iPhone
		{8C1E1AE0-2F79-4131-BC57-9723DFAC39C1}.AppStore|iPhone.Build.0 = AppStore|iPhone
		{8C1E1AE0-2F79-4131-BC57-9723DFAC39C1}.AppStore|iPhoneSimulator.ActiveCfg = AppStore|iPhoneSimulator
		{8C1E1AE0-2F79-4131-BC57-9723DFAC39C1}.AppStore|iPhoneSimulator.Build.0 = AppStore|iPhoneSimulator
		{8C1E1AE0-2F79-4131-BC57-9723DFAC39C1}.AppStore|Mixed Platforms.ActiveCfg = AppStore|iPhone
		{8C1E1AE0-2F79-4131-BC57-9723DFAC39C1}.AppStore|Mixed Platforms.Build.0 = AppStore|iPhone
		{8C1E1AE0-2F79-4131-BC57-9723DFAC39C1}.AppStore|x86.ActiveCfg = AppStore|iPhone
		{8C1E1AE0-2F79-4131-BC57-9723DFAC39C1}.Debug|Any CPU.ActiveCfg = Debug|iPhone
		{8C1E1AE0-2F79-4131-BC57-9723DFAC39C1}.Debug|ARM.ActiveCfg = Debug|iPhone
		{8C1E1AE0-2F79-4131-BC57-9723DFAC39C1}.Debug|iPhone.ActiveCfg = Debug|iPhone
		{8C1E1AE0-2F79-4131-BC57-9723DFAC39C1}.Debug|iPhone.Build.0 = Debug|iPhone
		{8C1E1AE0-2F79-4131-BC57-9723DFAC39C1}.Debug|iPhoneSimulator.ActiveCfg = Debug|iPhoneSimulator
		{8C1E1AE0-2F79-4131-BC57-9723DFAC39C1}.Debug|iPhoneSimulator.Build.0 = Debug|iPhoneSimulator
		{8C1E1AE0-2F79-4131-BC57-9723DFAC39C1}.Debug|Mixed Platforms.ActiveCfg = Debug|iPhone
		{8C1E1AE0-2F79-4131-BC57-9723DFAC39C1}.Debug|Mixed Platforms.Build.0 = Debug|iPhone
		{8C1E1AE0-2F79-4131-BC57-9723DFAC39C1}.Debug|x86.ActiveCfg = Debug|iPhone
		{8C1E1AE0-2F79-4131-BC57-9723DFAC39C1}.Release|Any CPU.ActiveCfg = Release|iPhone
		{8C1E1AE0-2F79-4131-BC57-9723DFAC39C1}.Release|ARM.ActiveCfg = Release|iPhone
		{8C1E1AE0-2F79-4131-BC57-9723DFAC39C1}.Release|iPhone.ActiveCfg = Release|iPhone
		{8C1E1AE0-2F79-4131-BC57-9723DFAC39C1}.Release|iPhone.Build.0 = Release|iPhone
		{8C1E1AE0-2F79-4131-BC57-9723DFAC39C1}.Release|iPhoneSimulator.ActiveCfg = Release|iPhoneSimulator
		{8C1E1AE0-2F79-4131-BC57-9723DFAC39C1}.Release|iPhoneSimulator.Build.0 = Release|iPhoneSimulator
		{8C1E1AE0-2F79-4131-BC57-9723DFAC39C1}.Release|Mixed Platforms.ActiveCfg = Release|iPhone
		{8C1E1AE0-2F79-4131-BC57-9723DFAC39C1}.Release|Mixed Platforms.Build.0 = Release|iPhone
		{8C1E1AE0-2F79-4131-BC57-9723DFAC39C1}.Release|x86.ActiveCfg = Release|iPhone
		{3DBA415A-A7B3-414D-B698-064A20D99610}.Ad-Hoc|Any CPU.ActiveCfg = Release|Any CPU
		{3DBA415A-A7B3-414D-B698-064A20D99610}.Ad-Hoc|Any CPU.Build.0 = Release|Any CPU
		{3DBA415A-A7B3-414D-B698-064A20D99610}.Ad-Hoc|Any CPU.Deploy.0 = Release|Any CPU
		{3DBA415A-A7B3-414D-B698-064A20D99610}.Ad-Hoc|ARM.ActiveCfg = Release|Any CPU
		{3DBA415A-A7B3-414D-B698-064A20D99610}.Ad-Hoc|iPhone.ActiveCfg = Release|Any CPU
		{3DBA415A-A7B3-414D-B698-064A20D99610}.Ad-Hoc|iPhoneSimulator.ActiveCfg = Release|Any CPU
		{3DBA415A-A7B3-414D-B698-064A20D99610}.Ad-Hoc|Mixed Platforms.ActiveCfg = Release|Any CPU
		{3DBA415A-A7B3-414D-B698-064A20D99610}.Ad-Hoc|Mixed Platforms.Build.0 = Release|Any CPU
		{3DBA415A-A7B3-414D-B698-064A20D99610}.Ad-Hoc|Mixed Platforms.Deploy.0 = Release|Any CPU
		{3DBA415A-A7B3-414D-B698-064A20D99610}.Ad-Hoc|x86.ActiveCfg = Release|Any CPU
		{3DBA415A-A7B3-414D-B698-064A20D99610}.AppStore|Any CPU.ActiveCfg = Release|Any CPU
		{3DBA415A-A7B3-414D-B698-064A20D99610}.AppStore|Any CPU.Build.0 = Release|Any CPU
		{3DBA415A-A7B3-414D-B698-064A20D99610}.AppStore|Any CPU.Deploy.0 = Release|Any CPU
		{3DBA415A-A7B3-414D-B698-064A20D99610}.AppStore|ARM.ActiveCfg = Release|Any CPU
		{3DBA415A-A7B3-414D-B698-064A20D99610}.AppStore|iPhone.ActiveCfg = Release|Any CPU
		{3DBA415A-A7B3-414D-B698-064A20D99610}.AppStore|iPhoneSimulator.ActiveCfg = Release|Any CPU
		{3DBA415A-A7B3-414D-B698-064A20D99610}.AppStore|Mixed Platforms.ActiveCfg = Release|Any CPU
		{3DBA415A-A7B3-414D-B698-064A20D99610}.AppStore|Mixed Platforms.Build.0 = Release|Any CPU
		{3DBA415A-A7B3-414D-B698-064A20D99610}.AppStore|Mixed Platforms.Deploy.0 = Release|Any CPU
		{3DBA415A-A7B3-414D-B698-064A20D99610}.AppStore|x86.ActiveCfg = Release|Any CPU
		{3DBA415A-A7B3-414D-B698-064A20D99610}.Debug|Any CPU.ActiveCfg = Debug|Any CPU
		{3DBA415A-A7B3-414D-B698-064A20D99610}.Debug|Any CPU.Build.0 = Debug|Any CPU
		{3DBA415A-A7B3-414D-B698-064A20D99610}.Debug|Any CPU.Deploy.0 = Debug|Any CPU
		{3DBA415A-A7B3-414D-B698-064A20D99610}.Debug|ARM.ActiveCfg = Debug|Any CPU
		{3DBA415A-A7B3-414D-B698-064A20D99610}.Debug|iPhone.ActiveCfg = Debug|Any CPU
		{3DBA415A-A7B3-414D-B698-064A20D99610}.Debug|iPhoneSimulator.ActiveCfg = Debug|Any CPU
		{3DBA415A-A7B3-414D-B698-064A20D99610}.Debug|Mixed Platforms.ActiveCfg = Debug|Any CPU
		{3DBA415A-A7B3-414D-B698-064A20D99610}.Debug|Mixed Platforms.Build.0 = Debug|Any CPU
		{3DBA415A-A7B3-414D-B698-064A20D99610}.Debug|Mixed Platforms.Deploy.0 = Debug|Any CPU
		{3DBA415A-A7B3-414D-B698-064A20D99610}.Debug|x86.ActiveCfg = Debug|Any CPU
		{3DBA415A-A7B3-414D-B698-064A20D99610}.Release|Any CPU.ActiveCfg = Release|Any CPU
		{3DBA415A-A7B3-414D-B698-064A20D99610}.Release|Any CPU.Build.0 = Release|Any CPU
		{3DBA415A-A7B3-414D-B698-064A20D99610}.Release|Any CPU.Deploy.0 = Release|Any CPU
		{3DBA415A-A7B3-414D-B698-064A20D99610}.Release|ARM.ActiveCfg = Release|Any CPU
		{3DBA415A-A7B3-414D-B698-064A20D99610}.Release|iPhone.ActiveCfg = Release|Any CPU
		{3DBA415A-A7B3-414D-B698-064A20D99610}.Release|iPhoneSimulator.ActiveCfg = Release|Any CPU
		{3DBA415A-A7B3-414D-B698-064A20D99610}.Release|Mixed Platforms.ActiveCfg = Release|Any CPU
		{3DBA415A-A7B3-414D-B698-064A20D99610}.Release|Mixed Platforms.Build.0 = Release|Any CPU
		{3DBA415A-A7B3-414D-B698-064A20D99610}.Release|Mixed Platforms.Deploy.0 = Release|Any CPU
		{3DBA415A-A7B3-414D-B698-064A20D99610}.Release|x86.ActiveCfg = Release|Any CPU
		{F9793FDD-3E0A-406A-A8CC-73583EEA506C}.Ad-Hoc|Any CPU.ActiveCfg = Release|Any CPU
		{F9793FDD-3E0A-406A-A8CC-73583EEA506C}.Ad-Hoc|Any CPU.Build.0 = Release|Any CPU
		{F9793FDD-3E0A-406A-A8CC-73583EEA506C}.Ad-Hoc|Any CPU.Deploy.0 = Release|Any CPU
		{F9793FDD-3E0A-406A-A8CC-73583EEA506C}.Ad-Hoc|ARM.ActiveCfg = Release|ARM
		{F9793FDD-3E0A-406A-A8CC-73583EEA506C}.Ad-Hoc|ARM.Build.0 = Release|ARM
		{F9793FDD-3E0A-406A-A8CC-73583EEA506C}.Ad-Hoc|ARM.Deploy.0 = Release|ARM
		{F9793FDD-3E0A-406A-A8CC-73583EEA506C}.Ad-Hoc|iPhone.ActiveCfg = Release|Any CPU
		{F9793FDD-3E0A-406A-A8CC-73583EEA506C}.Ad-Hoc|iPhoneSimulator.ActiveCfg = Release|Any CPU
		{F9793FDD-3E0A-406A-A8CC-73583EEA506C}.Ad-Hoc|Mixed Platforms.ActiveCfg = Release|x86
		{F9793FDD-3E0A-406A-A8CC-73583EEA506C}.Ad-Hoc|Mixed Platforms.Build.0 = Release|x86
		{F9793FDD-3E0A-406A-A8CC-73583EEA506C}.Ad-Hoc|Mixed Platforms.Deploy.0 = Release|x86
		{F9793FDD-3E0A-406A-A8CC-73583EEA506C}.Ad-Hoc|x86.ActiveCfg = Release|x86
		{F9793FDD-3E0A-406A-A8CC-73583EEA506C}.Ad-Hoc|x86.Build.0 = Release|x86
		{F9793FDD-3E0A-406A-A8CC-73583EEA506C}.Ad-Hoc|x86.Deploy.0 = Release|x86
		{F9793FDD-3E0A-406A-A8CC-73583EEA506C}.AppStore|Any CPU.ActiveCfg = Release|Any CPU
		{F9793FDD-3E0A-406A-A8CC-73583EEA506C}.AppStore|Any CPU.Build.0 = Release|Any CPU
		{F9793FDD-3E0A-406A-A8CC-73583EEA506C}.AppStore|Any CPU.Deploy.0 = Release|Any CPU
		{F9793FDD-3E0A-406A-A8CC-73583EEA506C}.AppStore|ARM.ActiveCfg = Release|ARM
		{F9793FDD-3E0A-406A-A8CC-73583EEA506C}.AppStore|ARM.Build.0 = Release|ARM
		{F9793FDD-3E0A-406A-A8CC-73583EEA506C}.AppStore|ARM.Deploy.0 = Release|ARM
		{F9793FDD-3E0A-406A-A8CC-73583EEA506C}.AppStore|iPhone.ActiveCfg = Release|Any CPU
		{F9793FDD-3E0A-406A-A8CC-73583EEA506C}.AppStore|iPhoneSimulator.ActiveCfg = Release|Any CPU
		{F9793FDD-3E0A-406A-A8CC-73583EEA506C}.AppStore|Mixed Platforms.ActiveCfg = Release|x86
		{F9793FDD-3E0A-406A-A8CC-73583EEA506C}.AppStore|Mixed Platforms.Build.0 = Release|x86
		{F9793FDD-3E0A-406A-A8CC-73583EEA506C}.AppStore|Mixed Platforms.Deploy.0 = Release|x86
		{F9793FDD-3E0A-406A-A8CC-73583EEA506C}.AppStore|x86.ActiveCfg = Release|x86
		{F9793FDD-3E0A-406A-A8CC-73583EEA506C}.AppStore|x86.Build.0 = Release|x86
		{F9793FDD-3E0A-406A-A8CC-73583EEA506C}.AppStore|x86.Deploy.0 = Release|x86
		{F9793FDD-3E0A-406A-A8CC-73583EEA506C}.Debug|Any CPU.ActiveCfg = Debug|Any CPU
		{F9793FDD-3E0A-406A-A8CC-73583EEA506C}.Debug|Any CPU.Build.0 = Debug|Any CPU
		{F9793FDD-3E0A-406A-A8CC-73583EEA506C}.Debug|Any CPU.Deploy.0 = Debug|Any CPU
		{F9793FDD-3E0A-406A-A8CC-73583EEA506C}.Debug|ARM.ActiveCfg = Debug|ARM
		{F9793FDD-3E0A-406A-A8CC-73583EEA506C}.Debug|ARM.Build.0 = Debug|ARM
		{F9793FDD-3E0A-406A-A8CC-73583EEA506C}.Debug|ARM.Deploy.0 = Debug|ARM
		{F9793FDD-3E0A-406A-A8CC-73583EEA506C}.Debug|iPhone.ActiveCfg = Debug|Any CPU
		{F9793FDD-3E0A-406A-A8CC-73583EEA506C}.Debug|iPhoneSimulator.ActiveCfg = Debug|Any CPU
		{F9793FDD-3E0A-406A-A8CC-73583EEA506C}.Debug|Mixed Platforms.ActiveCfg = Debug|x86
		{F9793FDD-3E0A-406A-A8CC-73583EEA506C}.Debug|Mixed Platforms.Build.0 = Debug|x86
		{F9793FDD-3E0A-406A-A8CC-73583EEA506C}.Debug|Mixed Platforms.Deploy.0 = Debug|x86
		{F9793FDD-3E0A-406A-A8CC-73583EEA506C}.Debug|x86.ActiveCfg = Debug|x86
		{F9793FDD-3E0A-406A-A8CC-73583EEA506C}.Debug|x86.Build.0 = Debug|x86
		{F9793FDD-3E0A-406A-A8CC-73583EEA506C}.Debug|x86.Deploy.0 = Debug|x86
		{F9793FDD-3E0A-406A-A8CC-73583EEA506C}.Release|Any CPU.ActiveCfg = Release|Any CPU
		{F9793FDD-3E0A-406A-A8CC-73583EEA506C}.Release|Any CPU.Build.0 = Release|Any CPU
		{F9793FDD-3E0A-406A-A8CC-73583EEA506C}.Release|Any CPU.Deploy.0 = Release|Any CPU
		{F9793FDD-3E0A-406A-A8CC-73583EEA506C}.Release|ARM.ActiveCfg = Release|ARM
		{F9793FDD-3E0A-406A-A8CC-73583EEA506C}.Release|ARM.Build.0 = Release|ARM
		{F9793FDD-3E0A-406A-A8CC-73583EEA506C}.Release|ARM.Deploy.0 = Release|ARM
		{F9793FDD-3E0A-406A-A8CC-73583EEA506C}.Release|iPhone.ActiveCfg = Release|Any CPU
		{F9793FDD-3E0A-406A-A8CC-73583EEA506C}.Release|iPhoneSimulator.ActiveCfg = Release|Any CPU
		{F9793FDD-3E0A-406A-A8CC-73583EEA506C}.Release|Mixed Platforms.ActiveCfg = Release|x86
		{F9793FDD-3E0A-406A-A8CC-73583EEA506C}.Release|Mixed Platforms.Build.0 = Release|x86
		{F9793FDD-3E0A-406A-A8CC-73583EEA506C}.Release|Mixed Platforms.Deploy.0 = Release|x86
		{F9793FDD-3E0A-406A-A8CC-73583EEA506C}.Release|x86.ActiveCfg = Release|x86
		{F9793FDD-3E0A-406A-A8CC-73583EEA506C}.Release|x86.Build.0 = Release|x86
		{F9793FDD-3E0A-406A-A8CC-73583EEA506C}.Release|x86.Deploy.0 = Release|x86
	EndGlobalSection
	GlobalSection(SolutionProperties) = preSolution
		HideSolutionNode = FALSE
	EndGlobalSection
EndGlobal
